{
  "version": 4,
  "terraform_version": "1.14.1",
  "serial": 43,
  "lineage": "b95202c7-1f7b-05ae-1fbd-865812fc7931",
  "outputs": {
    "alb_dns": {
      "value": "3tier-alb-628587922.eu-west-1.elb.amazonaws.com",
      "type": "string"
    },
    "asg_name": {
      "value": "3tier-app-asg",
      "type": "string"
    },
    "launch_template_id": {
      "value": "lt-0e352bed221d64902",
      "type": "string"
    },
    "rds_endpoint": {
      "value": "db-3tier.c7ua0ykiq7qr.eu-west-1.rds.amazonaws.com",
      "type": "string"
    }
  },
  "resources": [
    {
      "module": "module.alb",
      "mode": "managed",
      "type": "aws_lb",
      "name": "Abraham",
      "provider": "provider[\"registry.terraform.io/hashicorp/aws\"]",
      "instances": [
        {
          "schema_version": 0,
          "attributes": {
            "access_logs": [
              {
                "bucket": "",
                "enabled": false,
                "prefix": ""
              }
            ],
            "arn": "arn:aws:elasticloadbalancing:eu-west-1:697863031884:loadbalancer/app/3tier-alb/44c6a9390a6cceae",
            "arn_suffix": "app/3tier-alb/44c6a9390a6cceae",
            "client_keep_alive": 3600,
            "connection_logs": [
              {
                "bucket": "",
                "enabled": false,
                "prefix": ""
              }
            ],
            "customer_owned_ipv4_pool": "",
            "desync_mitigation_mode": "defensive",
            "dns_name": "3tier-alb-628587922.eu-west-1.elb.amazonaws.com",
            "dns_record_client_routing_policy": null,
            "drop_invalid_header_fields": false,
            "enable_cross_zone_load_balancing": true,
            "enable_deletion_protection": false,
            "enable_http2": true,
            "enable_tls_version_and_cipher_suite_headers": false,
            "enable_waf_fail_open": false,
            "enable_xff_client_port": false,
            "enable_zonal_shift": false,
            "enforce_security_group_inbound_rules_on_private_link_traffic": "",
            "health_check_logs": [
              {
                "bucket": "",
                "enabled": false,
                "prefix": ""
              }
            ],
            "id": "arn:aws:elasticloadbalancing:eu-west-1:697863031884:loadbalancer/app/3tier-alb/44c6a9390a6cceae",
            "idle_timeout": 60,
            "internal": false,
            "ip_address_type": "ipv4",
            "ipam_pools": [],
            "load_balancer_type": "application",
            "minimum_load_balancer_capacity": [],
            "name": "3tier-alb",
            "name_prefix": "",
            "preserve_host_header": false,
            "region": "eu-west-1",
            "secondary_ips_auto_assigned_per_subnet": null,
            "security_groups": [
              "sg-0b3f89674096ac6e0"
            ],
            "subnet_mapping": [
              {
                "allocation_id": "",
                "ipv6_address": "",
                "outpost_id": "",
                "private_ipv4_address": "",
                "subnet_id": "subnet-063ff9b7d77243c5d"
              },
              {
                "allocation_id": "",
                "ipv6_address": "",
                "outpost_id": "",
                "private_ipv4_address": "",
                "subnet_id": "subnet-070e2b5ff96b91757"
              }
            ],
            "subnets": [
              "subnet-063ff9b7d77243c5d",
              "subnet-070e2b5ff96b91757"
            ],
            "tags": {
              "Environment": "dev",
              "Name": "3tier-alb",
              "Owner": "your_name",
              "Project": "3tier-iac"
            },
            "tags_all": {
              "Environment": "dev",
              "Name": "3tier-alb",
              "Owner": "your_name",
              "Project": "3tier-iac"
            },
            "timeouts": null,
            "vpc_id": "vpc-0d0261787f7d1e1b3",
            "xff_header_processing_mode": "append",
            "zone_id": "Z32O12XQLNTSW2"
          },
          "sensitive_attributes": [],
          "identity_schema_version": 0,
          "identity": {
            "arn": "arn:aws:elasticloadbalancing:eu-west-1:697863031884:loadbalancer/app/3tier-alb/44c6a9390a6cceae"
          },
          "private": "eyJlMmJmYjczMC1lY2FhLTExZTYtOGY4OC0zNDM2M2JjN2M0YzAiOnsiY3JlYXRlIjo2MDAwMDAwMDAwMDAsImRlbGV0ZSI6NjAwMDAwMDAwMDAwLCJ1cGRhdGUiOjYwMDAwMDAwMDAwMH19",
          "dependencies": [
            "module.networking.aws_eip.nat",
            "module.networking.aws_internet_gateway.igw",
            "module.networking.aws_nat_gateway.nat",
            "module.networking.aws_route_table.app",
            "module.networking.aws_route_table.db",
            "module.networking.aws_route_table.public",
            "module.networking.aws_route_table_association.app",
            "module.networking.aws_route_table_association.db",
            "module.networking.aws_route_table_association.public",
            "module.networking.aws_subnet.private_app",
            "module.networking.aws_subnet.private_db",
            "module.networking.aws_subnet.public",
            "module.networking.aws_vpc.Abraham",
            "module.security.aws_security_group.app",
            "module.security.aws_security_group.db",
            "module.security.aws_security_group.web",
            "module.security.aws_vpc_security_group_egress_rule.app_all",
            "module.security.aws_vpc_security_group_egress_rule.db_all",
            "module.security.aws_vpc_security_group_egress_rule.web_all",
            "module.security.aws_vpc_security_group_ingress_rule.app_http",
            "module.security.aws_vpc_security_group_ingress_rule.app_icmp",
            "module.security.aws_vpc_security_group_ingress_rule.db_icmp",
            "module.security.aws_vpc_security_group_ingress_rule.db_mysql",
            "module.security.aws_vpc_security_group_ingress_rule.web_http",
            "module.security.aws_vpc_security_group_ingress_rule.web_icmp"
          ],
          "create_before_destroy": true
        }
      ]
    },
    {
      "module": "module.alb",
      "mode": "managed",
      "type": "aws_lb_listener",
      "name": "Abraham",
      "provider": "provider[\"registry.terraform.io/hashicorp/aws\"]",
      "instances": [
        {
          "schema_version": 0,
          "attributes": {
            "alpn_policy": null,
            "arn": "arn:aws:elasticloadbalancing:eu-west-1:697863031884:listener/app/3tier-alb/44c6a9390a6cceae/58cb3274d9b04e56",
            "certificate_arn": null,
            "default_action": [
              {
                "authenticate_cognito": [],
                "authenticate_oidc": [],
                "fixed_response": [],
                "forward": [],
                "jwt_validation": [],
                "order": 1,
                "redirect": [],
                "target_group_arn": "arn:aws:elasticloadbalancing:eu-west-1:697863031884:targetgroup/3tier-tg/26cc4b3d5c27a771",
                "type": "forward"
              }
            ],
            "id": "arn:aws:elasticloadbalancing:eu-west-1:697863031884:listener/app/3tier-alb/44c6a9390a6cceae/58cb3274d9b04e56",
            "load_balancer_arn": "arn:aws:elasticloadbalancing:eu-west-1:697863031884:loadbalancer/app/3tier-alb/44c6a9390a6cceae",
            "mutual_authentication": [],
            "port": 80,
            "protocol": "HTTP",
            "region": "eu-west-1",
            "routing_http_request_x_amzn_mtls_clientcert_header_name": null,
            "routing_http_request_x_amzn_mtls_clientcert_issuer_header_name": null,
            "routing_http_request_x_amzn_mtls_clientcert_leaf_header_name": null,
            "routing_http_request_x_amzn_mtls_clientcert_serial_number_header_name": null,
            "routing_http_request_x_amzn_mtls_clientcert_subject_header_name": null,
            "routing_http_request_x_amzn_mtls_clientcert_validity_header_name": null,
            "routing_http_request_x_amzn_tls_cipher_suite_header_name": null,
            "routing_http_request_x_amzn_tls_version_header_name": null,
            "routing_http_response_access_control_allow_credentials_header_value": "",
            "routing_http_response_access_control_allow_headers_header_value": "",
            "routing_http_response_access_control_allow_methods_header_value": "",
            "routing_http_response_access_control_allow_origin_header_value": "",
            "routing_http_response_access_control_expose_headers_header_value": "",
            "routing_http_response_access_control_max_age_header_value": "",
            "routing_http_response_content_security_policy_header_value": "",
            "routing_http_response_server_enabled": true,
            "routing_http_response_strict_transport_security_header_value": "",
            "routing_http_response_x_content_type_options_header_value": "",
            "routing_http_response_x_frame_options_header_value": "",
            "ssl_policy": "",
            "tags": null,
            "tags_all": {},
            "tcp_idle_timeout_seconds": null,
            "timeouts": null
          },
          "sensitive_attributes": [],
          "identity_schema_version": 0,
          "identity": {
            "arn": "arn:aws:elasticloadbalancing:eu-west-1:697863031884:listener/app/3tier-alb/44c6a9390a6cceae/58cb3274d9b04e56"
          },
          "private": "eyJlMmJmYjczMC1lY2FhLTExZTYtOGY4OC0zNDM2M2JjN2M0YzAiOnsiY3JlYXRlIjozMDAwMDAwMDAwMDAsInVwZGF0ZSI6MzAwMDAwMDAwMDAwfX0=",
          "dependencies": [
            "module.alb.aws_lb.Abraham",
            "module.alb.aws_lb_target_group.Abraham",
            "module.networking.aws_eip.nat",
            "module.networking.aws_internet_gateway.igw",
            "module.networking.aws_nat_gateway.nat",
            "module.networking.aws_route_table.app",
            "module.networking.aws_route_table.db",
            "module.networking.aws_route_table.public",
            "module.networking.aws_route_table_association.app",
            "module.networking.aws_route_table_association.db",
            "module.networking.aws_route_table_association.public",
            "module.networking.aws_subnet.private_app",
            "module.networking.aws_subnet.private_db",
            "module.networking.aws_subnet.public",
            "module.networking.aws_vpc.Abraham",
            "module.security.aws_security_group.app",
            "module.security.aws_security_group.db",
            "module.security.aws_security_group.web",
            "module.security.aws_vpc_security_group_egress_rule.app_all",
            "module.security.aws_vpc_security_group_egress_rule.db_all",
            "module.security.aws_vpc_security_group_egress_rule.web_all",
            "module.security.aws_vpc_security_group_ingress_rule.app_http",
            "module.security.aws_vpc_security_group_ingress_rule.app_icmp",
            "module.security.aws_vpc_security_group_ingress_rule.db_icmp",
            "module.security.aws_vpc_security_group_ingress_rule.db_mysql",
            "module.security.aws_vpc_security_group_ingress_rule.web_http",
            "module.security.aws_vpc_security_group_ingress_rule.web_icmp"
          ],
          "create_before_destroy": true
        }
      ]
    },
    {
      "module": "module.alb",
      "mode": "managed",
      "type": "aws_lb_target_group",
      "name": "Abraham",
      "provider": "provider[\"registry.terraform.io/hashicorp/aws\"]",
      "instances": [
        {
          "schema_version": 0,
          "attributes": {
            "arn": "arn:aws:elasticloadbalancing:eu-west-1:697863031884:targetgroup/3tier-tg/26cc4b3d5c27a771",
            "arn_suffix": "targetgroup/3tier-tg/26cc4b3d5c27a771",
            "connection_termination": null,
            "deregistration_delay": "300",
            "health_check": [
              {
                "enabled": true,
                "healthy_threshold": 2,
                "interval": 30,
                "matcher": "200-399",
                "path": "/",
                "port": "traffic-port",
                "protocol": "HTTP",
                "timeout": 5,
                "unhealthy_threshold": 2
              }
            ],
            "id": "arn:aws:elasticloadbalancing:eu-west-1:697863031884:targetgroup/3tier-tg/26cc4b3d5c27a771",
            "ip_address_type": "ipv4",
            "lambda_multi_value_headers_enabled": false,
            "load_balancer_arns": [],
            "load_balancing_algorithm_type": "round_robin",
            "load_balancing_anomaly_mitigation": "off",
            "load_balancing_cross_zone_enabled": "use_load_balancer_configuration",
            "name": "3tier-tg",
            "name_prefix": "",
            "port": 80,
            "preserve_client_ip": null,
            "protocol": "HTTP",
            "protocol_version": "HTTP1",
            "proxy_protocol_v2": false,
            "region": "eu-west-1",
            "slow_start": 0,
            "stickiness": [
              {
                "cookie_duration": 86400,
                "cookie_name": "",
                "enabled": false,
                "type": "lb_cookie"
              }
            ],
            "tags": {
              "Environment": "dev",
              "Name": "3tier-tg",
              "Owner": "your_name",
              "Project": "3tier-iac"
            },
            "tags_all": {
              "Environment": "dev",
              "Name": "3tier-tg",
              "Owner": "your_name",
              "Project": "3tier-iac"
            },
            "target_control_port": 0,
            "target_failover": [
              {
                "on_deregistration": null,
                "on_unhealthy": null
              }
            ],
            "target_group_health": [
              {
                "dns_failover": [
                  {
                    "minimum_healthy_targets_count": "1",
                    "minimum_healthy_targets_percentage": "off"
                  }
                ],
                "unhealthy_state_routing": [
                  {
                    "minimum_healthy_targets_count": 1,
                    "minimum_healthy_targets_percentage": "off"
                  }
                ]
              }
            ],
            "target_health_state": [
              {
                "enable_unhealthy_connection_termination": null,
                "unhealthy_draining_interval": null
              }
            ],
            "target_type": "instance",
            "vpc_id": "vpc-0d0261787f7d1e1b3"
          },
          "sensitive_attributes": [],
          "identity_schema_version": 0,
          "identity": {
            "arn": "arn:aws:elasticloadbalancing:eu-west-1:697863031884:targetgroup/3tier-tg/26cc4b3d5c27a771"
          },
          "private": "bnVsbA==",
          "dependencies": [
            "module.networking.aws_eip.nat",
            "module.networking.aws_internet_gateway.igw",
            "module.networking.aws_nat_gateway.nat",
            "module.networking.aws_route_table.app",
            "module.networking.aws_route_table.db",
            "module.networking.aws_route_table.public",
            "module.networking.aws_route_table_association.app",
            "module.networking.aws_route_table_association.db",
            "module.networking.aws_route_table_association.public",
            "module.networking.aws_subnet.private_app",
            "module.networking.aws_subnet.private_db",
            "module.networking.aws_subnet.public",
            "module.networking.aws_vpc.Abraham",
            "module.security.aws_security_group.app",
            "module.security.aws_security_group.db",
            "module.security.aws_security_group.web",
            "module.security.aws_vpc_security_group_egress_rule.app_all",
            "module.security.aws_vpc_security_group_egress_rule.db_all",
            "module.security.aws_vpc_security_group_egress_rule.web_all",
            "module.security.aws_vpc_security_group_ingress_rule.app_http",
            "module.security.aws_vpc_security_group_ingress_rule.app_icmp",
            "module.security.aws_vpc_security_group_ingress_rule.db_icmp",
            "module.security.aws_vpc_security_group_ingress_rule.db_mysql",
            "module.security.aws_vpc_security_group_ingress_rule.web_http",
            "module.security.aws_vpc_security_group_ingress_rule.web_icmp"
          ],
          "create_before_destroy": true
        }
      ]
    },
    {
      "module": "module.compute",
      "mode": "data",
      "type": "aws_ami",
      "name": "ubuntu",
      "provider": "provider[\"registry.terraform.io/hashicorp/aws\"]",
      "instances": [
        {
          "schema_version": 0,
          "attributes": {
            "allow_unsafe_filter": null,
            "architecture": "x86_64",
            "arn": "arn:aws:ec2:eu-west-1::image/ami-0f27749973e2399b6",
            "block_device_mappings": [
              {
                "device_name": "/dev/sda1",
                "ebs": {
                  "delete_on_termination": "true",
                  "encrypted": "false",
                  "iops": "0",
                  "snapshot_id": "snap-0ab7d1be54ced206f",
                  "throughput": "0",
                  "volume_initialization_rate": "0",
                  "volume_size": "8",
                  "volume_type": "gp2"
                },
                "no_device": "",
                "virtual_name": ""
              },
              {
                "device_name": "/dev/sdb",
                "ebs": {},
                "no_device": "",
                "virtual_name": "ephemeral0"
              },
              {
                "device_name": "/dev/sdc",
                "ebs": {},
                "no_device": "",
                "virtual_name": "ephemeral1"
              }
            ],
            "boot_mode": "uefi-preferred",
            "creation_date": "2025-12-12T06:54:16.000Z",
            "deprecation_time": "2027-12-12T06:54:16.000Z",
            "description": "Canonical, Ubuntu, 22.04, amd64 jammy image",
            "ena_support": true,
            "executable_users": null,
            "filter": [
              {
                "name": "name",
                "values": [
                  "ubuntu/images/hvm-ssd/ubuntu-jammy-22.04-amd64-server-*"
                ]
              },
              {
                "name": "virtualization-type",
                "values": [
                  "hvm"
                ]
              }
            ],
            "hypervisor": "xen",
            "id": "ami-0f27749973e2399b6",
            "image_id": "ami-0f27749973e2399b6",
            "image_location": "amazon/ubuntu/images/hvm-ssd/ubuntu-jammy-22.04-amd64-server-20251212",
            "image_owner_alias": "amazon",
            "image_type": "machine",
            "imds_support": "",
            "include_deprecated": false,
            "kernel_id": "",
            "last_launched_time": "",
            "most_recent": true,
            "name": "ubuntu/images/hvm-ssd/ubuntu-jammy-22.04-amd64-server-20251212",
            "name_regex": null,
            "owner_id": "099720109477",
            "owners": [
              "099720109477"
            ],
            "platform": "",
            "platform_details": "Linux/UNIX",
            "product_codes": [],
            "public": true,
            "ramdisk_id": "",
            "region": "eu-west-1",
            "root_device_name": "/dev/sda1",
            "root_device_type": "ebs",
            "root_snapshot_id": "snap-0ab7d1be54ced206f",
            "sriov_net_support": "simple",
            "state": "available",
            "state_reason": {
              "code": "UNSET",
              "message": "UNSET"
            },
            "tags": {},
            "timeouts": null,
            "tpm_support": "",
            "uefi_data": null,
            "usage_operation": "RunInstances",
            "virtualization_type": "hvm"
          },
          "sensitive_attributes": [],
          "identity_schema_version": 0
        }
      ]
    },
    {
      "module": "module.compute",
      "mode": "managed",
      "type": "aws_autoscaling_group",
      "name": "app",
      "provider": "provider[\"registry.terraform.io/hashicorp/aws\"]",
      "instances": [
        {
          "schema_version": 1,
          "attributes": {
            "arn": "arn:aws:autoscaling:eu-west-1:697863031884:autoScalingGroup:0681578b-cd30-4123-9dd6-9059cc164b94:autoScalingGroupName/3tier-app-asg",
            "availability_zone_distribution": [
              {
                "capacity_distribution_strategy": "balanced-best-effort"
              }
            ],
            "availability_zones": [
              "eu-west-1a",
              "eu-west-1b"
            ],
            "capacity_rebalance": false,
            "capacity_reservation_specification": [
              {
                "capacity_reservation_preference": "default",
                "capacity_reservation_target": []
              }
            ],
            "context": "",
            "default_cooldown": 300,
            "default_instance_warmup": 0,
            "desired_capacity": 2,
            "desired_capacity_type": "",
            "enabled_metrics": null,
            "force_delete": false,
            "force_delete_warm_pool": false,
            "health_check_grace_period": 300,
            "health_check_type": "EC2",
            "id": "3tier-app-asg",
            "ignore_failed_scaling_activities": false,
            "initial_lifecycle_hook": [],
            "instance_maintenance_policy": [],
            "instance_refresh": [],
            "launch_configuration": "",
            "launch_template": [
              {
                "id": "lt-0e352bed221d64902",
                "name": "3tier-app-lt-20251216111249760900000008",
                "version": "$Latest"
              }
            ],
            "load_balancers": [],
            "max_instance_lifetime": 0,
            "max_size": 2,
            "metrics_granularity": "1Minute",
            "min_elb_capacity": null,
            "min_size": 2,
            "mixed_instances_policy": [],
            "name": "3tier-app-asg",
            "name_prefix": "",
            "placement_group": "",
            "predicted_capacity": 0,
            "protect_from_scale_in": false,
            "region": "eu-west-1",
            "service_linked_role_arn": "arn:aws:iam::697863031884:role/aws-service-role/autoscaling.amazonaws.com/AWSServiceRoleForAutoScaling",
            "suspended_processes": null,
            "tag": [
              {
                "key": "Name",
                "propagate_at_launch": true,
                "value": "3tier-app-instance"
              }
            ],
            "target_group_arns": [
              "arn:aws:elasticloadbalancing:eu-west-1:697863031884:targetgroup/3tier-tg/26cc4b3d5c27a771"
            ],
            "termination_policies": null,
            "timeouts": null,
            "traffic_source": [
              {
                "identifier": "arn:aws:elasticloadbalancing:eu-west-1:697863031884:targetgroup/3tier-tg/26cc4b3d5c27a771",
                "type": "elbv2"
              }
            ],
            "vpc_zone_identifier": [
              "subnet-057010ff7e7969dd1",
              "subnet-07dcc56a076789aa4"
            ],
            "wait_for_capacity_timeout": "10m",
            "wait_for_elb_capacity": null,
            "warm_pool": [],
            "warm_pool_size": 0
          },
          "sensitive_attributes": [],
          "identity_schema_version": 0,
          "private": "eyJlMmJmYjczMC1lY2FhLTExZTYtOGY4OC0zNDM2M2JjN2M0YzAiOnsiZGVsZXRlIjo2MDAwMDAwMDAwMDAsInVwZGF0ZSI6NjAwMDAwMDAwMDAwfSwic2NoZW1hX3ZlcnNpb24iOiIxIn0=",
          "dependencies": [
            "module.alb.aws_lb.Abraham",
            "module.alb.aws_lb_listener.Abraham",
            "module.alb.aws_lb_target_group.Abraham",
            "module.compute.aws_launch_template.app",
            "module.compute.data.aws_ami.ubuntu",
            "module.networking.aws_eip.nat",
            "module.networking.aws_internet_gateway.igw",
            "module.networking.aws_nat_gateway.nat",
            "module.networking.aws_route_table.app",
            "module.networking.aws_route_table.db",
            "module.networking.aws_route_table.public",
            "module.networking.aws_route_table_association.app",
            "module.networking.aws_route_table_association.db",
            "module.networking.aws_route_table_association.public",
            "module.networking.aws_subnet.private_app",
            "module.networking.aws_subnet.private_db",
            "module.networking.aws_subnet.public",
            "module.networking.aws_vpc.Abraham",
            "module.security.aws_security_group.app",
            "module.security.aws_security_group.db",
            "module.security.aws_security_group.web",
            "module.security.aws_vpc_security_group_egress_rule.app_all",
            "module.security.aws_vpc_security_group_egress_rule.db_all",
            "module.security.aws_vpc_security_group_egress_rule.web_all",
            "module.security.aws_vpc_security_group_ingress_rule.app_http",
            "module.security.aws_vpc_security_group_ingress_rule.app_icmp",
            "module.security.aws_vpc_security_group_ingress_rule.db_icmp",
            "module.security.aws_vpc_security_group_ingress_rule.db_mysql",
            "module.security.aws_vpc_security_group_ingress_rule.web_http",
            "module.security.aws_vpc_security_group_ingress_rule.web_icmp"
          ],
          "create_before_destroy": true
        }
      ]
    },
    {
      "module": "module.compute",
      "mode": "managed",
      "type": "aws_launch_template",
      "name": "app",
      "provider": "provider[\"registry.terraform.io/hashicorp/aws\"]",
      "instances": [
        {
          "schema_version": 1,
          "attributes": {
            "arn": "arn:aws:ec2:eu-west-1:697863031884:launch-template/lt-0e352bed221d64902",
            "block_device_mappings": [],
            "capacity_reservation_specification": [],
            "cpu_options": [],
            "credit_specification": [],
            "default_version": 1,
            "description": "",
            "disable_api_stop": false,
            "disable_api_termination": false,
            "ebs_optimized": "",
            "enclave_options": [],
            "hibernation_options": [],
            "iam_instance_profile": [],
            "id": "lt-0e352bed221d64902",
            "image_id": "ami-0f27749973e2399b6",
            "instance_initiated_shutdown_behavior": "",
            "instance_market_options": [],
            "instance_requirements": [],
            "instance_type": "t3.micro",
            "kernel_id": "",
            "key_name": "",
            "latest_version": 1,
            "license_specification": [],
            "maintenance_options": [],
            "metadata_options": [],
            "monitoring": [],
            "name": "3tier-app-lt-20251216111249760900000008",
            "name_prefix": "3tier-app-lt-",
            "network_interfaces": [],
            "placement": [],
            "private_dns_name_options": [],
            "ram_disk_id": "",
            "region": "eu-west-1",
            "security_group_names": null,
            "tag_specifications": [
              {
                "resource_type": "instance",
                "tags": {
                  "Environment": "dev",
                  "Name": "3tier-app-instance",
                  "Owner": "your_name",
                  "Project": "3tier-iac"
                }
              }
            ],
            "tags": null,
            "tags_all": {},
            "update_default_version": null,
            "user_data": "",
            "vpc_security_group_ids": [
              "sg-08b2c288c5b0bea73"
            ]
          },
          "sensitive_attributes": [],
          "identity_schema_version": 0,
          "private": "eyJzY2hlbWFfdmVyc2lvbiI6IjEifQ==",
          "dependencies": [
            "module.alb.aws_lb.Abraham",
            "module.alb.aws_lb_listener.Abraham",
            "module.alb.aws_lb_target_group.Abraham",
            "module.compute.data.aws_ami.ubuntu",
            "module.networking.aws_eip.nat",
            "module.networking.aws_internet_gateway.igw",
            "module.networking.aws_nat_gateway.nat",
            "module.networking.aws_route_table.app",
            "module.networking.aws_route_table.db",
            "module.networking.aws_route_table.public",
            "module.networking.aws_route_table_association.app",
            "module.networking.aws_route_table_association.db",
            "module.networking.aws_route_table_association.public",
            "module.networking.aws_subnet.private_app",
            "module.networking.aws_subnet.private_db",
            "module.networking.aws_subnet.public",
            "module.networking.aws_vpc.Abraham",
            "module.security.aws_security_group.app",
            "module.security.aws_security_group.db",
            "module.security.aws_security_group.web",
            "module.security.aws_vpc_security_group_egress_rule.app_all",
            "module.security.aws_vpc_security_group_egress_rule.db_all",
            "module.security.aws_vpc_security_group_egress_rule.web_all",
            "module.security.aws_vpc_security_group_ingress_rule.app_http",
            "module.security.aws_vpc_security_group_ingress_rule.app_icmp",
            "module.security.aws_vpc_security_group_ingress_rule.db_icmp",
            "module.security.aws_vpc_security_group_ingress_rule.db_mysql",
            "module.security.aws_vpc_security_group_ingress_rule.web_http",
            "module.security.aws_vpc_security_group_ingress_rule.web_icmp"
          ],
          "create_before_destroy": true
        }
      ]
    },
    {
      "module": "module.database",
      "mode": "managed",
      "type": "aws_db_instance",
      "name": "Ab",
      "provider": "provider[\"registry.terraform.io/hashicorp/aws\"]",
      "instances": [
        {
          "schema_version": 2,
          "attributes": {
            "address": "db-3tier.c7ua0ykiq7qr.eu-west-1.rds.amazonaws.com",
            "allocated_storage": 20,
            "allow_major_version_upgrade": null,
            "apply_immediately": false,
            "arn": "arn:aws:rds:eu-west-1:697863031884:db:db-3tier",
            "auto_minor_version_upgrade": true,
            "availability_zone": "eu-west-1b",
            "backup_retention_period": 0,
            "backup_target": "region",
            "backup_window": "02:43-03:13",
            "blue_green_update": [],
            "ca_cert_identifier": "rds-ca-rsa2048-g1",
            "character_set_name": "",
            "copy_tags_to_snapshot": false,
            "custom_iam_instance_profile": "",
            "customer_owned_ip_enabled": false,
            "database_insights_mode": "standard",
            "db_name": "",
            "db_subnet_group_name": "db-subnet-group-3tier",
            "dedicated_log_volume": false,
            "delete_automated_backups": true,
            "deletion_protection": false,
            "domain": "",
            "domain_auth_secret_arn": "",
            "domain_dns_ips": null,
            "domain_fqdn": "",
            "domain_iam_role_name": "",
            "domain_ou": "",
            "enabled_cloudwatch_logs_exports": null,
            "endpoint": "db-3tier.c7ua0ykiq7qr.eu-west-1.rds.amazonaws.com:3306",
            "engine": "mysql",
            "engine_lifecycle_support": "open-source-rds-extended-support",
            "engine_version": "8.0.43",
            "engine_version_actual": "8.0.43",
            "final_snapshot_identifier": null,
            "hosted_zone_id": "Z29XKXDKYMONMX",
            "iam_database_authentication_enabled": false,
            "id": "db-PSEV3QK7GUY7ORAEMCXISXFFBM",
            "identifier": "db-3tier",
            "identifier_prefix": "",
            "instance_class": "db.t3.micro",
            "iops": 0,
            "kms_key_id": "",
            "latest_restorable_time": "",
            "license_model": "general-public-license",
            "listener_endpoint": [],
            "maintenance_window": "mon:04:49-mon:05:19",
            "manage_master_user_password": null,
            "master_user_secret": [],
            "master_user_secret_kms_key_id": null,
            "max_allocated_storage": 0,
            "monitoring_interval": 0,
            "monitoring_role_arn": "",
            "multi_az": false,
            "nchar_character_set_name": "",
            "network_type": "IPV4",
            "option_group_name": "default:mysql-8-0",
            "parameter_group_name": "default.mysql8.0",
            "password": "ChangeMe123!",
            "password_wo": null,
            "password_wo_version": null,
            "performance_insights_enabled": false,
            "performance_insights_kms_key_id": "",
            "performance_insights_retention_period": 0,
            "port": 3306,
            "publicly_accessible": false,
            "region": "eu-west-1",
            "replica_mode": "",
            "replicas": [],
            "replicate_source_db": "",
            "resource_id": "db-PSEV3QK7GUY7ORAEMCXISXFFBM",
            "restore_to_point_in_time": [],
            "s3_import": [],
            "skip_final_snapshot": true,
            "snapshot_identifier": null,
            "status": "available",
            "storage_encrypted": false,
            "storage_throughput": 0,
            "storage_type": "gp2",
            "tags": {
              "Environment": "dev",
              "Name": "db-3tier",
              "Owner": "your_name",
              "Project": "3tier-iac"
            },
            "tags_all": {
              "Environment": "dev",
              "Name": "db-3tier",
              "Owner": "your_name",
              "Project": "3tier-iac"
            },
            "timeouts": null,
            "timezone": "",
            "upgrade_storage_config": null,
            "username": "admin",
            "vpc_security_group_ids": [
              "sg-002142fc34d506a4e"
            ]
          },
          "sensitive_attributes": [
            [
              {
                "type": "get_attr",
                "value": "password"
              }
            ],
            [
              {
                "type": "get_attr",
                "value": "password_wo"
              }
            ]
          ],
          "identity_schema_version": 0,
          "private": "eyJlMmJmYjczMC1lY2FhLTExZTYtOGY4OC0zNDM2M2JjN2M0YzAiOnsiY3JlYXRlIjozMDAwMDAwMDAwMDAwLCJkZWxldGUiOjM2MDAwMDAwMDAwMDAsInVwZGF0ZSI6NDgwMDAwMDAwMDAwMH0sInNjaGVtYV92ZXJzaW9uIjoiMiJ9",
          "dependencies": [
            "module.database.aws_db_subnet_group.Ab",
            "module.networking.aws_eip.nat",
            "module.networking.aws_internet_gateway.igw",
            "module.networking.aws_nat_gateway.nat",
            "module.networking.aws_route_table.app",
            "module.networking.aws_route_table.db",
            "module.networking.aws_route_table.public",
            "module.networking.aws_route_table_association.app",
            "module.networking.aws_route_table_association.db",
            "module.networking.aws_route_table_association.public",
            "module.networking.aws_subnet.private_app",
            "module.networking.aws_subnet.private_db",
            "module.networking.aws_subnet.public",
            "module.networking.aws_vpc.Abraham",
            "module.security.aws_security_group.app",
            "module.security.aws_security_group.db",
            "module.security.aws_security_group.web",
            "module.security.aws_vpc_security_group_egress_rule.app_all",
            "module.security.aws_vpc_security_group_egress_rule.db_all",
            "module.security.aws_vpc_security_group_egress_rule.web_all",
            "module.security.aws_vpc_security_group_ingress_rule.app_http",
            "module.security.aws_vpc_security_group_ingress_rule.app_icmp",
            "module.security.aws_vpc_security_group_ingress_rule.db_icmp",
            "module.security.aws_vpc_security_group_ingress_rule.db_mysql",
            "module.security.aws_vpc_security_group_ingress_rule.web_http",
            "module.security.aws_vpc_security_group_ingress_rule.web_icmp"
          ]
        }
      ]
    },
    {
      "module": "module.database",
      "mode": "managed",
      "type": "aws_db_subnet_group",
      "name": "Ab",
      "provider": "provider[\"registry.terraform.io/hashicorp/aws\"]",
      "instances": [
        {
          "schema_version": 0,
          "attributes": {
            "arn": "arn:aws:rds:eu-west-1:697863031884:subgrp:db-subnet-group-3tier",
            "description": "Managed by Terraform",
            "id": "db-subnet-group-3tier",
            "name": "db-subnet-group-3tier",
            "name_prefix": "",
            "region": "eu-west-1",
            "subnet_ids": [
              "subnet-038fcfd16f751bd49",
              "subnet-0bb8ef8a3fe555cdd"
            ],
            "supported_network_types": [
              "IPV4"
            ],
            "tags": {
              "Environment": "dev",
              "Name": "db-subnet-group-3tier",
              "Owner": "your_name",
              "Project": "3tier-iac"
            },
            "tags_all": {
              "Environment": "dev",
              "Name": "db-subnet-group-3tier",
              "Owner": "your_name",
              "Project": "3tier-iac"
            },
            "vpc_id": "vpc-0d0261787f7d1e1b3"
          },
          "sensitive_attributes": [],
          "identity_schema_version": 0,
          "private": "bnVsbA==",
          "dependencies": [
            "module.networking.aws_eip.nat",
            "module.networking.aws_internet_gateway.igw",
            "module.networking.aws_nat_gateway.nat",
            "module.networking.aws_route_table.app",
            "module.networking.aws_route_table.db",
            "module.networking.aws_route_table.public",
            "module.networking.aws_route_table_association.app",
            "module.networking.aws_route_table_association.db",
            "module.networking.aws_route_table_association.public",
            "module.networking.aws_subnet.private_app",
            "module.networking.aws_subnet.private_db",
            "module.networking.aws_subnet.public",
            "module.networking.aws_vpc.Abraham",
            "module.security.aws_security_group.app",
            "module.security.aws_security_group.db",
            "module.security.aws_security_group.web",
            "module.security.aws_vpc_security_group_egress_rule.app_all",
            "module.security.aws_vpc_security_group_egress_rule.db_all",
            "module.security.aws_vpc_security_group_egress_rule.web_all",
            "module.security.aws_vpc_security_group_ingress_rule.app_http",
            "module.security.aws_vpc_security_group_ingress_rule.app_icmp",
            "module.security.aws_vpc_security_group_ingress_rule.db_icmp",
            "module.security.aws_vpc_security_group_ingress_rule.db_mysql",
            "module.security.aws_vpc_security_group_ingress_rule.web_http",
            "module.security.aws_vpc_security_group_ingress_rule.web_icmp"
          ]
        }
      ]
    },
    {
      "module": "module.networking",
      "mode": "managed",
      "type": "aws_eip",
      "name": "nat",
      "provider": "provider[\"registry.terraform.io/hashicorp/aws\"]",
      "instances": [
        {
          "index_key": 0,
          "schema_version": 0,
          "attributes": {
            "address": null,
            "allocation_id": "eipalloc-03355288846158873",
            "arn": "arn:aws:ec2:eu-west-1:697863031884:elastic-ip/eipalloc-03355288846158873",
            "associate_with_private_ip": null,
            "association_id": "",
            "carrier_ip": "",
            "customer_owned_ip": "",
            "customer_owned_ipv4_pool": "",
            "domain": "vpc",
            "id": "eipalloc-03355288846158873",
            "instance": "",
            "ipam_pool_id": null,
            "network_border_group": "eu-west-1",
            "network_interface": "",
            "private_dns": null,
            "private_ip": "",
            "ptr_record": "",
            "public_dns": "ec2-54-217-197-79.eu-west-1.compute.amazonaws.com",
            "public_ip": "54.217.197.79",
            "public_ipv4_pool": "amazon",
            "region": "eu-west-1",
            "tags": {
              "Environment": "dev",
              "Name": "3tier-nat-eip-1",
              "Owner": "your_name",
              "Project": "3tier-iac"
            },
            "tags_all": {
              "Environment": "dev",
              "Name": "3tier-nat-eip-1",
              "Owner": "your_name",
              "Project": "3tier-iac"
            },
            "timeouts": null
          },
          "sensitive_attributes": [],
          "identity_schema_version": 0,
          "private": "eyJlMmJmYjczMC1lY2FhLTExZTYtOGY4OC0zNDM2M2JjN2M0YzAiOnsiZGVsZXRlIjoxODAwMDAwMDAwMDAsInJlYWQiOjkwMDAwMDAwMDAwMCwidXBkYXRlIjozMDAwMDAwMDAwMDB9fQ==",
          "create_before_destroy": true
        },
        {
          "index_key": 1,
          "schema_version": 0,
          "attributes": {
            "address": null,
            "allocation_id": "eipalloc-0cf51befaf5c04142",
            "arn": "arn:aws:ec2:eu-west-1:697863031884:elastic-ip/eipalloc-0cf51befaf5c04142",
            "associate_with_private_ip": null,
            "association_id": "",
            "carrier_ip": "",
            "customer_owned_ip": "",
            "customer_owned_ipv4_pool": "",
            "domain": "vpc",
            "id": "eipalloc-0cf51befaf5c04142",
            "instance": "",
            "ipam_pool_id": null,
            "network_border_group": "eu-west-1",
            "network_interface": "",
            "private_dns": null,
            "private_ip": "",
            "ptr_record": "",
            "public_dns": "ec2-54-170-100-1.eu-west-1.compute.amazonaws.com",
            "public_ip": "54.170.100.1",
            "public_ipv4_pool": "amazon",
            "region": "eu-west-1",
            "tags": {
              "Environment": "dev",
              "Name": "3tier-nat-eip-2",
              "Owner": "your_name",
              "Project": "3tier-iac"
            },
            "tags_all": {
              "Environment": "dev",
              "Name": "3tier-nat-eip-2",
              "Owner": "your_name",
              "Project": "3tier-iac"
            },
            "timeouts": null
          },
          "sensitive_attributes": [],
          "identity_schema_version": 0,
          "private": "eyJlMmJmYjczMC1lY2FhLTExZTYtOGY4OC0zNDM2M2JjN2M0YzAiOnsiZGVsZXRlIjoxODAwMDAwMDAwMDAsInJlYWQiOjkwMDAwMDAwMDAwMCwidXBkYXRlIjozMDAwMDAwMDAwMDB9fQ==",
          "create_before_destroy": true
        }
      ]
    },
    {
      "module": "module.networking",
      "mode": "managed",
      "type": "aws_internet_gateway",
      "name": "igw",
      "provider": "provider[\"registry.terraform.io/hashicorp/aws\"]",
      "instances": [
        {
          "schema_version": 0,
          "attributes": {
            "arn": "arn:aws:ec2:eu-west-1:697863031884:internet-gateway/igw-063b64e1bde7fb4e8",
            "id": "igw-063b64e1bde7fb4e8",
            "owner_id": "697863031884",
            "region": "eu-west-1",
            "tags": {
              "Environment": "dev",
              "Name": "3tier-igw",
              "Owner": "your_name",
              "Project": "3tier-iac"
            },
            "tags_all": {
              "Environment": "dev",
              "Name": "3tier-igw",
              "Owner": "your_name",
              "Project": "3tier-iac"
            },
            "timeouts": null,
            "vpc_id": "vpc-0d0261787f7d1e1b3"
          },
          "sensitive_attributes": [],
          "identity_schema_version": 0,
          "private": "eyJlMmJmYjczMC1lY2FhLTExZTYtOGY4OC0zNDM2M2JjN2M0YzAiOnsiY3JlYXRlIjoxMjAwMDAwMDAwMDAwLCJkZWxldGUiOjEyMDAwMDAwMDAwMDAsInVwZGF0ZSI6MTIwMDAwMDAwMDAwMH19",
          "dependencies": [
            "module.networking.aws_vpc.Abraham"
          ],
          "create_before_destroy": true
        }
      ]
    },
    {
      "module": "module.networking",
      "mode": "managed",
      "type": "aws_nat_gateway",
      "name": "nat",
      "provider": "provider[\"registry.terraform.io/hashicorp/aws\"]",
      "instances": [
        {
          "index_key": 0,
          "schema_version": 0,
          "attributes": {
            "allocation_id": "eipalloc-03355288846158873",
            "association_id": "eipassoc-0b5bbb538e4c42369",
            "auto_provision_zones": null,
            "auto_scaling_ips": null,
            "availability_mode": "zonal",
            "availability_zone_address": [],
            "connectivity_type": "public",
            "id": "nat-0b07b0595592cfa50",
            "network_interface_id": "eni-04bf2f6d580c52868",
            "private_ip": "10.0.1.102",
            "public_ip": "54.217.197.79",
            "region": "eu-west-1",
            "regional_nat_gateway_address": [],
            "regional_nat_gateway_auto_mode": null,
            "route_table_id": null,
            "secondary_allocation_ids": [],
            "secondary_private_ip_address_count": 0,
            "secondary_private_ip_addresses": [],
            "subnet_id": "subnet-063ff9b7d77243c5d",
            "tags": {
              "Environment": "dev",
              "Name": "3tier-natgw-1",
              "Owner": "your_name",
              "Project": "3tier-iac"
            },
            "tags_all": {
              "Environment": "dev",
              "Name": "3tier-natgw-1",
              "Owner": "your_name",
              "Project": "3tier-iac"
            },
            "timeouts": null,
            "vpc_id": "vpc-0d0261787f7d1e1b3"
          },
          "sensitive_attributes": [],
          "identity_schema_version": 0,
          "private": "eyJlMmJmYjczMC1lY2FhLTExZTYtOGY4OC0zNDM2M2JjN2M0YzAiOnsiY3JlYXRlIjo2MDAwMDAwMDAwMDAsImRlbGV0ZSI6MTgwMDAwMDAwMDAwMCwidXBkYXRlIjo2MDAwMDAwMDAwMDB9fQ==",
          "dependencies": [
            "module.networking.aws_eip.nat",
            "module.networking.aws_internet_gateway.igw",
            "module.networking.aws_subnet.public",
            "module.networking.aws_vpc.Abraham"
          ],
          "create_before_destroy": true
        },
        {
          "index_key": 1,
          "schema_version": 0,
          "attributes": {
            "allocation_id": "eipalloc-0cf51befaf5c04142",
            "association_id": "eipassoc-084ef32a12f8cf90e",
            "auto_provision_zones": null,
            "auto_scaling_ips": null,
            "availability_mode": "zonal",
            "availability_zone_address": [],
            "connectivity_type": "public",
            "id": "nat-0336644891f6506ed",
            "network_interface_id": "eni-0b416e863efaf63f5",
            "private_ip": "10.0.2.157",
            "public_ip": "54.170.100.1",
            "region": "eu-west-1",
            "regional_nat_gateway_address": [],
            "regional_nat_gateway_auto_mode": null,
            "route_table_id": null,
            "secondary_allocation_ids": [],
            "secondary_private_ip_address_count": 0,
            "secondary_private_ip_addresses": [],
            "subnet_id": "subnet-070e2b5ff96b91757",
            "tags": {
              "Environment": "dev",
              "Name": "3tier-natgw-2",
              "Owner": "your_name",
              "Project": "3tier-iac"
            },
            "tags_all": {
              "Environment": "dev",
              "Name": "3tier-natgw-2",
              "Owner": "your_name",
              "Project": "3tier-iac"
            },
            "timeouts": null,
            "vpc_id": "vpc-0d0261787f7d1e1b3"
          },
          "sensitive_attributes": [],
          "identity_schema_version": 0,
          "private": "eyJlMmJmYjczMC1lY2FhLTExZTYtOGY4OC0zNDM2M2JjN2M0YzAiOnsiY3JlYXRlIjo2MDAwMDAwMDAwMDAsImRlbGV0ZSI6MTgwMDAwMDAwMDAwMCwidXBkYXRlIjo2MDAwMDAwMDAwMDB9fQ==",
          "dependencies": [
            "module.networking.aws_eip.nat",
            "module.networking.aws_internet_gateway.igw",
            "module.networking.aws_subnet.public",
            "module.networking.aws_vpc.Abraham"
          ],
          "create_before_destroy": true
        }
      ]
    },
    {
      "module": "module.networking",
      "mode": "managed",
      "type": "aws_route_table",
      "name": "app",
      "provider": "provider[\"registry.terraform.io/hashicorp/aws\"]",
      "instances": [
        {
          "index_key": 0,
          "schema_version": 0,
          "attributes": {
            "arn": "arn:aws:ec2:eu-west-1:697863031884:route-table/rtb-02ec6dc17c38bf9c5",
            "id": "rtb-02ec6dc17c38bf9c5",
            "owner_id": "697863031884",
            "propagating_vgws": [],
            "region": "eu-west-1",
            "route": [
              {
                "carrier_gateway_id": "",
                "cidr_block": "0.0.0.0/0",
                "core_network_arn": "",
                "destination_prefix_list_id": "",
                "egress_only_gateway_id": "",
                "gateway_id": "",
                "ipv6_cidr_block": "",
                "local_gateway_id": "",
                "nat_gateway_id": "nat-0b07b0595592cfa50",
                "network_interface_id": "",
                "transit_gateway_id": "",
                "vpc_endpoint_id": "",
                "vpc_peering_connection_id": ""
              }
            ],
            "tags": {
              "Environment": "dev",
              "Name": "3tier-app-rtb-1",
              "Owner": "your_name",
              "Project": "3tier-iac"
            },
            "tags_all": {
              "Environment": "dev",
              "Name": "3tier-app-rtb-1",
              "Owner": "your_name",
              "Project": "3tier-iac"
            },
            "timeouts": null,
            "vpc_id": "vpc-0d0261787f7d1e1b3"
          },
          "sensitive_attributes": [],
          "identity_schema_version": 0,
          "identity": {
            "account_id": "697863031884",
            "id": "rtb-02ec6dc17c38bf9c5",
            "region": "eu-west-1"
          },
          "private": "eyJlMmJmYjczMC1lY2FhLTExZTYtOGY4OC0zNDM2M2JjN2M0YzAiOnsiY3JlYXRlIjozMDAwMDAwMDAwMDAsImRlbGV0ZSI6MzAwMDAwMDAwMDAwLCJ1cGRhdGUiOjEyMDAwMDAwMDAwMH19",
          "dependencies": [
            "module.networking.aws_eip.nat",
            "module.networking.aws_internet_gateway.igw",
            "module.networking.aws_nat_gateway.nat",
            "module.networking.aws_subnet.public",
            "module.networking.aws_vpc.Abraham"
          ],
          "create_before_destroy": true
        },
        {
          "index_key": 1,
          "schema_version": 0,
          "attributes": {
            "arn": "arn:aws:ec2:eu-west-1:697863031884:route-table/rtb-034354bca89f8b479",
            "id": "rtb-034354bca89f8b479",
            "owner_id": "697863031884",
            "propagating_vgws": [],
            "region": "eu-west-1",
            "route": [
              {
                "carrier_gateway_id": "",
                "cidr_block": "0.0.0.0/0",
                "core_network_arn": "",
                "destination_prefix_list_id": "",
                "egress_only_gateway_id": "",
                "gateway_id": "",
                "ipv6_cidr_block": "",
                "local_gateway_id": "",
                "nat_gateway_id": "nat-0336644891f6506ed",
                "network_interface_id": "",
                "transit_gateway_id": "",
                "vpc_endpoint_id": "",
                "vpc_peering_connection_id": ""
              }
            ],
            "tags": {
              "Environment": "dev",
              "Name": "3tier-app-rtb-2",
              "Owner": "your_name",
              "Project": "3tier-iac"
            },
            "tags_all": {
              "Environment": "dev",
              "Name": "3tier-app-rtb-2",
              "Owner": "your_name",
              "Project": "3tier-iac"
            },
            "timeouts": null,
            "vpc_id": "vpc-0d0261787f7d1e1b3"
          },
          "sensitive_attributes": [],
          "identity_schema_version": 0,
          "identity": {
            "account_id": "697863031884",
            "id": "rtb-034354bca89f8b479",
            "region": "eu-west-1"
          },
          "private": "eyJlMmJmYjczMC1lY2FhLTExZTYtOGY4OC0zNDM2M2JjN2M0YzAiOnsiY3JlYXRlIjozMDAwMDAwMDAwMDAsImRlbGV0ZSI6MzAwMDAwMDAwMDAwLCJ1cGRhdGUiOjEyMDAwMDAwMDAwMH19",
          "dependencies": [
            "module.networking.aws_eip.nat",
            "module.networking.aws_internet_gateway.igw",
            "module.networking.aws_nat_gateway.nat",
            "module.networking.aws_subnet.public",
            "module.networking.aws_vpc.Abraham"
          ],
          "create_before_destroy": true
        }
      ]
    },
    {
      "module": "module.networking",
      "mode": "managed",
      "type": "aws_route_table",
      "name": "db",
      "provider": "provider[\"registry.terraform.io/hashicorp/aws\"]",
      "instances": [
        {
          "index_key": 0,
          "schema_version": 0,
          "attributes": {
            "arn": "arn:aws:ec2:eu-west-1:697863031884:route-table/rtb-0651e142ef9e49918",
            "id": "rtb-0651e142ef9e49918",
            "owner_id": "697863031884",
            "propagating_vgws": [],
            "region": "eu-west-1",
            "route": [],
            "tags": {
              "Environment": "dev",
              "Name": "3tier-db-rtb-1",
              "Owner": "your_name",
              "Project": "3tier-iac"
            },
            "tags_all": {
              "Environment": "dev",
              "Name": "3tier-db-rtb-1",
              "Owner": "your_name",
              "Project": "3tier-iac"
            },
            "timeouts": null,
            "vpc_id": "vpc-0d0261787f7d1e1b3"
          },
          "sensitive_attributes": [],
          "identity_schema_version": 0,
          "identity": {
            "account_id": "697863031884",
            "id": "rtb-0651e142ef9e49918",
            "region": "eu-west-1"
          },
          "private": "eyJlMmJmYjczMC1lY2FhLTExZTYtOGY4OC0zNDM2M2JjN2M0YzAiOnsiY3JlYXRlIjozMDAwMDAwMDAwMDAsImRlbGV0ZSI6MzAwMDAwMDAwMDAwLCJ1cGRhdGUiOjEyMDAwMDAwMDAwMH19",
          "dependencies": [
            "module.networking.aws_vpc.Abraham"
          ],
          "create_before_destroy": true
        },
        {
          "index_key": 1,
          "schema_version": 0,
          "attributes": {
            "arn": "arn:aws:ec2:eu-west-1:697863031884:route-table/rtb-0c3eda1acf047a2cc",
            "id": "rtb-0c3eda1acf047a2cc",
            "owner_id": "697863031884",
            "propagating_vgws": [],
            "region": "eu-west-1",
            "route": [],
            "tags": {
              "Environment": "dev",
              "Name": "3tier-db-rtb-2",
              "Owner": "your_name",
              "Project": "3tier-iac"
            },
            "tags_all": {
              "Environment": "dev",
              "Name": "3tier-db-rtb-2",
              "Owner": "your_name",
              "Project": "3tier-iac"
            },
            "timeouts": null,
            "vpc_id": "vpc-0d0261787f7d1e1b3"
          },
          "sensitive_attributes": [],
          "identity_schema_version": 0,
          "identity": {
            "account_id": "697863031884",
            "id": "rtb-0c3eda1acf047a2cc",
            "region": "eu-west-1"
          },
          "private": "eyJlMmJmYjczMC1lY2FhLTExZTYtOGY4OC0zNDM2M2JjN2M0YzAiOnsiY3JlYXRlIjozMDAwMDAwMDAwMDAsImRlbGV0ZSI6MzAwMDAwMDAwMDAwLCJ1cGRhdGUiOjEyMDAwMDAwMDAwMH19",
          "dependencies": [
            "module.networking.aws_vpc.Abraham"
          ],
          "create_before_destroy": true
        }
      ]
    },
    {
      "module": "module.networking",
      "mode": "managed",
      "type": "aws_route_table",
      "name": "public",
      "provider": "provider[\"registry.terraform.io/hashicorp/aws\"]",
      "instances": [
        {
          "schema_version": 0,
          "attributes": {
            "arn": "arn:aws:ec2:eu-west-1:697863031884:route-table/rtb-0e656529efb6fad01",
            "id": "rtb-0e656529efb6fad01",
            "owner_id": "697863031884",
            "propagating_vgws": [],
            "region": "eu-west-1",
            "route": [
              {
                "carrier_gateway_id": "",
                "cidr_block": "0.0.0.0/0",
                "core_network_arn": "",
                "destination_prefix_list_id": "",
                "egress_only_gateway_id": "",
                "gateway_id": "igw-063b64e1bde7fb4e8",
                "ipv6_cidr_block": "",
                "local_gateway_id": "",
                "nat_gateway_id": "",
                "network_interface_id": "",
                "transit_gateway_id": "",
                "vpc_endpoint_id": "",
                "vpc_peering_connection_id": ""
              }
            ],
            "tags": null,
            "tags_all": {},
            "timeouts": null,
            "vpc_id": "vpc-0d0261787f7d1e1b3"
          },
          "sensitive_attributes": [],
          "identity_schema_version": 0,
          "identity": {
            "account_id": "697863031884",
            "id": "rtb-0e656529efb6fad01",
            "region": "eu-west-1"
          },
          "private": "eyJlMmJmYjczMC1lY2FhLTExZTYtOGY4OC0zNDM2M2JjN2M0YzAiOnsiY3JlYXRlIjozMDAwMDAwMDAwMDAsImRlbGV0ZSI6MzAwMDAwMDAwMDAwLCJ1cGRhdGUiOjEyMDAwMDAwMDAwMH19",
          "dependencies": [
            "module.networking.aws_internet_gateway.igw",
            "module.networking.aws_vpc.Abraham"
          ],
          "create_before_destroy": true
        }
      ]
    },
    {
      "module": "module.networking",
      "mode": "managed",
      "type": "aws_route_table_association",
      "name": "app",
      "provider": "provider[\"registry.terraform.io/hashicorp/aws\"]",
      "instances": [
        {
          "index_key": 0,
          "schema_version": 0,
          "attributes": {
            "gateway_id": "",
            "id": "rtbassoc-0d5eb74e0c1aa5b80",
            "region": "eu-west-1",
            "route_table_id": "rtb-02ec6dc17c38bf9c5",
            "subnet_id": "subnet-057010ff7e7969dd1",
            "timeouts": null
          },
          "sensitive_attributes": [],
          "identity_schema_version": 0,
          "private": "eyJlMmJmYjczMC1lY2FhLTExZTYtOGY4OC0zNDM2M2JjN2M0YzAiOnsiY3JlYXRlIjozMDAwMDAwMDAwMDAsImRlbGV0ZSI6MzAwMDAwMDAwMDAwLCJ1cGRhdGUiOjEyMDAwMDAwMDAwMH19",
          "dependencies": [
            "module.networking.aws_eip.nat",
            "module.networking.aws_internet_gateway.igw",
            "module.networking.aws_nat_gateway.nat",
            "module.networking.aws_route_table.app",
            "module.networking.aws_subnet.private_app",
            "module.networking.aws_subnet.public",
            "module.networking.aws_vpc.Abraham"
          ],
          "create_before_destroy": true
        },
        {
          "index_key": 1,
          "schema_version": 0,
          "attributes": {
            "gateway_id": "",
            "id": "rtbassoc-08175fcd83c51c012",
            "region": "eu-west-1",
            "route_table_id": "rtb-034354bca89f8b479",
            "subnet_id": "subnet-07dcc56a076789aa4",
            "timeouts": null
          },
          "sensitive_attributes": [],
          "identity_schema_version": 0,
          "private": "eyJlMmJmYjczMC1lY2FhLTExZTYtOGY4OC0zNDM2M2JjN2M0YzAiOnsiY3JlYXRlIjozMDAwMDAwMDAwMDAsImRlbGV0ZSI6MzAwMDAwMDAwMDAwLCJ1cGRhdGUiOjEyMDAwMDAwMDAwMH19",
          "dependencies": [
            "module.networking.aws_eip.nat",
            "module.networking.aws_internet_gateway.igw",
            "module.networking.aws_nat_gateway.nat",
            "module.networking.aws_route_table.app",
            "module.networking.aws_subnet.private_app",
            "module.networking.aws_subnet.public",
            "module.networking.aws_vpc.Abraham"
          ],
          "create_before_destroy": true
        }
      ]
    },
    {
      "module": "module.networking",
      "mode": "managed",
      "type": "aws_route_table_association",
      "name": "db",
      "provider": "provider[\"registry.terraform.io/hashicorp/aws\"]",
      "instances": [
        {
          "index_key": 0,
          "schema_version": 0,
          "attributes": {
            "gateway_id": "",
            "id": "rtbassoc-05c1872ad750b9984",
            "region": "eu-west-1",
            "route_table_id": "rtb-0651e142ef9e49918",
            "subnet_id": "subnet-038fcfd16f751bd49",
            "timeouts": null
          },
          "sensitive_attributes": [],
          "identity_schema_version": 0,
          "private": "eyJlMmJmYjczMC1lY2FhLTExZTYtOGY4OC0zNDM2M2JjN2M0YzAiOnsiY3JlYXRlIjozMDAwMDAwMDAwMDAsImRlbGV0ZSI6MzAwMDAwMDAwMDAwLCJ1cGRhdGUiOjEyMDAwMDAwMDAwMH19",
          "dependencies": [
            "module.networking.aws_route_table.db",
            "module.networking.aws_subnet.private_db",
            "module.networking.aws_vpc.Abraham"
          ],
          "create_before_destroy": true
        },
        {
          "index_key": 1,
          "schema_version": 0,
          "attributes": {
            "gateway_id": "",
            "id": "rtbassoc-095f7f64efdfe88fe",
            "region": "eu-west-1",
            "route_table_id": "rtb-0c3eda1acf047a2cc",
            "subnet_id": "subnet-0bb8ef8a3fe555cdd",
            "timeouts": null
          },
          "sensitive_attributes": [],
          "identity_schema_version": 0,
          "private": "eyJlMmJmYjczMC1lY2FhLTExZTYtOGY4OC0zNDM2M2JjN2M0YzAiOnsiY3JlYXRlIjozMDAwMDAwMDAwMDAsImRlbGV0ZSI6MzAwMDAwMDAwMDAwLCJ1cGRhdGUiOjEyMDAwMDAwMDAwMH19",
          "dependencies": [
            "module.networking.aws_route_table.db",
            "module.networking.aws_subnet.private_db",
            "module.networking.aws_vpc.Abraham"
          ],
          "create_before_destroy": true
        }
      ]
    },
    {
      "module": "module.networking",
      "mode": "managed",
      "type": "aws_route_table_association",
      "name": "public",
      "provider": "provider[\"registry.terraform.io/hashicorp/aws\"]",
      "instances": [
        {
          "index_key": 0,
          "schema_version": 0,
          "attributes": {
            "gateway_id": "",
            "id": "rtbassoc-060938f8c4c21543a",
            "region": "eu-west-1",
            "route_table_id": "rtb-0e656529efb6fad01",
            "subnet_id": "subnet-063ff9b7d77243c5d",
            "timeouts": null
          },
          "sensitive_attributes": [],
          "identity_schema_version": 0,
          "private": "eyJlMmJmYjczMC1lY2FhLTExZTYtOGY4OC0zNDM2M2JjN2M0YzAiOnsiY3JlYXRlIjozMDAwMDAwMDAwMDAsImRlbGV0ZSI6MzAwMDAwMDAwMDAwLCJ1cGRhdGUiOjEyMDAwMDAwMDAwMH19",
          "dependencies": [
            "module.networking.aws_internet_gateway.igw",
            "module.networking.aws_route_table.public",
            "module.networking.aws_subnet.public",
            "module.networking.aws_vpc.Abraham"
          ],
          "create_before_destroy": true
        },
        {
          "index_key": 1,
          "schema_version": 0,
          "attributes": {
            "gateway_id": "",
            "id": "rtbassoc-072e778d1db0d599f",
            "region": "eu-west-1",
            "route_table_id": "rtb-0e656529efb6fad01",
            "subnet_id": "subnet-070e2b5ff96b91757",
            "timeouts": null
          },
          "sensitive_attributes": [],
          "identity_schema_version": 0,
          "private": "eyJlMmJmYjczMC1lY2FhLTExZTYtOGY4OC0zNDM2M2JjN2M0YzAiOnsiY3JlYXRlIjozMDAwMDAwMDAwMDAsImRlbGV0ZSI6MzAwMDAwMDAwMDAwLCJ1cGRhdGUiOjEyMDAwMDAwMDAwMH19",
          "dependencies": [
            "module.networking.aws_internet_gateway.igw",
            "module.networking.aws_route_table.public",
            "module.networking.aws_subnet.public",
            "module.networking.aws_vpc.Abraham"
          ],
          "create_before_destroy": true
        }
      ]
    },
    {
      "module": "module.networking",
      "mode": "managed",
      "type": "aws_subnet",
      "name": "private_app",
      "provider": "provider[\"registry.terraform.io/hashicorp/aws\"]",
      "instances": [
        {
          "index_key": 0,
          "schema_version": 1,
          "attributes": {
            "arn": "arn:aws:ec2:eu-west-1:697863031884:subnet/subnet-057010ff7e7969dd1",
            "assign_ipv6_address_on_creation": false,
            "availability_zone": "eu-west-1a",
            "availability_zone_id": "euw1-az3",
            "cidr_block": "10.0.11.0/24",
            "customer_owned_ipv4_pool": "",
            "enable_dns64": false,
            "enable_lni_at_device_index": 0,
            "enable_resource_name_dns_a_record_on_launch": false,
            "enable_resource_name_dns_aaaa_record_on_launch": false,
            "id": "subnet-057010ff7e7969dd1",
            "ipv6_cidr_block": "",
            "ipv6_cidr_block_association_id": "",
            "ipv6_native": false,
            "map_customer_owned_ip_on_launch": false,
            "map_public_ip_on_launch": false,
            "outpost_arn": "",
            "owner_id": "697863031884",
            "private_dns_hostname_type_on_launch": "ip-name",
            "region": "eu-west-1",
            "tags": {
              "Name": "app-1"
            },
            "tags_all": {
              "Name": "app-1"
            },
            "timeouts": null,
            "vpc_id": "vpc-0d0261787f7d1e1b3"
          },
          "sensitive_attributes": [],
          "identity_schema_version": 0,
          "identity": {
            "account_id": "697863031884",
            "id": "subnet-057010ff7e7969dd1",
            "region": "eu-west-1"
          },
          "private": "eyJlMmJmYjczMC1lY2FhLTExZTYtOGY4OC0zNDM2M2JjN2M0YzAiOnsiY3JlYXRlIjo2MDAwMDAwMDAwMDAsImRlbGV0ZSI6MTIwMDAwMDAwMDAwMH0sInNjaGVtYV92ZXJzaW9uIjoiMSJ9",
          "dependencies": [
            "module.networking.aws_vpc.Abraham"
          ],
          "create_before_destroy": true
        },
        {
          "index_key": 1,
          "schema_version": 1,
          "attributes": {
            "arn": "arn:aws:ec2:eu-west-1:697863031884:subnet/subnet-07dcc56a076789aa4",
            "assign_ipv6_address_on_creation": false,
            "availability_zone": "eu-west-1b",
            "availability_zone_id": "euw1-az1",
            "cidr_block": "10.0.12.0/24",
            "customer_owned_ipv4_pool": "",
            "enable_dns64": false,
            "enable_lni_at_device_index": 0,
            "enable_resource_name_dns_a_record_on_launch": false,
            "enable_resource_name_dns_aaaa_record_on_launch": false,
            "id": "subnet-07dcc56a076789aa4",
            "ipv6_cidr_block": "",
            "ipv6_cidr_block_association_id": "",
            "ipv6_native": false,
            "map_customer_owned_ip_on_launch": false,
            "map_public_ip_on_launch": false,
            "outpost_arn": "",
            "owner_id": "697863031884",
            "private_dns_hostname_type_on_launch": "ip-name",
            "region": "eu-west-1",
            "tags": {
              "Name": "app-2"
            },
            "tags_all": {
              "Name": "app-2"
            },
            "timeouts": null,
            "vpc_id": "vpc-0d0261787f7d1e1b3"
          },
          "sensitive_attributes": [],
          "identity_schema_version": 0,
          "identity": {
            "account_id": "697863031884",
            "id": "subnet-07dcc56a076789aa4",
            "region": "eu-west-1"
          },
          "private": "eyJlMmJmYjczMC1lY2FhLTExZTYtOGY4OC0zNDM2M2JjN2M0YzAiOnsiY3JlYXRlIjo2MDAwMDAwMDAwMDAsImRlbGV0ZSI6MTIwMDAwMDAwMDAwMH0sInNjaGVtYV92ZXJzaW9uIjoiMSJ9",
          "dependencies": [
            "module.networking.aws_vpc.Abraham"
          ],
          "create_before_destroy": true
        }
      ]
    },
    {
      "module": "module.networking",
      "mode": "managed",
      "type": "aws_subnet",
      "name": "private_db",
      "provider": "provider[\"registry.terraform.io/hashicorp/aws\"]",
      "instances": [
        {
          "index_key": 0,
          "schema_version": 1,
          "attributes": {
            "arn": "arn:aws:ec2:eu-west-1:697863031884:subnet/subnet-038fcfd16f751bd49",
            "assign_ipv6_address_on_creation": false,
            "availability_zone": "eu-west-1a",
            "availability_zone_id": "euw1-az3",
            "cidr_block": "10.0.21.0/24",
            "customer_owned_ipv4_pool": "",
            "enable_dns64": false,
            "enable_lni_at_device_index": 0,
            "enable_resource_name_dns_a_record_on_launch": false,
            "enable_resource_name_dns_aaaa_record_on_launch": false,
            "id": "subnet-038fcfd16f751bd49",
            "ipv6_cidr_block": "",
            "ipv6_cidr_block_association_id": "",
            "ipv6_native": false,
            "map_customer_owned_ip_on_launch": false,
            "map_public_ip_on_launch": false,
            "outpost_arn": "",
            "owner_id": "697863031884",
            "private_dns_hostname_type_on_launch": "ip-name",
            "region": "eu-west-1",
            "tags": {
              "Environment": "dev",
              "Name": "3tier-db-1",
              "Owner": "your_name",
              "Project": "3tier-iac"
            },
            "tags_all": {
              "Environment": "dev",
              "Name": "3tier-db-1",
              "Owner": "your_name",
              "Project": "3tier-iac"
            },
            "timeouts": null,
            "vpc_id": "vpc-0d0261787f7d1e1b3"
          },
          "sensitive_attributes": [],
          "identity_schema_version": 0,
          "identity": {
            "account_id": "697863031884",
            "id": "subnet-038fcfd16f751bd49",
            "region": "eu-west-1"
          },
          "private": "eyJlMmJmYjczMC1lY2FhLTExZTYtOGY4OC0zNDM2M2JjN2M0YzAiOnsiY3JlYXRlIjo2MDAwMDAwMDAwMDAsImRlbGV0ZSI6MTIwMDAwMDAwMDAwMH0sInNjaGVtYV92ZXJzaW9uIjoiMSJ9",
          "dependencies": [
            "module.networking.aws_vpc.Abraham"
          ],
          "create_before_destroy": true
        },
        {
          "index_key": 1,
          "schema_version": 1,
          "attributes": {
            "arn": "arn:aws:ec2:eu-west-1:697863031884:subnet/subnet-0bb8ef8a3fe555cdd",
            "assign_ipv6_address_on_creation": false,
            "availability_zone": "eu-west-1b",
            "availability_zone_id": "euw1-az1",
            "cidr_block": "10.0.22.0/24",
            "customer_owned_ipv4_pool": "",
            "enable_dns64": false,
            "enable_lni_at_device_index": 0,
            "enable_resource_name_dns_a_record_on_launch": false,
            "enable_resource_name_dns_aaaa_record_on_launch": false,
            "id": "subnet-0bb8ef8a3fe555cdd",
            "ipv6_cidr_block": "",
            "ipv6_cidr_block_association_id": "",
            "ipv6_native": false,
            "map_customer_owned_ip_on_launch": false,
            "map_public_ip_on_launch": false,
            "outpost_arn": "",
            "owner_id": "697863031884",
            "private_dns_hostname_type_on_launch": "ip-name",
            "region": "eu-west-1",
            "tags": {
              "Environment": "dev",
              "Name": "3tier-db-2",
              "Owner": "your_name",
              "Project": "3tier-iac"
            },
            "tags_all": {
              "Environment": "dev",
              "Name": "3tier-db-2",
              "Owner": "your_name",
              "Project": "3tier-iac"
            },
            "timeouts": null,
            "vpc_id": "vpc-0d0261787f7d1e1b3"
          },
          "sensitive_attributes": [],
          "identity_schema_version": 0,
          "identity": {
            "account_id": "697863031884",
            "id": "subnet-0bb8ef8a3fe555cdd",
            "region": "eu-west-1"
          },
          "private": "eyJlMmJmYjczMC1lY2FhLTExZTYtOGY4OC0zNDM2M2JjN2M0YzAiOnsiY3JlYXRlIjo2MDAwMDAwMDAwMDAsImRlbGV0ZSI6MTIwMDAwMDAwMDAwMH0sInNjaGVtYV92ZXJzaW9uIjoiMSJ9",
          "dependencies": [
            "module.networking.aws_vpc.Abraham"
          ],
          "create_before_destroy": true
        }
      ]
    },
    {
      "module": "module.networking",
      "mode": "managed",
      "type": "aws_subnet",
      "name": "public",
      "provider": "provider[\"registry.terraform.io/hashicorp/aws\"]",
      "instances": [
        {
          "index_key": 0,
          "schema_version": 1,
          "attributes": {
            "arn": "arn:aws:ec2:eu-west-1:697863031884:subnet/subnet-063ff9b7d77243c5d",
            "assign_ipv6_address_on_creation": false,
            "availability_zone": "eu-west-1a",
            "availability_zone_id": "euw1-az3",
            "cidr_block": "10.0.1.0/24",
            "customer_owned_ipv4_pool": "",
            "enable_dns64": false,
            "enable_lni_at_device_index": 0,
            "enable_resource_name_dns_a_record_on_launch": false,
            "enable_resource_name_dns_aaaa_record_on_launch": false,
            "id": "subnet-063ff9b7d77243c5d",
            "ipv6_cidr_block": "",
            "ipv6_cidr_block_association_id": "",
            "ipv6_native": false,
            "map_customer_owned_ip_on_launch": false,
            "map_public_ip_on_launch": true,
            "outpost_arn": "",
            "owner_id": "697863031884",
            "private_dns_hostname_type_on_launch": "ip-name",
            "region": "eu-west-1",
            "tags": null,
            "tags_all": {},
            "timeouts": null,
            "vpc_id": "vpc-0d0261787f7d1e1b3"
          },
          "sensitive_attributes": [],
          "identity_schema_version": 0,
          "identity": {
            "account_id": "697863031884",
            "id": "subnet-063ff9b7d77243c5d",
            "region": "eu-west-1"
          },
          "private": "eyJlMmJmYjczMC1lY2FhLTExZTYtOGY4OC0zNDM2M2JjN2M0YzAiOnsiY3JlYXRlIjo2MDAwMDAwMDAwMDAsImRlbGV0ZSI6MTIwMDAwMDAwMDAwMH0sInNjaGVtYV92ZXJzaW9uIjoiMSJ9",
          "dependencies": [
            "module.networking.aws_vpc.Abraham"
          ],
          "create_before_destroy": true
        },
        {
          "index_key": 1,
          "schema_version": 1,
          "attributes": {
            "arn": "arn:aws:ec2:eu-west-1:697863031884:subnet/subnet-070e2b5ff96b91757",
            "assign_ipv6_address_on_creation": false,
            "availability_zone": "eu-west-1b",
            "availability_zone_id": "euw1-az1",
            "cidr_block": "10.0.2.0/24",
            "customer_owned_ipv4_pool": "",
            "enable_dns64": false,
            "enable_lni_at_device_index": 0,
            "enable_resource_name_dns_a_record_on_launch": false,
            "enable_resource_name_dns_aaaa_record_on_launch": false,
            "id": "subnet-070e2b5ff96b91757",
            "ipv6_cidr_block": "",
            "ipv6_cidr_block_association_id": "",
            "ipv6_native": false,
            "map_customer_owned_ip_on_launch": false,
            "map_public_ip_on_launch": true,
            "outpost_arn": "",
            "owner_id": "697863031884",
            "private_dns_hostname_type_on_launch": "ip-name",
            "region": "eu-west-1",
            "tags": null,
            "tags_all": {},
            "timeouts": null,
            "vpc_id": "vpc-0d0261787f7d1e1b3"
          },
          "sensitive_attributes": [],
          "identity_schema_version": 0,
          "identity": {
            "account_id": "697863031884",
            "id": "subnet-070e2b5ff96b91757",
            "region": "eu-west-1"
          },
          "private": "eyJlMmJmYjczMC1lY2FhLTExZTYtOGY4OC0zNDM2M2JjN2M0YzAiOnsiY3JlYXRlIjo2MDAwMDAwMDAwMDAsImRlbGV0ZSI6MTIwMDAwMDAwMDAwMH0sInNjaGVtYV92ZXJzaW9uIjoiMSJ9",
          "dependencies": [
            "module.networking.aws_vpc.Abraham"
          ],
          "create_before_destroy": true
        }
      ]
    },
    {
      "module": "module.networking",
      "mode": "managed",
      "type": "aws_vpc",
      "name": "Abraham",
      "provider": "provider[\"registry.terraform.io/hashicorp/aws\"]",
      "instances": [
        {
          "schema_version": 1,
          "attributes": {
            "arn": "arn:aws:ec2:eu-west-1:697863031884:vpc/vpc-0d0261787f7d1e1b3",
            "assign_generated_ipv6_cidr_block": false,
            "cidr_block": "10.0.0.0/16",
            "default_network_acl_id": "acl-0a4cf6038e1365376",
            "default_route_table_id": "rtb-02fa29267c779dc62",
            "default_security_group_id": "sg-010c584f1947c0cd2",
            "dhcp_options_id": "dopt-0bd9485c093def268",
            "enable_dns_hostnames": true,
            "enable_dns_support": true,
            "enable_network_address_usage_metrics": false,
            "id": "vpc-0d0261787f7d1e1b3",
            "instance_tenancy": "default",
            "ipv4_ipam_pool_id": null,
            "ipv4_netmask_length": null,
            "ipv6_association_id": "",
            "ipv6_cidr_block": "",
            "ipv6_cidr_block_network_border_group": "",
            "ipv6_ipam_pool_id": "",
            "ipv6_netmask_length": 0,
            "main_route_table_id": "rtb-02fa29267c779dc62",
            "owner_id": "697863031884",
            "region": "eu-west-1",
            "tags": null,
            "tags_all": {}
          },
          "sensitive_attributes": [],
          "identity_schema_version": 0,
          "identity": {
            "account_id": "697863031884",
            "id": "vpc-0d0261787f7d1e1b3",
            "region": "eu-west-1"
          },
          "private": "eyJzY2hlbWFfdmVyc2lvbiI6IjEifQ==",
          "create_before_destroy": true
        }
      ]
    },
    {
      "module": "module.security",
      "mode": "managed",
      "type": "aws_security_group",
      "name": "app",
      "provider": "provider[\"registry.terraform.io/hashicorp/aws\"]",
      "instances": [
        {
          "schema_version": 1,
          "attributes": {
            "arn": "arn:aws:ec2:eu-west-1:697863031884:security-group/sg-08b2c288c5b0bea73",
            "description": "App SG: Allow HTTP from ALB/Web SG, ICMP from Web SG, all egress",
            "egress": [],
            "id": "sg-08b2c288c5b0bea73",
            "ingress": [],
            "name": "app-sg",
            "name_prefix": "",
            "owner_id": "697863031884",
            "region": "eu-west-1",
            "revoke_rules_on_delete": false,
            "tags": {
              "Environment": "dev",
              "Name": "app-sg",
              "Owner": "your_name",
              "Project": "3tier-iac",
              "Tier": "app"
            },
            "tags_all": {
              "Environment": "dev",
              "Name": "app-sg",
              "Owner": "your_name",
              "Project": "3tier-iac",
              "Tier": "app"
            },
            "timeouts": null,
            "vpc_id": "vpc-0d0261787f7d1e1b3"
          },
          "sensitive_attributes": [],
          "identity_schema_version": 0,
          "identity": {
            "account_id": "697863031884",
            "id": "sg-08b2c288c5b0bea73",
            "region": "eu-west-1"
          },
          "private": "eyJlMmJmYjczMC1lY2FhLTExZTYtOGY4OC0zNDM2M2JjN2M0YzAiOnsiY3JlYXRlIjo2MDAwMDAwMDAwMDAsImRlbGV0ZSI6OTAwMDAwMDAwMDAwfSwic2NoZW1hX3ZlcnNpb24iOiIxIn0=",
          "dependencies": [
            "module.networking.aws_eip.nat",
            "module.networking.aws_internet_gateway.igw",
            "module.networking.aws_nat_gateway.nat",
            "module.networking.aws_route_table.app",
            "module.networking.aws_route_table.db",
            "module.networking.aws_route_table.public",
            "module.networking.aws_route_table_association.app",
            "module.networking.aws_route_table_association.db",
            "module.networking.aws_route_table_association.public",
            "module.networking.aws_subnet.private_app",
            "module.networking.aws_subnet.private_db",
            "module.networking.aws_subnet.public",
            "module.networking.aws_vpc.Abraham"
          ],
          "create_before_destroy": true
        }
      ]
    },
    {
      "module": "module.security",
      "mode": "managed",
      "type": "aws_security_group",
      "name": "db",
      "provider": "provider[\"registry.terraform.io/hashicorp/aws\"]",
      "instances": [
        {
          "schema_version": 1,
          "attributes": {
            "arn": "arn:aws:ec2:eu-west-1:697863031884:security-group/sg-002142fc34d506a4e",
            "description": "DB SG: Allow DB port from App SG, ICMP from App SG, all egress",
            "egress": [],
            "id": "sg-002142fc34d506a4e",
            "ingress": [],
            "name": "db-sg",
            "name_prefix": "",
            "owner_id": "697863031884",
            "region": "eu-west-1",
            "revoke_rules_on_delete": false,
            "tags": {
              "Environment": "dev",
              "Name": "db-sg",
              "Owner": "your_name",
              "Project": "3tier-iac",
              "Tier": "db"
            },
            "tags_all": {
              "Environment": "dev",
              "Name": "db-sg",
              "Owner": "your_name",
              "Project": "3tier-iac",
              "Tier": "db"
            },
            "timeouts": null,
            "vpc_id": "vpc-0d0261787f7d1e1b3"
          },
          "sensitive_attributes": [],
          "identity_schema_version": 0,
          "identity": {
            "account_id": "697863031884",
            "id": "sg-002142fc34d506a4e",
            "region": "eu-west-1"
          },
          "private": "eyJlMmJmYjczMC1lY2FhLTExZTYtOGY4OC0zNDM2M2JjN2M0YzAiOnsiY3JlYXRlIjo2MDAwMDAwMDAwMDAsImRlbGV0ZSI6OTAwMDAwMDAwMDAwfSwic2NoZW1hX3ZlcnNpb24iOiIxIn0=",
          "dependencies": [
            "module.networking.aws_eip.nat",
            "module.networking.aws_internet_gateway.igw",
            "module.networking.aws_nat_gateway.nat",
            "module.networking.aws_route_table.app",
            "module.networking.aws_route_table.db",
            "module.networking.aws_route_table.public",
            "module.networking.aws_route_table_association.app",
            "module.networking.aws_route_table_association.db",
            "module.networking.aws_route_table_association.public",
            "module.networking.aws_subnet.private_app",
            "module.networking.aws_subnet.private_db",
            "module.networking.aws_subnet.public",
            "module.networking.aws_vpc.Abraham"
          ],
          "create_before_destroy": true
        }
      ]
    },
    {
      "module": "module.security",
      "mode": "managed",
      "type": "aws_security_group",
      "name": "web",
      "provider": "provider[\"registry.terraform.io/hashicorp/aws\"]",
      "instances": [
        {
          "schema_version": 1,
          "attributes": {
            "arn": "arn:aws:ec2:eu-west-1:697863031884:security-group/sg-0b3f89674096ac6e0",
            "description": "Web/ALB SG: Allow HTTP, ICMP, and health checks",
            "egress": [],
            "id": "sg-0b3f89674096ac6e0",
            "ingress": [],
            "name": "web-sg",
            "name_prefix": "",
            "owner_id": "697863031884",
            "region": "eu-west-1",
            "revoke_rules_on_delete": false,
            "tags": {
              "Environment": "dev",
              "Name": "web-sg",
              "Owner": "your_name",
              "Project": "3tier-iac",
              "Tier": "web"
            },
            "tags_all": {
              "Environment": "dev",
              "Name": "web-sg",
              "Owner": "your_name",
              "Project": "3tier-iac",
              "Tier": "web"
            },
            "timeouts": null,
            "vpc_id": "vpc-0d0261787f7d1e1b3"
          },
          "sensitive_attributes": [],
          "identity_schema_version": 0,
          "identity": {
            "account_id": "697863031884",
            "id": "sg-0b3f89674096ac6e0",
            "region": "eu-west-1"
          },
          "private": "eyJlMmJmYjczMC1lY2FhLTExZTYtOGY4OC0zNDM2M2JjN2M0YzAiOnsiY3JlYXRlIjo2MDAwMDAwMDAwMDAsImRlbGV0ZSI6OTAwMDAwMDAwMDAwfSwic2NoZW1hX3ZlcnNpb24iOiIxIn0=",
          "dependencies": [
            "module.networking.aws_eip.nat",
            "module.networking.aws_internet_gateway.igw",
            "module.networking.aws_nat_gateway.nat",
            "module.networking.aws_route_table.app",
            "module.networking.aws_route_table.db",
            "module.networking.aws_route_table.public",
            "module.networking.aws_route_table_association.app",
            "module.networking.aws_route_table_association.db",
            "module.networking.aws_route_table_association.public",
            "module.networking.aws_subnet.private_app",
            "module.networking.aws_subnet.private_db",
            "module.networking.aws_subnet.public",
            "module.networking.aws_vpc.Abraham"
          ],
          "create_before_destroy": true
        }
      ]
    },
    {
      "module": "module.security",
      "mode": "managed",
      "type": "aws_vpc_security_group_egress_rule",
      "name": "app_all",
      "provider": "provider[\"registry.terraform.io/hashicorp/aws\"]",
      "instances": [
        {
          "schema_version": 0,
          "attributes": {
            "arn": "arn:aws:ec2:eu-west-1:697863031884:security-group-rule/sgr-09cc152b217240d98",
            "cidr_ipv4": "0.0.0.0/0",
            "cidr_ipv6": null,
            "description": null,
            "from_port": null,
            "id": "sgr-09cc152b217240d98",
            "ip_protocol": "-1",
            "prefix_list_id": null,
            "referenced_security_group_id": null,
            "region": "eu-west-1",
            "security_group_id": "sg-08b2c288c5b0bea73",
            "security_group_rule_id": "sgr-09cc152b217240d98",
            "tags": null,
            "tags_all": {},
            "to_port": null
          },
          "sensitive_attributes": [],
          "identity_schema_version": 0,
          "identity": {
            "account_id": "697863031884",
            "id": "sgr-09cc152b217240d98",
            "region": "eu-west-1"
          },
          "dependencies": [
            "module.networking.aws_eip.nat",
            "module.networking.aws_internet_gateway.igw",
            "module.networking.aws_nat_gateway.nat",
            "module.networking.aws_route_table.app",
            "module.networking.aws_route_table.db",
            "module.networking.aws_route_table.public",
            "module.networking.aws_route_table_association.app",
            "module.networking.aws_route_table_association.db",
            "module.networking.aws_route_table_association.public",
            "module.networking.aws_subnet.private_app",
            "module.networking.aws_subnet.private_db",
            "module.networking.aws_subnet.public",
            "module.networking.aws_vpc.Abraham",
            "module.security.aws_security_group.app"
          ],
          "create_before_destroy": true
        }
      ]
    },
    {
      "module": "module.security",
      "mode": "managed",
      "type": "aws_vpc_security_group_egress_rule",
      "name": "db_all",
      "provider": "provider[\"registry.terraform.io/hashicorp/aws\"]",
      "instances": [
        {
          "schema_version": 0,
          "attributes": {
            "arn": "arn:aws:ec2:eu-west-1:697863031884:security-group-rule/sgr-07597aa479b4c2f14",
            "cidr_ipv4": "0.0.0.0/0",
            "cidr_ipv6": null,
            "description": null,
            "from_port": null,
            "id": "sgr-07597aa479b4c2f14",
            "ip_protocol": "-1",
            "prefix_list_id": null,
            "referenced_security_group_id": null,
            "region": "eu-west-1",
            "security_group_id": "sg-002142fc34d506a4e",
            "security_group_rule_id": "sgr-07597aa479b4c2f14",
            "tags": null,
            "tags_all": {},
            "to_port": null
          },
          "sensitive_attributes": [],
          "identity_schema_version": 0,
          "identity": {
            "account_id": "697863031884",
            "id": "sgr-07597aa479b4c2f14",
            "region": "eu-west-1"
          },
          "dependencies": [
            "module.networking.aws_eip.nat",
            "module.networking.aws_internet_gateway.igw",
            "module.networking.aws_nat_gateway.nat",
            "module.networking.aws_route_table.app",
            "module.networking.aws_route_table.db",
            "module.networking.aws_route_table.public",
            "module.networking.aws_route_table_association.app",
            "module.networking.aws_route_table_association.db",
            "module.networking.aws_route_table_association.public",
            "module.networking.aws_subnet.private_app",
            "module.networking.aws_subnet.private_db",
            "module.networking.aws_subnet.public",
            "module.networking.aws_vpc.Abraham",
            "module.security.aws_security_group.db"
          ],
          "create_before_destroy": true
        }
      ]
    },
    {
      "module": "module.security",
      "mode": "managed",
      "type": "aws_vpc_security_group_egress_rule",
      "name": "web_all",
      "provider": "provider[\"registry.terraform.io/hashicorp/aws\"]",
      "instances": [
        {
          "schema_version": 0,
          "attributes": {
            "arn": "arn:aws:ec2:eu-west-1:697863031884:security-group-rule/sgr-0e6c5668836ddc54e",
            "cidr_ipv4": "0.0.0.0/0",
            "cidr_ipv6": null,
            "description": null,
            "from_port": null,
            "id": "sgr-0e6c5668836ddc54e",
            "ip_protocol": "-1",
            "prefix_list_id": null,
            "referenced_security_group_id": null,
            "region": "eu-west-1",
            "security_group_id": "sg-0b3f89674096ac6e0",
            "security_group_rule_id": "sgr-0e6c5668836ddc54e",
            "tags": null,
            "tags_all": {},
            "to_port": null
          },
          "sensitive_attributes": [],
          "identity_schema_version": 0,
          "identity": {
            "account_id": "697863031884",
            "id": "sgr-0e6c5668836ddc54e",
            "region": "eu-west-1"
          },
          "dependencies": [
            "module.networking.aws_eip.nat",
            "module.networking.aws_internet_gateway.igw",
            "module.networking.aws_nat_gateway.nat",
            "module.networking.aws_route_table.app",
            "module.networking.aws_route_table.db",
            "module.networking.aws_route_table.public",
            "module.networking.aws_route_table_association.app",
            "module.networking.aws_route_table_association.db",
            "module.networking.aws_route_table_association.public",
            "module.networking.aws_subnet.private_app",
            "module.networking.aws_subnet.private_db",
            "module.networking.aws_subnet.public",
            "module.networking.aws_vpc.Abraham",
            "module.security.aws_security_group.web"
          ],
          "create_before_destroy": true
        }
      ]
    },
    {
      "module": "module.security",
      "mode": "managed",
      "type": "aws_vpc_security_group_ingress_rule",
      "name": "app_http",
      "provider": "provider[\"registry.terraform.io/hashicorp/aws\"]",
      "instances": [
        {
          "schema_version": 0,
          "attributes": {
            "arn": "arn:aws:ec2:eu-west-1:697863031884:security-group-rule/sgr-0447c795a2c504d32",
            "cidr_ipv4": null,
            "cidr_ipv6": null,
            "description": null,
            "from_port": 80,
            "id": "sgr-0447c795a2c504d32",
            "ip_protocol": "tcp",
            "prefix_list_id": null,
            "referenced_security_group_id": "sg-0b3f89674096ac6e0",
            "region": "eu-west-1",
            "security_group_id": "sg-08b2c288c5b0bea73",
            "security_group_rule_id": "sgr-0447c795a2c504d32",
            "tags": null,
            "tags_all": {},
            "to_port": 80
          },
          "sensitive_attributes": [],
          "identity_schema_version": 0,
          "identity": {
            "account_id": "697863031884",
            "id": "sgr-0447c795a2c504d32",
            "region": "eu-west-1"
          },
          "dependencies": [
            "module.networking.aws_eip.nat",
            "module.networking.aws_internet_gateway.igw",
            "module.networking.aws_nat_gateway.nat",
            "module.networking.aws_route_table.app",
            "module.networking.aws_route_table.db",
            "module.networking.aws_route_table.public",
            "module.networking.aws_route_table_association.app",
            "module.networking.aws_route_table_association.db",
            "module.networking.aws_route_table_association.public",
            "module.networking.aws_subnet.private_app",
            "module.networking.aws_subnet.private_db",
            "module.networking.aws_subnet.public",
            "module.networking.aws_vpc.Abraham",
            "module.security.aws_security_group.app",
            "module.security.aws_security_group.web"
          ],
          "create_before_destroy": true
        }
      ]
    },
    {
      "module": "module.security",
      "mode": "managed",
      "type": "aws_vpc_security_group_ingress_rule",
      "name": "app_icmp",
      "provider": "provider[\"registry.terraform.io/hashicorp/aws\"]",
      "instances": [
        {
          "schema_version": 0,
          "attributes": {
            "arn": "arn:aws:ec2:eu-west-1:697863031884:security-group-rule/sgr-038f532750685fc54",
            "cidr_ipv4": null,
            "cidr_ipv6": null,
            "description": null,
            "from_port": -1,
            "id": "sgr-038f532750685fc54",
            "ip_protocol": "icmp",
            "prefix_list_id": null,
            "referenced_security_group_id": "sg-0b3f89674096ac6e0",
            "region": "eu-west-1",
            "security_group_id": "sg-08b2c288c5b0bea73",
            "security_group_rule_id": "sgr-038f532750685fc54",
            "tags": null,
            "tags_all": {},
            "to_port": -1
          },
          "sensitive_attributes": [],
          "identity_schema_version": 0,
          "identity": {
            "account_id": "697863031884",
            "id": "sgr-038f532750685fc54",
            "region": "eu-west-1"
          },
          "dependencies": [
            "module.networking.aws_eip.nat",
            "module.networking.aws_internet_gateway.igw",
            "module.networking.aws_nat_gateway.nat",
            "module.networking.aws_route_table.app",
            "module.networking.aws_route_table.db",
            "module.networking.aws_route_table.public",
            "module.networking.aws_route_table_association.app",
            "module.networking.aws_route_table_association.db",
            "module.networking.aws_route_table_association.public",
            "module.networking.aws_subnet.private_app",
            "module.networking.aws_subnet.private_db",
            "module.networking.aws_subnet.public",
            "module.networking.aws_vpc.Abraham",
            "module.security.aws_security_group.app",
            "module.security.aws_security_group.web"
          ],
          "create_before_destroy": true
        }
      ]
    },
    {
      "module": "module.security",
      "mode": "managed",
      "type": "aws_vpc_security_group_ingress_rule",
      "name": "db_icmp",
      "provider": "provider[\"registry.terraform.io/hashicorp/aws\"]",
      "instances": [
        {
          "schema_version": 0,
          "attributes": {
            "arn": "arn:aws:ec2:eu-west-1:697863031884:security-group-rule/sgr-00b56362ffc712f1f",
            "cidr_ipv4": null,
            "cidr_ipv6": null,
            "description": null,
            "from_port": -1,
            "id": "sgr-00b56362ffc712f1f",
            "ip_protocol": "icmp",
            "prefix_list_id": null,
            "referenced_security_group_id": "sg-08b2c288c5b0bea73",
            "region": "eu-west-1",
            "security_group_id": "sg-002142fc34d506a4e",
            "security_group_rule_id": "sgr-00b56362ffc712f1f",
            "tags": null,
            "tags_all": {},
            "to_port": -1
          },
          "sensitive_attributes": [],
          "identity_schema_version": 0,
          "identity": {
            "account_id": "697863031884",
            "id": "sgr-00b56362ffc712f1f",
            "region": "eu-west-1"
          },
          "dependencies": [
            "module.networking.aws_eip.nat",
            "module.networking.aws_internet_gateway.igw",
            "module.networking.aws_nat_gateway.nat",
            "module.networking.aws_route_table.app",
            "module.networking.aws_route_table.db",
            "module.networking.aws_route_table.public",
            "module.networking.aws_route_table_association.app",
            "module.networking.aws_route_table_association.db",
            "module.networking.aws_route_table_association.public",
            "module.networking.aws_subnet.private_app",
            "module.networking.aws_subnet.private_db",
            "module.networking.aws_subnet.public",
            "module.networking.aws_vpc.Abraham",
            "module.security.aws_security_group.app",
            "module.security.aws_security_group.db"
          ],
          "create_before_destroy": true
        }
      ]
    },
    {
      "module": "module.security",
      "mode": "managed",
      "type": "aws_vpc_security_group_ingress_rule",
      "name": "db_mysql",
      "provider": "provider[\"registry.terraform.io/hashicorp/aws\"]",
      "instances": [
        {
          "schema_version": 0,
          "attributes": {
            "arn": "arn:aws:ec2:eu-west-1:697863031884:security-group-rule/sgr-049ebc90cd5f6831f",
            "cidr_ipv4": null,
            "cidr_ipv6": null,
            "description": null,
            "from_port": 3306,
            "id": "sgr-049ebc90cd5f6831f",
            "ip_protocol": "tcp",
            "prefix_list_id": null,
            "referenced_security_group_id": "sg-08b2c288c5b0bea73",
            "region": "eu-west-1",
            "security_group_id": "sg-002142fc34d506a4e",
            "security_group_rule_id": "sgr-049ebc90cd5f6831f",
            "tags": null,
            "tags_all": {},
            "to_port": 3306
          },
          "sensitive_attributes": [],
          "identity_schema_version": 0,
          "identity": {
            "account_id": "697863031884",
            "id": "sgr-049ebc90cd5f6831f",
            "region": "eu-west-1"
          },
          "dependencies": [
            "module.networking.aws_eip.nat",
            "module.networking.aws_internet_gateway.igw",
            "module.networking.aws_nat_gateway.nat",
            "module.networking.aws_route_table.app",
            "module.networking.aws_route_table.db",
            "module.networking.aws_route_table.public",
            "module.networking.aws_route_table_association.app",
            "module.networking.aws_route_table_association.db",
            "module.networking.aws_route_table_association.public",
            "module.networking.aws_subnet.private_app",
            "module.networking.aws_subnet.private_db",
            "module.networking.aws_subnet.public",
            "module.networking.aws_vpc.Abraham",
            "module.security.aws_security_group.app",
            "module.security.aws_security_group.db"
          ],
          "create_before_destroy": true
        }
      ]
    },
    {
      "module": "module.security",
      "mode": "managed",
      "type": "aws_vpc_security_group_ingress_rule",
      "name": "web_http",
      "provider": "provider[\"registry.terraform.io/hashicorp/aws\"]",
      "instances": [
        {
          "schema_version": 0,
          "attributes": {
            "arn": "arn:aws:ec2:eu-west-1:697863031884:security-group-rule/sgr-0467e845109d7377d",
            "cidr_ipv4": "0.0.0.0/0",
            "cidr_ipv6": null,
            "description": null,
            "from_port": 80,
            "id": "sgr-0467e845109d7377d",
            "ip_protocol": "tcp",
            "prefix_list_id": null,
            "referenced_security_group_id": null,
            "region": "eu-west-1",
            "security_group_id": "sg-0b3f89674096ac6e0",
            "security_group_rule_id": "sgr-0467e845109d7377d",
            "tags": null,
            "tags_all": {},
            "to_port": 80
          },
          "sensitive_attributes": [],
          "identity_schema_version": 0,
          "identity": {
            "account_id": "697863031884",
            "id": "sgr-0467e845109d7377d",
            "region": "eu-west-1"
          },
          "dependencies": [
            "module.networking.aws_eip.nat",
            "module.networking.aws_internet_gateway.igw",
            "module.networking.aws_nat_gateway.nat",
            "module.networking.aws_route_table.app",
            "module.networking.aws_route_table.db",
            "module.networking.aws_route_table.public",
            "module.networking.aws_route_table_association.app",
            "module.networking.aws_route_table_association.db",
            "module.networking.aws_route_table_association.public",
            "module.networking.aws_subnet.private_app",
            "module.networking.aws_subnet.private_db",
            "module.networking.aws_subnet.public",
            "module.networking.aws_vpc.Abraham",
            "module.security.aws_security_group.web"
          ],
          "create_before_destroy": true
        }
      ]
    },
    {
      "module": "module.security",
      "mode": "managed",
      "type": "aws_vpc_security_group_ingress_rule",
      "name": "web_icmp",
      "provider": "provider[\"registry.terraform.io/hashicorp/aws\"]",
      "instances": [
        {
          "schema_version": 0,
          "attributes": {
            "arn": "arn:aws:ec2:eu-west-1:697863031884:security-group-rule/sgr-04d8ed48d14d9be40",
            "cidr_ipv4": "0.0.0.0/0",
            "cidr_ipv6": null,
            "description": null,
            "from_port": -1,
            "id": "sgr-04d8ed48d14d9be40",
            "ip_protocol": "icmp",
            "prefix_list_id": null,
            "referenced_security_group_id": null,
            "region": "eu-west-1",
            "security_group_id": "sg-0b3f89674096ac6e0",
            "security_group_rule_id": "sgr-04d8ed48d14d9be40",
            "tags": null,
            "tags_all": {},
            "to_port": -1
          },
          "sensitive_attributes": [],
          "identity_schema_version": 0,
          "identity": {
            "account_id": "697863031884",
            "id": "sgr-04d8ed48d14d9be40",
            "region": "eu-west-1"
          },
          "dependencies": [
            "module.networking.aws_eip.nat",
            "module.networking.aws_internet_gateway.igw",
            "module.networking.aws_nat_gateway.nat",
            "module.networking.aws_route_table.app",
            "module.networking.aws_route_table.db",
            "module.networking.aws_route_table.public",
            "module.networking.aws_route_table_association.app",
            "module.networking.aws_route_table_association.db",
            "module.networking.aws_route_table_association.public",
            "module.networking.aws_subnet.private_app",
            "module.networking.aws_subnet.private_db",
            "module.networking.aws_subnet.public",
            "module.networking.aws_vpc.Abraham",
            "module.security.aws_security_group.web"
          ],
          "create_before_destroy": true
        }
      ]
    }
  ],
  "check_results": [
    {
      "object_kind": "var",
      "config_addr": "var.aws_region",
      "status": "pass",
      "objects": [
        {
          "object_addr": "var.aws_region",
          "status": "pass"
        }
      ]
    }
  ]
}
