{
  "version": 4,
  "terraform_version": "1.14.3",
  "serial": 413,
  "lineage": "b95202c7-1f7b-05ae-1fbd-865812fc7931",
  "outputs": {
    "alb_dns": {
      "value": "3tier-alb-1125948243.eu-west-1.elb.amazonaws.com",
      "type": "string"
    },
    "asg_name": {
      "value": "3tier-app-asg",
      "type": "string"
    },
    "ec2_instance_profile": {
      "value": "3tier-iac-ec2-profile",
      "type": "string"
    },
    "launch_template_id": {
      "value": "lt-0ae8508a1c669ae73",
      "type": "string"
    },
    "rds_endpoint": {
      "value": "db-3tier.c7ua0ykiq7qr.eu-west-1.rds.amazonaws.com",
      "type": "string"
    },
    "rds_kms_key_id": {
      "value": "arn:aws:kms:eu-west-1:697863031884:key/055f143e-9232-4956-8caf-f86763565a99",
      "type": "string"
    },
    "secret_name": {
      "value": "3tier-iac-credentials",
      "type": "string"
    }
  },
  "resources": [
    {
      "module": "module.alb",
      "mode": "managed",
      "type": "aws_lb",
      "name": "main",
      "provider": "provider[\"registry.terraform.io/hashicorp/aws\"]",
      "instances": [
        {
          "schema_version": 0,
          "attributes": {
            "access_logs": [
              {
                "bucket": "",
                "enabled": false,
                "prefix": ""
              }
            ],
            "arn": "arn:aws:elasticloadbalancing:eu-west-1:697863031884:loadbalancer/app/3tier-alb/a0989ae7cada45b4",
            "arn_suffix": "app/3tier-alb/a0989ae7cada45b4",
            "client_keep_alive": 3600,
            "connection_logs": [
              {
                "bucket": "",
                "enabled": false,
                "prefix": ""
              }
            ],
            "customer_owned_ipv4_pool": "",
            "desync_mitigation_mode": "defensive",
            "dns_name": "3tier-alb-1125948243.eu-west-1.elb.amazonaws.com",
            "dns_record_client_routing_policy": null,
            "drop_invalid_header_fields": false,
            "enable_cross_zone_load_balancing": true,
            "enable_deletion_protection": false,
            "enable_http2": true,
            "enable_tls_version_and_cipher_suite_headers": false,
            "enable_waf_fail_open": false,
            "enable_xff_client_port": false,
            "enable_zonal_shift": false,
            "enforce_security_group_inbound_rules_on_private_link_traffic": "",
            "health_check_logs": [
              {
                "bucket": "",
                "enabled": false,
                "prefix": ""
              }
            ],
            "id": "arn:aws:elasticloadbalancing:eu-west-1:697863031884:loadbalancer/app/3tier-alb/a0989ae7cada45b4",
            "idle_timeout": 60,
            "internal": false,
            "ip_address_type": "ipv4",
            "ipam_pools": [],
            "load_balancer_type": "application",
            "minimum_load_balancer_capacity": [],
            "name": "3tier-alb",
            "name_prefix": "",
            "preserve_host_header": false,
            "region": "eu-west-1",
            "secondary_ips_auto_assigned_per_subnet": null,
            "security_groups": [
              "sg-0eab639fe9394b19a"
            ],
            "subnet_mapping": [
              {
                "allocation_id": "",
                "ipv6_address": "",
                "outpost_id": "",
                "private_ipv4_address": "",
                "subnet_id": "subnet-04f991466b7ab3aad"
              },
              {
                "allocation_id": "",
                "ipv6_address": "",
                "outpost_id": "",
                "private_ipv4_address": "",
                "subnet_id": "subnet-0576ee190e92a9535"
              }
            ],
            "subnets": [
              "subnet-04f991466b7ab3aad",
              "subnet-0576ee190e92a9535"
            ],
            "tags": {
              "Environment": "dev",
              "Name": "3tier-alb",
              "Owner": "your_name",
              "Project": "3tier-iac"
            },
            "tags_all": {
              "Environment": "dev",
              "Name": "3tier-alb",
              "Owner": "your_name",
              "Project": "3tier-iac"
            },
            "timeouts": null,
            "vpc_id": "vpc-0cbb1477f21e048bc",
            "xff_header_processing_mode": "append",
            "zone_id": "Z32O12XQLNTSW2"
          },
          "sensitive_attributes": [],
          "identity_schema_version": 0,
          "identity": {
            "arn": "arn:aws:elasticloadbalancing:eu-west-1:697863031884:loadbalancer/app/3tier-alb/a0989ae7cada45b4"
          },
          "private": "eyJlMmJmYjczMC1lY2FhLTExZTYtOGY4OC0zNDM2M2JjN2M0YzAiOnsiY3JlYXRlIjo2MDAwMDAwMDAwMDAsImRlbGV0ZSI6NjAwMDAwMDAwMDAwLCJ1cGRhdGUiOjYwMDAwMDAwMDAwMH19",
          "dependencies": [
            "module.networking.aws_eip.nat",
            "module.networking.aws_internet_gateway.igw",
            "module.networking.aws_nat_gateway.nat",
            "module.networking.aws_route_table.app",
            "module.networking.aws_route_table.db",
            "module.networking.aws_route_table.public",
            "module.networking.aws_route_table_association.app",
            "module.networking.aws_route_table_association.db",
            "module.networking.aws_route_table_association.public",
            "module.networking.aws_subnet.private_app",
            "module.networking.aws_subnet.private_db",
            "module.networking.aws_subnet.public",
            "module.networking.aws_vpc.main",
            "module.security.aws_security_group.app",
            "module.security.aws_security_group.db",
            "module.security.aws_security_group.web",
            "module.security.aws_vpc_security_group_egress_rule.app_all",
            "module.security.aws_vpc_security_group_egress_rule.db_all",
            "module.security.aws_vpc_security_group_egress_rule.web_all",
            "module.security.aws_vpc_security_group_ingress_rule.app_http",
            "module.security.aws_vpc_security_group_ingress_rule.app_icmp",
            "module.security.aws_vpc_security_group_ingress_rule.db_icmp",
            "module.security.aws_vpc_security_group_ingress_rule.db_mysql",
            "module.security.aws_vpc_security_group_ingress_rule.web_http",
            "module.security.aws_vpc_security_group_ingress_rule.web_https",
            "module.security.aws_vpc_security_group_ingress_rule.web_icmp"
          ],
          "create_before_destroy": true
        }
      ]
    },
    {
      "module": "module.alb",
      "mode": "managed",
      "type": "aws_lb_listener",
      "name": "http",
      "provider": "provider[\"registry.terraform.io/hashicorp/aws\"]",
      "instances": [
        {
          "schema_version": 0,
          "attributes": {
            "alpn_policy": null,
            "arn": "arn:aws:elasticloadbalancing:eu-west-1:697863031884:listener/app/3tier-alb/a0989ae7cada45b4/54b6590cbed65927",
            "certificate_arn": null,
            "default_action": [
              {
                "authenticate_cognito": [],
                "authenticate_oidc": [],
                "fixed_response": [],
                "forward": [],
                "jwt_validation": [],
                "order": 1,
                "redirect": [],
                "target_group_arn": "arn:aws:elasticloadbalancing:eu-west-1:697863031884:targetgroup/3tier-tg/5696a66b09cd99c4",
                "type": "forward"
              }
            ],
            "id": "arn:aws:elasticloadbalancing:eu-west-1:697863031884:listener/app/3tier-alb/a0989ae7cada45b4/54b6590cbed65927",
            "load_balancer_arn": "arn:aws:elasticloadbalancing:eu-west-1:697863031884:loadbalancer/app/3tier-alb/a0989ae7cada45b4",
            "mutual_authentication": [],
            "port": 80,
            "protocol": "HTTP",
            "region": "eu-west-1",
            "routing_http_request_x_amzn_mtls_clientcert_header_name": null,
            "routing_http_request_x_amzn_mtls_clientcert_issuer_header_name": null,
            "routing_http_request_x_amzn_mtls_clientcert_leaf_header_name": null,
            "routing_http_request_x_amzn_mtls_clientcert_serial_number_header_name": null,
            "routing_http_request_x_amzn_mtls_clientcert_subject_header_name": null,
            "routing_http_request_x_amzn_mtls_clientcert_validity_header_name": null,
            "routing_http_request_x_amzn_tls_cipher_suite_header_name": null,
            "routing_http_request_x_amzn_tls_version_header_name": null,
            "routing_http_response_access_control_allow_credentials_header_value": "",
            "routing_http_response_access_control_allow_headers_header_value": "",
            "routing_http_response_access_control_allow_methods_header_value": "",
            "routing_http_response_access_control_allow_origin_header_value": "",
            "routing_http_response_access_control_expose_headers_header_value": "",
            "routing_http_response_access_control_max_age_header_value": "",
            "routing_http_response_content_security_policy_header_value": "",
            "routing_http_response_server_enabled": true,
            "routing_http_response_strict_transport_security_header_value": "",
            "routing_http_response_x_content_type_options_header_value": "",
            "routing_http_response_x_frame_options_header_value": "",
            "ssl_policy": "",
            "tags": {},
            "tags_all": {},
            "tcp_idle_timeout_seconds": null,
            "timeouts": null
          },
          "sensitive_attributes": [],
          "identity_schema_version": 0,
          "identity": {
            "arn": "arn:aws:elasticloadbalancing:eu-west-1:697863031884:listener/app/3tier-alb/a0989ae7cada45b4/54b6590cbed65927"
          },
          "private": "eyJlMmJmYjczMC1lY2FhLTExZTYtOGY4OC0zNDM2M2JjN2M0YzAiOnsiY3JlYXRlIjozMDAwMDAwMDAwMDAsInVwZGF0ZSI6MzAwMDAwMDAwMDAwfX0=",
          "dependencies": [
            "module.alb.aws_lb.main",
            "module.alb.aws_lb_target_group.main",
            "module.networking.aws_eip.nat",
            "module.networking.aws_internet_gateway.igw",
            "module.networking.aws_nat_gateway.nat",
            "module.networking.aws_route_table.app",
            "module.networking.aws_route_table.db",
            "module.networking.aws_route_table.public",
            "module.networking.aws_route_table_association.app",
            "module.networking.aws_route_table_association.db",
            "module.networking.aws_route_table_association.public",
            "module.networking.aws_subnet.private_app",
            "module.networking.aws_subnet.private_db",
            "module.networking.aws_subnet.public",
            "module.networking.aws_vpc.main",
            "module.security.aws_security_group.app",
            "module.security.aws_security_group.db",
            "module.security.aws_security_group.web",
            "module.security.aws_vpc_security_group_egress_rule.app_all",
            "module.security.aws_vpc_security_group_egress_rule.db_all",
            "module.security.aws_vpc_security_group_egress_rule.web_all",
            "module.security.aws_vpc_security_group_ingress_rule.app_http",
            "module.security.aws_vpc_security_group_ingress_rule.app_icmp",
            "module.security.aws_vpc_security_group_ingress_rule.db_icmp",
            "module.security.aws_vpc_security_group_ingress_rule.db_mysql",
            "module.security.aws_vpc_security_group_ingress_rule.web_http",
            "module.security.aws_vpc_security_group_ingress_rule.web_https",
            "module.security.aws_vpc_security_group_ingress_rule.web_icmp"
          ],
          "create_before_destroy": true
        }
      ]
    },
    {
      "module": "module.alb",
      "mode": "managed",
      "type": "aws_lb_target_group",
      "name": "main",
      "provider": "provider[\"registry.terraform.io/hashicorp/aws\"]",
      "instances": [
        {
          "schema_version": 0,
          "attributes": {
            "arn": "arn:aws:elasticloadbalancing:eu-west-1:697863031884:targetgroup/3tier-tg/5696a66b09cd99c4",
            "arn_suffix": "targetgroup/3tier-tg/5696a66b09cd99c4",
            "connection_termination": null,
            "deregistration_delay": "300",
            "health_check": [
              {
                "enabled": true,
                "healthy_threshold": 2,
                "interval": 30,
                "matcher": "200",
                "path": "/health",
                "port": "traffic-port",
                "protocol": "HTTP",
                "timeout": 5,
                "unhealthy_threshold": 2
              }
            ],
            "id": "arn:aws:elasticloadbalancing:eu-west-1:697863031884:targetgroup/3tier-tg/5696a66b09cd99c4",
            "ip_address_type": "ipv4",
            "lambda_multi_value_headers_enabled": false,
            "load_balancer_arns": [
              "arn:aws:elasticloadbalancing:eu-west-1:697863031884:loadbalancer/app/3tier-alb/a0989ae7cada45b4"
            ],
            "load_balancing_algorithm_type": "round_robin",
            "load_balancing_anomaly_mitigation": "off",
            "load_balancing_cross_zone_enabled": "use_load_balancer_configuration",
            "name": "3tier-tg",
            "name_prefix": "",
            "port": 80,
            "preserve_client_ip": null,
            "protocol": "HTTP",
            "protocol_version": "HTTP1",
            "proxy_protocol_v2": false,
            "region": "eu-west-1",
            "slow_start": 0,
            "stickiness": [
              {
                "cookie_duration": 86400,
                "cookie_name": "",
                "enabled": false,
                "type": "lb_cookie"
              }
            ],
            "tags": {
              "Environment": "dev",
              "Name": "3tier-tg",
              "Owner": "your_name",
              "Project": "3tier-iac"
            },
            "tags_all": {
              "Environment": "dev",
              "Name": "3tier-tg",
              "Owner": "your_name",
              "Project": "3tier-iac"
            },
            "target_control_port": 0,
            "target_failover": [
              {
                "on_deregistration": null,
                "on_unhealthy": null
              }
            ],
            "target_group_health": [
              {
                "dns_failover": [
                  {
                    "minimum_healthy_targets_count": "1",
                    "minimum_healthy_targets_percentage": "off"
                  }
                ],
                "unhealthy_state_routing": [
                  {
                    "minimum_healthy_targets_count": 1,
                    "minimum_healthy_targets_percentage": "off"
                  }
                ]
              }
            ],
            "target_health_state": [
              {
                "enable_unhealthy_connection_termination": null,
                "unhealthy_draining_interval": null
              }
            ],
            "target_type": "instance",
            "vpc_id": "vpc-0cbb1477f21e048bc"
          },
          "sensitive_attributes": [],
          "identity_schema_version": 0,
          "identity": {
            "arn": "arn:aws:elasticloadbalancing:eu-west-1:697863031884:targetgroup/3tier-tg/5696a66b09cd99c4"
          },
          "private": "bnVsbA==",
          "dependencies": [
            "module.networking.aws_eip.nat",
            "module.networking.aws_internet_gateway.igw",
            "module.networking.aws_nat_gateway.nat",
            "module.networking.aws_route_table.app",
            "module.networking.aws_route_table.db",
            "module.networking.aws_route_table.public",
            "module.networking.aws_route_table_association.app",
            "module.networking.aws_route_table_association.db",
            "module.networking.aws_route_table_association.public",
            "module.networking.aws_subnet.private_app",
            "module.networking.aws_subnet.private_db",
            "module.networking.aws_subnet.public",
            "module.networking.aws_vpc.main",
            "module.security.aws_security_group.app",
            "module.security.aws_security_group.db",
            "module.security.aws_security_group.web",
            "module.security.aws_vpc_security_group_egress_rule.app_all",
            "module.security.aws_vpc_security_group_egress_rule.db_all",
            "module.security.aws_vpc_security_group_egress_rule.web_all",
            "module.security.aws_vpc_security_group_ingress_rule.app_http",
            "module.security.aws_vpc_security_group_ingress_rule.app_icmp",
            "module.security.aws_vpc_security_group_ingress_rule.db_icmp",
            "module.security.aws_vpc_security_group_ingress_rule.db_mysql",
            "module.security.aws_vpc_security_group_ingress_rule.web_http",
            "module.security.aws_vpc_security_group_ingress_rule.web_https",
            "module.security.aws_vpc_security_group_ingress_rule.web_icmp"
          ],
          "create_before_destroy": true
        }
      ]
    },
    {
      "module": "module.compute",
      "mode": "data",
      "type": "aws_ami",
      "name": "ubuntu",
      "provider": "provider[\"registry.terraform.io/hashicorp/aws\"]",
      "instances": [
        {
          "schema_version": 0,
          "attributes": {
            "allow_unsafe_filter": null,
            "architecture": "x86_64",
            "arn": "arn:aws:ec2:eu-west-1::image/ami-0f27749973e2399b6",
            "block_device_mappings": [
              {
                "device_name": "/dev/sda1",
                "ebs": {
                  "delete_on_termination": "true",
                  "encrypted": "false",
                  "iops": "0",
                  "snapshot_id": "snap-0ab7d1be54ced206f",
                  "throughput": "0",
                  "volume_initialization_rate": "0",
                  "volume_size": "8",
                  "volume_type": "gp2"
                },
                "no_device": "",
                "virtual_name": ""
              },
              {
                "device_name": "/dev/sdb",
                "ebs": {},
                "no_device": "",
                "virtual_name": "ephemeral0"
              },
              {
                "device_name": "/dev/sdc",
                "ebs": {},
                "no_device": "",
                "virtual_name": "ephemeral1"
              }
            ],
            "boot_mode": "uefi-preferred",
            "creation_date": "2025-12-12T06:54:16.000Z",
            "deprecation_time": "2027-12-12T06:54:16.000Z",
            "description": "Canonical, Ubuntu, 22.04, amd64 jammy image",
            "ena_support": true,
            "executable_users": null,
            "filter": [
              {
                "name": "name",
                "values": [
                  "ubuntu/images/hvm-ssd/ubuntu-jammy-22.04-amd64-server-*"
                ]
              },
              {
                "name": "virtualization-type",
                "values": [
                  "hvm"
                ]
              }
            ],
            "hypervisor": "xen",
            "id": "ami-0f27749973e2399b6",
            "image_id": "ami-0f27749973e2399b6",
            "image_location": "amazon/ubuntu/images/hvm-ssd/ubuntu-jammy-22.04-amd64-server-20251212",
            "image_owner_alias": "amazon",
            "image_type": "machine",
            "imds_support": "",
            "include_deprecated": false,
            "kernel_id": "",
            "last_launched_time": "",
            "most_recent": true,
            "name": "ubuntu/images/hvm-ssd/ubuntu-jammy-22.04-amd64-server-20251212",
            "name_regex": null,
            "owner_id": "099720109477",
            "owners": [
              "099720109477"
            ],
            "platform": "",
            "platform_details": "Linux/UNIX",
            "product_codes": [],
            "public": true,
            "ramdisk_id": "",
            "region": "eu-west-1",
            "root_device_name": "/dev/sda1",
            "root_device_type": "ebs",
            "root_snapshot_id": "snap-0ab7d1be54ced206f",
            "sriov_net_support": "simple",
            "state": "available",
            "state_reason": {
              "code": "UNSET",
              "message": "UNSET"
            },
            "tags": {},
            "timeouts": null,
            "tpm_support": "",
            "uefi_data": null,
            "usage_operation": "RunInstances",
            "virtualization_type": "hvm"
          },
          "sensitive_attributes": [],
          "identity_schema_version": 0
        }
      ]
    },
    {
      "module": "module.compute",
      "mode": "managed",
      "type": "aws_autoscaling_group",
      "name": "app",
      "provider": "provider[\"registry.terraform.io/hashicorp/aws\"]",
      "instances": [
        {
          "schema_version": 1,
          "attributes": {
            "arn": "arn:aws:autoscaling:eu-west-1:697863031884:autoScalingGroup:84bced4b-366c-40a3-a597-fc69640f3b4c:autoScalingGroupName/3tier-app-asg",
            "availability_zone_distribution": [
              {
                "capacity_distribution_strategy": "balanced-best-effort"
              }
            ],
            "availability_zones": [
              "eu-west-1a",
              "eu-west-1b"
            ],
            "capacity_rebalance": false,
            "capacity_reservation_specification": [
              {
                "capacity_reservation_preference": "default",
                "capacity_reservation_target": []
              }
            ],
            "context": "",
            "default_cooldown": 300,
            "default_instance_warmup": 0,
            "desired_capacity": 2,
            "desired_capacity_type": "",
            "enabled_metrics": null,
            "force_delete": false,
            "force_delete_warm_pool": false,
            "health_check_grace_period": 300,
            "health_check_type": "EC2",
            "id": "3tier-app-asg",
            "ignore_failed_scaling_activities": false,
            "initial_lifecycle_hook": [],
            "instance_maintenance_policy": [],
            "instance_refresh": [],
            "launch_configuration": "",
            "launch_template": [
              {
                "id": "lt-0ae8508a1c669ae73",
                "name": "3tier-app-lt-20260122164532968400000003",
                "version": "$Latest"
              }
            ],
            "load_balancers": [],
            "max_instance_lifetime": 0,
            "max_size": 2,
            "metrics_granularity": "1Minute",
            "min_elb_capacity": null,
            "min_size": 2,
            "mixed_instances_policy": [],
            "name": "3tier-app-asg",
            "name_prefix": "",
            "placement_group": "",
            "predicted_capacity": 0,
            "protect_from_scale_in": false,
            "region": "eu-west-1",
            "service_linked_role_arn": "arn:aws:iam::697863031884:role/aws-service-role/autoscaling.amazonaws.com/AWSServiceRoleForAutoScaling",
            "suspended_processes": null,
            "tag": [
              {
                "key": "Name",
                "propagate_at_launch": true,
                "value": "3tier-app-instance"
              }
            ],
            "target_group_arns": [
              "arn:aws:elasticloadbalancing:eu-west-1:697863031884:targetgroup/3tier-tg/5696a66b09cd99c4"
            ],
            "termination_policies": null,
            "timeouts": null,
            "traffic_source": [
              {
                "identifier": "arn:aws:elasticloadbalancing:eu-west-1:697863031884:targetgroup/3tier-tg/5696a66b09cd99c4",
                "type": "elbv2"
              }
            ],
            "vpc_zone_identifier": [
              "subnet-0b33b4b460a86833c",
              "subnet-0c39f9f6d1faf1cfc"
            ],
            "wait_for_capacity_timeout": "10m",
            "wait_for_elb_capacity": null,
            "warm_pool": [],
            "warm_pool_size": 0
          },
          "sensitive_attributes": [],
          "identity_schema_version": 0,
          "private": "eyJlMmJmYjczMC1lY2FhLTExZTYtOGY4OC0zNDM2M2JjN2M0YzAiOnsiZGVsZXRlIjo2MDAwMDAwMDAwMDAsInVwZGF0ZSI6NjAwMDAwMDAwMDAwfSwic2NoZW1hX3ZlcnNpb24iOiIxIn0=",
          "dependencies": [
            "module.alb.aws_lb.main",
            "module.alb.aws_lb_listener.http",
            "module.alb.aws_lb_listener.https",
            "module.alb.aws_lb_target_group.main",
            "module.compute.aws_launch_template.app",
            "module.compute.data.aws_ami.ubuntu",
            "module.database.aws_db_instance.main",
            "module.database.aws_db_instance.replica",
            "module.database.aws_db_subnet_group.main",
            "module.iam.aws_iam_instance_profile.ec2_profile",
            "module.iam.aws_iam_role.ec2_role",
            "module.iam.aws_iam_role_policy.secrets_manager_policy",
            "module.iam.aws_iam_role_policy_attachment.ssm_policy",
            "module.kms.aws_kms_alias.ebs",
            "module.kms.aws_kms_alias.rds",
            "module.kms.aws_kms_alias.secrets",
            "module.kms.aws_kms_key.ebs",
            "module.kms.aws_kms_key.rds",
            "module.kms.aws_kms_key.secrets",
            "module.networking.aws_eip.nat",
            "module.networking.aws_internet_gateway.igw",
            "module.networking.aws_nat_gateway.nat",
            "module.networking.aws_route_table.app",
            "module.networking.aws_route_table.db",
            "module.networking.aws_route_table.public",
            "module.networking.aws_route_table_association.app",
            "module.networking.aws_route_table_association.db",
            "module.networking.aws_route_table_association.public",
            "module.networking.aws_subnet.private_app",
            "module.networking.aws_subnet.private_db",
            "module.networking.aws_subnet.public",
            "module.networking.aws_vpc.main",
            "module.secrets.aws_secretsmanager_secret.db_credentials",
            "module.secrets.aws_secretsmanager_secret_version.db_credentials",
            "module.secrets.random_password.db_password",
            "module.security.aws_security_group.app",
            "module.security.aws_security_group.db",
            "module.security.aws_security_group.web",
            "module.security.aws_vpc_security_group_egress_rule.app_all",
            "module.security.aws_vpc_security_group_egress_rule.db_all",
            "module.security.aws_vpc_security_group_egress_rule.web_all",
            "module.security.aws_vpc_security_group_ingress_rule.app_http",
            "module.security.aws_vpc_security_group_ingress_rule.app_icmp",
            "module.security.aws_vpc_security_group_ingress_rule.db_icmp",
            "module.security.aws_vpc_security_group_ingress_rule.db_mysql",
            "module.security.aws_vpc_security_group_ingress_rule.web_http",
            "module.security.aws_vpc_security_group_ingress_rule.web_https",
            "module.security.aws_vpc_security_group_ingress_rule.web_icmp"
          ],
          "create_before_destroy": true
        }
      ]
    },
    {
      "module": "module.compute",
      "mode": "managed",
      "type": "aws_launch_template",
      "name": "app",
      "provider": "provider[\"registry.terraform.io/hashicorp/aws\"]",
      "instances": [
        {
          "schema_version": 1,
          "attributes": {
            "arn": "arn:aws:ec2:eu-west-1:697863031884:launch-template/lt-0ae8508a1c669ae73",
            "block_device_mappings": [],
            "capacity_reservation_specification": [],
            "cpu_options": [],
            "credit_specification": [],
            "default_version": 1,
            "description": "",
            "disable_api_stop": false,
            "disable_api_termination": false,
            "ebs_optimized": "",
            "enclave_options": [],
            "hibernation_options": [],
            "iam_instance_profile": [
              {
                "arn": "",
                "name": "3tier-iac-ec2-profile"
              }
            ],
            "id": "lt-0ae8508a1c669ae73",
            "image_id": "ami-0f27749973e2399b6",
            "instance_initiated_shutdown_behavior": "",
            "instance_market_options": [],
            "instance_requirements": [],
            "instance_type": "t3.micro",
            "kernel_id": "",
            "key_name": "",
            "latest_version": 1,
            "license_specification": [],
            "maintenance_options": [],
            "metadata_options": [],
            "monitoring": [],
            "name": "3tier-app-lt-20260122164532968400000003",
            "name_prefix": "3tier-app-lt-",
            "network_interfaces": [],
            "placement": [],
            "private_dns_name_options": [],
            "ram_disk_id": "",
            "region": "eu-west-1",
            "security_group_names": null,
            "tag_specifications": [
              {
                "resource_type": "instance",
                "tags": {
                  "Environment": "dev",
                  "Name": "3tier-app-instance",
                  "Owner": "your_name",
                  "Project": "3tier-iac"
                }
              }
            ],
            "tags": null,
            "tags_all": {},
            "update_default_version": null,
            "user_data": "IyEvYmluL2Jhc2gKYXB0LWdldCB1cGRhdGUgLXkKYXB0LWdldCBpbnN0YWxsIC15IG5vZGVqcyBucG0gZ2l0IGF3c2NsaSBqcQoKIyBDbG9uZSB0aGUgYXBwbGljYXRpb24gZnJvbSBHaXRIdWIKZ2l0IGNsb25lIGh0dHBzOi8vZ2l0aHViLmNvbS9BYnJhaGFtR3lhbWZpL1RvZG8tQVBQLmdpdCAvdmFyL3d3dy90b2RvLWFwcApjZCAvdmFyL3d3dy90b2RvLWFwcAoKIyBJbnN0YWxsIGRlcGVuZGVuY2llcwpucG0gaW5zdGFsbAoKIyBGZXRjaCBzZWNyZXRzIGZyb20gQVdTIFNlY3JldHMgTWFuYWdlcgpTRUNSRVRfSlNPTj0kKGF3cyBzZWNyZXRzbWFuYWdlciBnZXQtc2VjcmV0LXZhbHVlIC0tc2VjcmV0LWlkIDN0aWVyLWlhYy1jcmVkZW50aWFscyAtLXJlZ2lvbiBldS13ZXN0LTEgLS1xdWVyeSBTZWNyZXRTdHJpbmcgLS1vdXRwdXQgdGV4dCkKREJfVVNFUk5BTUU9JChlY2hvICRTRUNSRVRfSlNPTiB8IGpxIC1yICcudXNlcm5hbWUnKQpEQl9QQVNTV09SRD0kKGVjaG8gJFNFQ1JFVF9KU09OIHwganEgLXIgJy5wYXNzd29yZCcpCgojIFNldCBlbnZpcm9ubWVudCB2YXJpYWJsZXMgZm9yIHRoZSBhcHAKY2F0ID4gL2V0Yy9lbnZpcm9ubWVudCA8PEVOVgpEQl9IT1NUPWRiLTN0aWVyLmM3dWEweWtpcTdxci5ldS13ZXN0LTEucmRzLmFtYXpvbmF3cy5jb20KREJfVVNFUj0kREJfVVNFUk5BTUUKREJfUEFTUz0kREJfUEFTU1dPUkQKREJfTkFNRT1teWRiClBPUlQ9ODAKRU5WCgpjYXQgPiAvZXRjL3N5c3RlbWQvc3lzdGVtL3RvZG8tYXBwLnNlcnZpY2UgPDwnU1ZDJwpbVW5pdF0KRGVzY3JpcHRpb249VG9kbyBBcHAKQWZ0ZXI9bmV0d29yay50YXJnZXQKCltTZXJ2aWNlXQpUeXBlPXNpbXBsZQpVc2VyPXJvb3QKV29ya2luZ0RpcmVjdG9yeT0vdmFyL3d3dy90b2RvLWFwcApFbnZpcm9ubWVudEZpbGU9L2V0Yy9lbnZpcm9ubWVudApFeGVjU3RhcnQ9L3Vzci9iaW4vbm9kZSBzZXJ2ZXIuanMKUmVzdGFydD1hbHdheXMKCltJbnN0YWxsXQpXYW50ZWRCeT1tdWx0aS11c2VyLnRhcmdldApTVkMKCnN5c3RlbWN0bCBkYWVtb24tcmVsb2FkCnN5c3RlbWN0bCBlbmFibGUgdG9kby1hcHAKc3lzdGVtY3RsIHN0YXJ0IHRvZG8tYXBwCg==",
            "vpc_security_group_ids": [
              "sg-03b7cdde9b61ad8bc"
            ]
          },
          "sensitive_attributes": [],
          "identity_schema_version": 0,
          "private": "eyJzY2hlbWFfdmVyc2lvbiI6IjEifQ==",
          "dependencies": [
            "module.alb.aws_lb.main",
            "module.alb.aws_lb_listener.http",
            "module.alb.aws_lb_listener.https",
            "module.alb.aws_lb_target_group.main",
            "module.compute.data.aws_ami.ubuntu",
            "module.database.aws_db_instance.main",
            "module.database.aws_db_instance.replica",
            "module.database.aws_db_subnet_group.main",
            "module.iam.aws_iam_instance_profile.ec2_profile",
            "module.iam.aws_iam_role.ec2_role",
            "module.iam.aws_iam_role_policy.secrets_manager_policy",
            "module.iam.aws_iam_role_policy_attachment.ssm_policy",
            "module.kms.aws_kms_alias.ebs",
            "module.kms.aws_kms_alias.rds",
            "module.kms.aws_kms_alias.secrets",
            "module.kms.aws_kms_key.ebs",
            "module.kms.aws_kms_key.rds",
            "module.kms.aws_kms_key.secrets",
            "module.networking.aws_eip.nat",
            "module.networking.aws_internet_gateway.igw",
            "module.networking.aws_nat_gateway.nat",
            "module.networking.aws_route_table.app",
            "module.networking.aws_route_table.db",
            "module.networking.aws_route_table.public",
            "module.networking.aws_route_table_association.app",
            "module.networking.aws_route_table_association.db",
            "module.networking.aws_route_table_association.public",
            "module.networking.aws_subnet.private_app",
            "module.networking.aws_subnet.private_db",
            "module.networking.aws_subnet.public",
            "module.networking.aws_vpc.main",
            "module.secrets.aws_secretsmanager_secret.db_credentials",
            "module.secrets.aws_secretsmanager_secret_version.db_credentials",
            "module.secrets.random_password.db_password",
            "module.security.aws_security_group.app",
            "module.security.aws_security_group.db",
            "module.security.aws_security_group.web",
            "module.security.aws_vpc_security_group_egress_rule.app_all",
            "module.security.aws_vpc_security_group_egress_rule.db_all",
            "module.security.aws_vpc_security_group_egress_rule.web_all",
            "module.security.aws_vpc_security_group_ingress_rule.app_http",
            "module.security.aws_vpc_security_group_ingress_rule.app_icmp",
            "module.security.aws_vpc_security_group_ingress_rule.db_icmp",
            "module.security.aws_vpc_security_group_ingress_rule.db_mysql",
            "module.security.aws_vpc_security_group_ingress_rule.web_http",
            "module.security.aws_vpc_security_group_ingress_rule.web_https",
            "module.security.aws_vpc_security_group_ingress_rule.web_icmp"
          ],
          "create_before_destroy": true
        }
      ]
    },
    {
      "module": "module.database",
      "mode": "managed",
      "type": "aws_db_instance",
      "name": "main",
      "provider": "provider[\"registry.terraform.io/hashicorp/aws\"]",
      "instances": [
        {
          "schema_version": 2,
          "attributes": {
            "address": "db-3tier.c7ua0ykiq7qr.eu-west-1.rds.amazonaws.com",
            "allocated_storage": 20,
            "allow_major_version_upgrade": null,
            "apply_immediately": false,
            "arn": "arn:aws:rds:eu-west-1:697863031884:db:db-3tier",
            "auto_minor_version_upgrade": true,
            "availability_zone": "eu-west-1b",
            "backup_retention_period": 7,
            "backup_target": "region",
            "backup_window": "03:00-04:00",
            "blue_green_update": [],
            "ca_cert_identifier": "rds-ca-rsa2048-g1",
            "character_set_name": "",
            "copy_tags_to_snapshot": false,
            "custom_iam_instance_profile": "",
            "customer_owned_ip_enabled": false,
            "database_insights_mode": "standard",
            "db_name": "",
            "db_subnet_group_name": "db-subnet-group-3tier",
            "dedicated_log_volume": false,
            "delete_automated_backups": true,
            "deletion_protection": false,
            "domain": "",
            "domain_auth_secret_arn": "",
            "domain_dns_ips": null,
            "domain_fqdn": "",
            "domain_iam_role_name": "",
            "domain_ou": "",
            "enabled_cloudwatch_logs_exports": null,
            "endpoint": "db-3tier.c7ua0ykiq7qr.eu-west-1.rds.amazonaws.com:3306",
            "engine": "mysql",
            "engine_lifecycle_support": "open-source-rds-extended-support",
            "engine_version": "8.0.43",
            "engine_version_actual": "8.0.43",
            "final_snapshot_identifier": null,
            "hosted_zone_id": "Z29XKXDKYMONMX",
            "iam_database_authentication_enabled": false,
            "id": "db-D2OP2IA3B7OBVRRB7BXU6WKTXM",
            "identifier": "db-3tier",
            "identifier_prefix": "",
            "instance_class": "db.t3.micro",
            "iops": 0,
            "kms_key_id": "arn:aws:kms:eu-west-1:697863031884:key/055f143e-9232-4956-8caf-f86763565a99",
            "latest_restorable_time": "2026-01-22T16:35:04Z",
            "license_model": "general-public-license",
            "listener_endpoint": [],
            "maintenance_window": "mon:04:00-mon:05:00",
            "manage_master_user_password": null,
            "master_user_secret": [],
            "master_user_secret_kms_key_id": null,
            "max_allocated_storage": 0,
            "monitoring_interval": 0,
            "monitoring_role_arn": "",
            "multi_az": false,
            "nchar_character_set_name": "",
            "network_type": "IPV4",
            "option_group_name": "default:mysql-8-0",
            "parameter_group_name": "default.mysql8.0",
            "password": "i)RTc{0KyRxCY9nLL6wLqz=e",
            "password_wo": null,
            "password_wo_version": null,
            "performance_insights_enabled": false,
            "performance_insights_kms_key_id": "",
            "performance_insights_retention_period": 0,
            "port": 3306,
            "publicly_accessible": false,
            "region": "eu-west-1",
            "replica_mode": "",
            "replicas": [],
            "replicate_source_db": "",
            "resource_id": "db-D2OP2IA3B7OBVRRB7BXU6WKTXM",
            "restore_to_point_in_time": [],
            "s3_import": [],
            "skip_final_snapshot": true,
            "snapshot_identifier": null,
            "status": "available",
            "storage_encrypted": true,
            "storage_throughput": 0,
            "storage_type": "gp2",
            "tags": {
              "Environment": "dev",
              "Name": "db-3tier",
              "Owner": "your_name",
              "Project": "3tier-iac"
            },
            "tags_all": {
              "Environment": "dev",
              "Name": "db-3tier",
              "Owner": "your_name",
              "Project": "3tier-iac"
            },
            "timeouts": null,
            "timezone": "",
            "upgrade_storage_config": null,
            "username": "admin",
            "vpc_security_group_ids": [
              "sg-02661b133fb91ff9c"
            ]
          },
          "sensitive_attributes": [
            [
              {
                "type": "get_attr",
                "value": "password"
              }
            ],
            [
              {
                "type": "get_attr",
                "value": "password_wo"
              }
            ],
            [
              {
                "type": "get_attr",
                "value": "username"
              }
            ]
          ],
          "identity_schema_version": 0,
          "private": "eyJlMmJmYjczMC1lY2FhLTExZTYtOGY4OC0zNDM2M2JjN2M0YzAiOnsiY3JlYXRlIjozMDAwMDAwMDAwMDAwLCJkZWxldGUiOjM2MDAwMDAwMDAwMDAsInVwZGF0ZSI6NDgwMDAwMDAwMDAwMH0sInNjaGVtYV92ZXJzaW9uIjoiMiJ9",
          "dependencies": [
            "module.database.aws_db_subnet_group.main",
            "module.kms.aws_kms_alias.ebs",
            "module.kms.aws_kms_alias.rds",
            "module.kms.aws_kms_alias.secrets",
            "module.kms.aws_kms_key.ebs",
            "module.kms.aws_kms_key.rds",
            "module.kms.aws_kms_key.secrets",
            "module.networking.aws_eip.nat",
            "module.networking.aws_internet_gateway.igw",
            "module.networking.aws_nat_gateway.nat",
            "module.networking.aws_route_table.app",
            "module.networking.aws_route_table.db",
            "module.networking.aws_route_table.public",
            "module.networking.aws_route_table_association.app",
            "module.networking.aws_route_table_association.db",
            "module.networking.aws_route_table_association.public",
            "module.networking.aws_subnet.private_app",
            "module.networking.aws_subnet.private_db",
            "module.networking.aws_subnet.public",
            "module.networking.aws_vpc.main",
            "module.secrets.aws_secretsmanager_secret.db_credentials",
            "module.secrets.aws_secretsmanager_secret_version.db_credentials",
            "module.secrets.random_password.db_password",
            "module.security.aws_security_group.app",
            "module.security.aws_security_group.db",
            "module.security.aws_security_group.web",
            "module.security.aws_vpc_security_group_egress_rule.app_all",
            "module.security.aws_vpc_security_group_egress_rule.db_all",
            "module.security.aws_vpc_security_group_egress_rule.web_all",
            "module.security.aws_vpc_security_group_ingress_rule.app_http",
            "module.security.aws_vpc_security_group_ingress_rule.app_icmp",
            "module.security.aws_vpc_security_group_ingress_rule.db_icmp",
            "module.security.aws_vpc_security_group_ingress_rule.db_mysql",
            "module.security.aws_vpc_security_group_ingress_rule.web_http",
            "module.security.aws_vpc_security_group_ingress_rule.web_https",
            "module.security.aws_vpc_security_group_ingress_rule.web_icmp"
          ],
          "create_before_destroy": true
        }
      ]
    },
    {
      "module": "module.database",
      "mode": "managed",
      "type": "aws_db_instance",
      "name": "replica",
      "provider": "provider[\"registry.terraform.io/hashicorp/aws\"]",
      "instances": [
        {
          "schema_version": 2,
          "attributes": {
            "address": "db-3tier-replica.c7ua0ykiq7qr.eu-west-1.rds.amazonaws.com",
            "allocated_storage": 20,
            "allow_major_version_upgrade": null,
            "apply_immediately": false,
            "arn": "arn:aws:rds:eu-west-1:697863031884:db:db-3tier-replica",
            "auto_minor_version_upgrade": true,
            "availability_zone": "eu-west-1b",
            "backup_retention_period": 0,
            "backup_target": "region",
            "backup_window": "03:00-04:00",
            "blue_green_update": [],
            "ca_cert_identifier": "rds-ca-rsa2048-g1",
            "character_set_name": "",
            "copy_tags_to_snapshot": false,
            "custom_iam_instance_profile": "",
            "customer_owned_ip_enabled": false,
            "database_insights_mode": "standard",
            "db_name": "",
            "db_subnet_group_name": "db-subnet-group-3tier",
            "dedicated_log_volume": false,
            "delete_automated_backups": true,
            "deletion_protection": false,
            "domain": "",
            "domain_auth_secret_arn": "",
            "domain_dns_ips": null,
            "domain_fqdn": "",
            "domain_iam_role_name": "",
            "domain_ou": "",
            "enabled_cloudwatch_logs_exports": null,
            "endpoint": "db-3tier-replica.c7ua0ykiq7qr.eu-west-1.rds.amazonaws.com:3306",
            "engine": "mysql",
            "engine_lifecycle_support": "open-source-rds-extended-support",
            "engine_version": "8.0.43",
            "engine_version_actual": "8.0.43",
            "final_snapshot_identifier": null,
            "hosted_zone_id": "Z29XKXDKYMONMX",
            "iam_database_authentication_enabled": false,
            "id": "db-FIXFLDKKYQ4H43XEVEPQGJNDEU",
            "identifier": "db-3tier-replica",
            "identifier_prefix": "",
            "instance_class": "db.t3.micro",
            "iops": 0,
            "kms_key_id": "arn:aws:kms:eu-west-1:697863031884:key/055f143e-9232-4956-8caf-f86763565a99",
            "latest_restorable_time": "",
            "license_model": "general-public-license",
            "listener_endpoint": [],
            "maintenance_window": "mon:04:00-mon:05:00",
            "manage_master_user_password": null,
            "master_user_secret": [],
            "master_user_secret_kms_key_id": null,
            "max_allocated_storage": 0,
            "monitoring_interval": 0,
            "monitoring_role_arn": "",
            "multi_az": false,
            "nchar_character_set_name": "",
            "network_type": "IPV4",
            "option_group_name": "default:mysql-8-0",
            "parameter_group_name": "default.mysql8.0",
            "password": null,
            "password_wo": null,
            "password_wo_version": null,
            "performance_insights_enabled": false,
            "performance_insights_kms_key_id": "",
            "performance_insights_retention_period": 0,
            "port": 3306,
            "publicly_accessible": false,
            "region": "eu-west-1",
            "replica_mode": "",
            "replicas": [],
            "replicate_source_db": "db-3tier",
            "resource_id": "db-FIXFLDKKYQ4H43XEVEPQGJNDEU",
            "restore_to_point_in_time": [],
            "s3_import": [],
            "skip_final_snapshot": true,
            "snapshot_identifier": null,
            "status": "available",
            "storage_encrypted": true,
            "storage_throughput": 0,
            "storage_type": "gp2",
            "tags": {
              "Environment": "dev",
              "Name": "db-3tier-replica",
              "Owner": "your_name",
              "Project": "3tier-iac",
              "Role": "read-replica"
            },
            "tags_all": {
              "Environment": "dev",
              "Name": "db-3tier-replica",
              "Owner": "your_name",
              "Project": "3tier-iac",
              "Role": "read-replica"
            },
            "timeouts": null,
            "timezone": "",
            "upgrade_storage_config": null,
            "username": "admin",
            "vpc_security_group_ids": [
              "sg-02661b133fb91ff9c"
            ]
          },
          "sensitive_attributes": [
            [
              {
                "type": "get_attr",
                "value": "password"
              }
            ],
            [
              {
                "type": "get_attr",
                "value": "password_wo"
              }
            ]
          ],
          "identity_schema_version": 0,
          "private": "eyJlMmJmYjczMC1lY2FhLTExZTYtOGY4OC0zNDM2M2JjN2M0YzAiOnsiY3JlYXRlIjozMDAwMDAwMDAwMDAwLCJkZWxldGUiOjM2MDAwMDAwMDAwMDAsInVwZGF0ZSI6NDgwMDAwMDAwMDAwMH0sInNjaGVtYV92ZXJzaW9uIjoiMiJ9",
          "dependencies": [
            "module.database.aws_db_instance.main",
            "module.database.aws_db_subnet_group.main",
            "module.kms.aws_kms_alias.ebs",
            "module.kms.aws_kms_alias.rds",
            "module.kms.aws_kms_alias.secrets",
            "module.kms.aws_kms_key.ebs",
            "module.kms.aws_kms_key.rds",
            "module.kms.aws_kms_key.secrets",
            "module.networking.aws_eip.nat",
            "module.networking.aws_internet_gateway.igw",
            "module.networking.aws_nat_gateway.nat",
            "module.networking.aws_route_table.app",
            "module.networking.aws_route_table.db",
            "module.networking.aws_route_table.public",
            "module.networking.aws_route_table_association.app",
            "module.networking.aws_route_table_association.db",
            "module.networking.aws_route_table_association.public",
            "module.networking.aws_subnet.private_app",
            "module.networking.aws_subnet.private_db",
            "module.networking.aws_subnet.public",
            "module.networking.aws_vpc.main",
            "module.secrets.aws_secretsmanager_secret.db_credentials",
            "module.secrets.aws_secretsmanager_secret_version.db_credentials",
            "module.secrets.random_password.db_password",
            "module.security.aws_security_group.app",
            "module.security.aws_security_group.db",
            "module.security.aws_security_group.web",
            "module.security.aws_vpc_security_group_egress_rule.app_all",
            "module.security.aws_vpc_security_group_egress_rule.db_all",
            "module.security.aws_vpc_security_group_egress_rule.web_all",
            "module.security.aws_vpc_security_group_ingress_rule.app_http",
            "module.security.aws_vpc_security_group_ingress_rule.app_icmp",
            "module.security.aws_vpc_security_group_ingress_rule.db_icmp",
            "module.security.aws_vpc_security_group_ingress_rule.db_mysql",
            "module.security.aws_vpc_security_group_ingress_rule.web_http",
            "module.security.aws_vpc_security_group_ingress_rule.web_https",
            "module.security.aws_vpc_security_group_ingress_rule.web_icmp"
          ],
          "create_before_destroy": true
        }
      ]
    },
    {
      "module": "module.database",
      "mode": "managed",
      "type": "aws_db_subnet_group",
      "name": "main",
      "provider": "provider[\"registry.terraform.io/hashicorp/aws\"]",
      "instances": [
        {
          "schema_version": 0,
          "attributes": {
            "arn": "arn:aws:rds:eu-west-1:697863031884:subgrp:db-subnet-group-3tier",
            "description": "Managed by Terraform",
            "id": "db-subnet-group-3tier",
            "name": "db-subnet-group-3tier",
            "name_prefix": "",
            "region": "eu-west-1",
            "subnet_ids": [
              "subnet-03d475ea283648d34",
              "subnet-0f87fe80ce36b7c0d"
            ],
            "supported_network_types": [
              "IPV4"
            ],
            "tags": {
              "Environment": "dev",
              "Name": "db-subnet-group-3tier",
              "Owner": "your_name",
              "Project": "3tier-iac"
            },
            "tags_all": {
              "Environment": "dev",
              "Name": "db-subnet-group-3tier",
              "Owner": "your_name",
              "Project": "3tier-iac"
            },
            "vpc_id": "vpc-0cbb1477f21e048bc"
          },
          "sensitive_attributes": [],
          "identity_schema_version": 0,
          "private": "bnVsbA==",
          "dependencies": [
            "module.kms.aws_kms_alias.ebs",
            "module.kms.aws_kms_alias.rds",
            "module.kms.aws_kms_alias.secrets",
            "module.kms.aws_kms_key.ebs",
            "module.kms.aws_kms_key.rds",
            "module.kms.aws_kms_key.secrets",
            "module.networking.aws_eip.nat",
            "module.networking.aws_internet_gateway.igw",
            "module.networking.aws_nat_gateway.nat",
            "module.networking.aws_route_table.app",
            "module.networking.aws_route_table.db",
            "module.networking.aws_route_table.public",
            "module.networking.aws_route_table_association.app",
            "module.networking.aws_route_table_association.db",
            "module.networking.aws_route_table_association.public",
            "module.networking.aws_subnet.private_app",
            "module.networking.aws_subnet.private_db",
            "module.networking.aws_subnet.public",
            "module.networking.aws_vpc.main",
            "module.secrets.aws_secretsmanager_secret.db_credentials",
            "module.secrets.aws_secretsmanager_secret_version.db_credentials",
            "module.secrets.random_password.db_password",
            "module.security.aws_security_group.app",
            "module.security.aws_security_group.db",
            "module.security.aws_security_group.web",
            "module.security.aws_vpc_security_group_egress_rule.app_all",
            "module.security.aws_vpc_security_group_egress_rule.db_all",
            "module.security.aws_vpc_security_group_egress_rule.web_all",
            "module.security.aws_vpc_security_group_ingress_rule.app_http",
            "module.security.aws_vpc_security_group_ingress_rule.app_icmp",
            "module.security.aws_vpc_security_group_ingress_rule.db_icmp",
            "module.security.aws_vpc_security_group_ingress_rule.db_mysql",
            "module.security.aws_vpc_security_group_ingress_rule.web_http",
            "module.security.aws_vpc_security_group_ingress_rule.web_https",
            "module.security.aws_vpc_security_group_ingress_rule.web_icmp"
          ],
          "create_before_destroy": true
        }
      ]
    },
    {
      "module": "module.iam",
      "mode": "managed",
      "type": "aws_iam_instance_profile",
      "name": "ec2_profile",
      "provider": "provider[\"registry.terraform.io/hashicorp/aws\"]",
      "instances": [
        {
          "schema_version": 0,
          "attributes": {
            "arn": "arn:aws:iam::697863031884:instance-profile/3tier-iac-ec2-profile",
            "create_date": "2026-01-22T16:30:25Z",
            "id": "3tier-iac-ec2-profile",
            "name": "3tier-iac-ec2-profile",
            "name_prefix": "",
            "path": "/",
            "role": "3tier-iac-ec2-role",
            "tags": {
              "Environment": "dev",
              "Name": "3tier-iac-ec2-profile",
              "Owner": "your_name",
              "Project": "3tier-iac"
            },
            "tags_all": {
              "Environment": "dev",
              "Name": "3tier-iac-ec2-profile",
              "Owner": "your_name",
              "Project": "3tier-iac"
            },
            "unique_id": "AIPA2E67AZRGK5ORG7XRJ"
          },
          "sensitive_attributes": [],
          "identity_schema_version": 0,
          "private": "bnVsbA==",
          "dependencies": [
            "module.iam.aws_iam_role.ec2_role",
            "module.kms.aws_kms_alias.ebs",
            "module.kms.aws_kms_alias.rds",
            "module.kms.aws_kms_alias.secrets",
            "module.kms.aws_kms_key.ebs",
            "module.kms.aws_kms_key.rds",
            "module.kms.aws_kms_key.secrets",
            "module.secrets.aws_secretsmanager_secret.db_credentials",
            "module.secrets.aws_secretsmanager_secret_version.db_credentials",
            "module.secrets.random_password.db_password"
          ],
          "create_before_destroy": true
        }
      ]
    },
    {
      "module": "module.iam",
      "mode": "managed",
      "type": "aws_iam_role",
      "name": "ec2_role",
      "provider": "provider[\"registry.terraform.io/hashicorp/aws\"]",
      "instances": [
        {
          "schema_version": 0,
          "attributes": {
            "arn": "arn:aws:iam::697863031884:role/3tier-iac-ec2-role",
            "assume_role_policy": "{\"Statement\":[{\"Action\":\"sts:AssumeRole\",\"Effect\":\"Allow\",\"Principal\":{\"Service\":\"ec2.amazonaws.com\"}}],\"Version\":\"2012-10-17\"}",
            "create_date": "2026-01-22T16:30:24Z",
            "description": "",
            "force_detach_policies": false,
            "id": "3tier-iac-ec2-role",
            "inline_policy": [],
            "managed_policy_arns": [],
            "max_session_duration": 3600,
            "name": "3tier-iac-ec2-role",
            "name_prefix": "",
            "path": "/",
            "permissions_boundary": "",
            "tags": {
              "Environment": "dev",
              "Name": "3tier-iac-ec2-role",
              "Owner": "your_name",
              "Project": "3tier-iac"
            },
            "tags_all": {
              "Environment": "dev",
              "Name": "3tier-iac-ec2-role",
              "Owner": "your_name",
              "Project": "3tier-iac"
            },
            "unique_id": "AROA2E67AZRGCB45AFH7L"
          },
          "sensitive_attributes": [],
          "identity_schema_version": 0,
          "identity": {
            "account_id": "697863031884",
            "name": "3tier-iac-ec2-role"
          },
          "private": "bnVsbA==",
          "dependencies": [
            "module.kms.aws_kms_alias.ebs",
            "module.kms.aws_kms_alias.rds",
            "module.kms.aws_kms_alias.secrets",
            "module.kms.aws_kms_key.ebs",
            "module.kms.aws_kms_key.rds",
            "module.kms.aws_kms_key.secrets",
            "module.secrets.aws_secretsmanager_secret.db_credentials",
            "module.secrets.aws_secretsmanager_secret_version.db_credentials",
            "module.secrets.random_password.db_password"
          ],
          "create_before_destroy": true
        }
      ]
    },
    {
      "module": "module.iam",
      "mode": "managed",
      "type": "aws_iam_role_policy",
      "name": "secrets_manager_policy",
      "provider": "provider[\"registry.terraform.io/hashicorp/aws\"]",
      "instances": [
        {
          "schema_version": 0,
          "attributes": {
            "id": "3tier-iac-ec2-role:3tier-iac-secrets-manager-policy",
            "name": "3tier-iac-secrets-manager-policy",
            "name_prefix": "",
            "policy": "{\"Version\":\"2012-10-17\",\"Statement\":[{\"Action\":[\"secretsmanager:GetSecretValue\",\"secretsmanager:DescribeSecret\"],\"Effect\":\"Allow\",\"Resource\":\"arn:aws:secretsmanager:eu-west-1:697863031884:secret:3tier-iac-credentials-KjaCWZ\"},{\"Action\":[\"kms:Decrypt\",\"kms:DescribeKey\"],\"Effect\":\"Allow\",\"Resource\":\"arn:aws:kms:eu-west-1:697863031884:key/d9c7df23-02e6-47e0-b651-36338525b762\"}]}",
            "role": "3tier-iac-ec2-role"
          },
          "sensitive_attributes": [],
          "identity_schema_version": 0,
          "identity": {
            "account_id": "697863031884",
            "name": "3tier-iac-secrets-manager-policy",
            "role": "3tier-iac-ec2-role"
          },
          "private": "bnVsbA==",
          "dependencies": [
            "module.iam.aws_iam_role.ec2_role",
            "module.kms.aws_kms_alias.ebs",
            "module.kms.aws_kms_alias.rds",
            "module.kms.aws_kms_alias.secrets",
            "module.kms.aws_kms_key.ebs",
            "module.kms.aws_kms_key.rds",
            "module.kms.aws_kms_key.secrets",
            "module.secrets.aws_secretsmanager_secret.db_credentials",
            "module.secrets.aws_secretsmanager_secret_version.db_credentials",
            "module.secrets.random_password.db_password"
          ],
          "create_before_destroy": true
        }
      ]
    },
    {
      "module": "module.iam",
      "mode": "managed",
      "type": "aws_iam_role_policy_attachment",
      "name": "ssm_policy",
      "provider": "provider[\"registry.terraform.io/hashicorp/aws\"]",
      "instances": [
        {
          "schema_version": 0,
          "attributes": {
            "id": "3tier-iac-ec2-role/arn:aws:iam::aws:policy/AmazonSSMManagedInstanceCore",
            "policy_arn": "arn:aws:iam::aws:policy/AmazonSSMManagedInstanceCore",
            "role": "3tier-iac-ec2-role"
          },
          "sensitive_attributes": [],
          "identity_schema_version": 0,
          "identity": {
            "account_id": "697863031884",
            "policy_arn": "arn:aws:iam::aws:policy/AmazonSSMManagedInstanceCore",
            "role": "3tier-iac-ec2-role"
          },
          "private": "bnVsbA==",
          "dependencies": [
            "module.iam.aws_iam_role.ec2_role",
            "module.kms.aws_kms_alias.ebs",
            "module.kms.aws_kms_alias.rds",
            "module.kms.aws_kms_alias.secrets",
            "module.kms.aws_kms_key.ebs",
            "module.kms.aws_kms_key.rds",
            "module.kms.aws_kms_key.secrets",
            "module.secrets.aws_secretsmanager_secret.db_credentials",
            "module.secrets.aws_secretsmanager_secret_version.db_credentials",
            "module.secrets.random_password.db_password"
          ],
          "create_before_destroy": true
        }
      ]
    },
    {
      "module": "module.kms",
      "mode": "managed",
      "type": "aws_kms_alias",
      "name": "ebs",
      "provider": "provider[\"registry.terraform.io/hashicorp/aws\"]",
      "instances": [
        {
          "schema_version": 0,
          "attributes": {
            "arn": "arn:aws:kms:eu-west-1:697863031884:alias/3tier-iac-ebs",
            "id": "alias/3tier-iac-ebs",
            "name": "alias/3tier-iac-ebs",
            "name_prefix": "",
            "region": "eu-west-1",
            "target_key_arn": "arn:aws:kms:eu-west-1:697863031884:key/34f98232-b021-4fe4-af6b-ecddddf7d188",
            "target_key_id": "34f98232-b021-4fe4-af6b-ecddddf7d188"
          },
          "sensitive_attributes": [],
          "identity_schema_version": 0,
          "identity": {
            "account_id": "697863031884",
            "name": "alias/3tier-iac-ebs",
            "region": "eu-west-1"
          },
          "private": "bnVsbA==",
          "dependencies": [
            "module.kms.aws_kms_key.ebs"
          ],
          "create_before_destroy": true
        }
      ]
    },
    {
      "module": "module.kms",
      "mode": "managed",
      "type": "aws_kms_alias",
      "name": "rds",
      "provider": "provider[\"registry.terraform.io/hashicorp/aws\"]",
      "instances": [
        {
          "schema_version": 0,
          "attributes": {
            "arn": "arn:aws:kms:eu-west-1:697863031884:alias/3tier-iac-rds",
            "id": "alias/3tier-iac-rds",
            "name": "alias/3tier-iac-rds",
            "name_prefix": "",
            "region": "eu-west-1",
            "target_key_arn": "arn:aws:kms:eu-west-1:697863031884:key/055f143e-9232-4956-8caf-f86763565a99",
            "target_key_id": "055f143e-9232-4956-8caf-f86763565a99"
          },
          "sensitive_attributes": [],
          "identity_schema_version": 0,
          "identity": {
            "account_id": "697863031884",
            "name": "alias/3tier-iac-rds",
            "region": "eu-west-1"
          },
          "private": "bnVsbA==",
          "dependencies": [
            "module.kms.aws_kms_key.rds"
          ],
          "create_before_destroy": true
        }
      ]
    },
    {
      "module": "module.kms",
      "mode": "managed",
      "type": "aws_kms_alias",
      "name": "secrets",
      "provider": "provider[\"registry.terraform.io/hashicorp/aws\"]",
      "instances": [
        {
          "schema_version": 0,
          "attributes": {
            "arn": "arn:aws:kms:eu-west-1:697863031884:alias/3tier-iac-secrets",
            "id": "alias/3tier-iac-secrets",
            "name": "alias/3tier-iac-secrets",
            "name_prefix": "",
            "region": "eu-west-1",
            "target_key_arn": "arn:aws:kms:eu-west-1:697863031884:key/d9c7df23-02e6-47e0-b651-36338525b762",
            "target_key_id": "d9c7df23-02e6-47e0-b651-36338525b762"
          },
          "sensitive_attributes": [],
          "identity_schema_version": 0,
          "identity": {
            "account_id": "697863031884",
            "name": "alias/3tier-iac-secrets",
            "region": "eu-west-1"
          },
          "private": "bnVsbA==",
          "dependencies": [
            "module.kms.aws_kms_key.secrets"
          ],
          "create_before_destroy": true
        }
      ]
    },
    {
      "module": "module.kms",
      "mode": "managed",
      "type": "aws_kms_key",
      "name": "ebs",
      "provider": "provider[\"registry.terraform.io/hashicorp/aws\"]",
      "instances": [
        {
          "schema_version": 0,
          "attributes": {
            "arn": "arn:aws:kms:eu-west-1:697863031884:key/34f98232-b021-4fe4-af6b-ecddddf7d188",
            "bypass_policy_lockout_safety_check": false,
            "custom_key_store_id": "",
            "customer_master_key_spec": "SYMMETRIC_DEFAULT",
            "deletion_window_in_days": 10,
            "description": "KMS key for EBS volume encryption",
            "enable_key_rotation": true,
            "id": "34f98232-b021-4fe4-af6b-ecddddf7d188",
            "is_enabled": true,
            "key_id": "34f98232-b021-4fe4-af6b-ecddddf7d188",
            "key_usage": "ENCRYPT_DECRYPT",
            "multi_region": false,
            "policy": "{\"Id\":\"key-default-1\",\"Statement\":[{\"Action\":\"kms:*\",\"Effect\":\"Allow\",\"Principal\":{\"AWS\":\"arn:aws:iam::697863031884:root\"},\"Resource\":\"*\",\"Sid\":\"Enable IAM User Permissions\"}],\"Version\":\"2012-10-17\"}",
            "region": "eu-west-1",
            "rotation_period_in_days": 365,
            "tags": {
              "Environment": "dev",
              "Name": "3tier-iac-ebs-kms-key",
              "Owner": "your_name",
              "Project": "3tier-iac",
              "Purpose": "EBS Encryption"
            },
            "tags_all": {
              "Environment": "dev",
              "Name": "3tier-iac-ebs-kms-key",
              "Owner": "your_name",
              "Project": "3tier-iac",
              "Purpose": "EBS Encryption"
            },
            "timeouts": null,
            "xks_key_id": ""
          },
          "sensitive_attributes": [],
          "identity_schema_version": 0,
          "identity": {
            "account_id": "697863031884",
            "id": "34f98232-b021-4fe4-af6b-ecddddf7d188",
            "region": "eu-west-1"
          },
          "private": "eyJlMmJmYjczMC1lY2FhLTExZTYtOGY4OC0zNDM2M2JjN2M0YzAiOnsiY3JlYXRlIjoxMjAwMDAwMDAwMDB9fQ==",
          "create_before_destroy": true
        }
      ]
    },
    {
      "module": "module.kms",
      "mode": "managed",
      "type": "aws_kms_key",
      "name": "rds",
      "provider": "provider[\"registry.terraform.io/hashicorp/aws\"]",
      "instances": [
        {
          "schema_version": 0,
          "attributes": {
            "arn": "arn:aws:kms:eu-west-1:697863031884:key/055f143e-9232-4956-8caf-f86763565a99",
            "bypass_policy_lockout_safety_check": false,
            "custom_key_store_id": "",
            "customer_master_key_spec": "SYMMETRIC_DEFAULT",
            "deletion_window_in_days": 10,
            "description": "KMS key for RDS encryption",
            "enable_key_rotation": true,
            "id": "055f143e-9232-4956-8caf-f86763565a99",
            "is_enabled": true,
            "key_id": "055f143e-9232-4956-8caf-f86763565a99",
            "key_usage": "ENCRYPT_DECRYPT",
            "multi_region": false,
            "policy": "{\"Id\":\"key-default-1\",\"Statement\":[{\"Action\":\"kms:*\",\"Effect\":\"Allow\",\"Principal\":{\"AWS\":\"arn:aws:iam::697863031884:root\"},\"Resource\":\"*\",\"Sid\":\"Enable IAM User Permissions\"}],\"Version\":\"2012-10-17\"}",
            "region": "eu-west-1",
            "rotation_period_in_days": 365,
            "tags": {
              "Environment": "dev",
              "Name": "3tier-iac-rds-kms-key",
              "Owner": "your_name",
              "Project": "3tier-iac",
              "Purpose": "RDS Encryption"
            },
            "tags_all": {
              "Environment": "dev",
              "Name": "3tier-iac-rds-kms-key",
              "Owner": "your_name",
              "Project": "3tier-iac",
              "Purpose": "RDS Encryption"
            },
            "timeouts": null,
            "xks_key_id": ""
          },
          "sensitive_attributes": [],
          "identity_schema_version": 0,
          "identity": {
            "account_id": "697863031884",
            "id": "055f143e-9232-4956-8caf-f86763565a99",
            "region": "eu-west-1"
          },
          "private": "eyJlMmJmYjczMC1lY2FhLTExZTYtOGY4OC0zNDM2M2JjN2M0YzAiOnsiY3JlYXRlIjoxMjAwMDAwMDAwMDB9fQ==",
          "create_before_destroy": true
        }
      ]
    },
    {
      "module": "module.kms",
      "mode": "managed",
      "type": "aws_kms_key",
      "name": "secrets",
      "provider": "provider[\"registry.terraform.io/hashicorp/aws\"]",
      "instances": [
        {
          "schema_version": 0,
          "attributes": {
            "arn": "arn:aws:kms:eu-west-1:697863031884:key/d9c7df23-02e6-47e0-b651-36338525b762",
            "bypass_policy_lockout_safety_check": false,
            "custom_key_store_id": "",
            "customer_master_key_spec": "SYMMETRIC_DEFAULT",
            "deletion_window_in_days": 10,
            "description": "KMS key for Secrets Manager encryption",
            "enable_key_rotation": true,
            "id": "d9c7df23-02e6-47e0-b651-36338525b762",
            "is_enabled": true,
            "key_id": "d9c7df23-02e6-47e0-b651-36338525b762",
            "key_usage": "ENCRYPT_DECRYPT",
            "multi_region": false,
            "policy": "{\"Id\":\"key-default-1\",\"Statement\":[{\"Action\":\"kms:*\",\"Effect\":\"Allow\",\"Principal\":{\"AWS\":\"arn:aws:iam::697863031884:root\"},\"Resource\":\"*\",\"Sid\":\"Enable IAM User Permissions\"}],\"Version\":\"2012-10-17\"}",
            "region": "eu-west-1",
            "rotation_period_in_days": 365,
            "tags": {
              "Environment": "dev",
              "Name": "3tier-iac-secrets-kms-key",
              "Owner": "your_name",
              "Project": "3tier-iac",
              "Purpose": "Secrets Manager Encryption"
            },
            "tags_all": {
              "Environment": "dev",
              "Name": "3tier-iac-secrets-kms-key",
              "Owner": "your_name",
              "Project": "3tier-iac",
              "Purpose": "Secrets Manager Encryption"
            },
            "timeouts": null,
            "xks_key_id": ""
          },
          "sensitive_attributes": [],
          "identity_schema_version": 0,
          "identity": {
            "account_id": "697863031884",
            "id": "d9c7df23-02e6-47e0-b651-36338525b762",
            "region": "eu-west-1"
          },
          "private": "eyJlMmJmYjczMC1lY2FhLTExZTYtOGY4OC0zNDM2M2JjN2M0YzAiOnsiY3JlYXRlIjoxMjAwMDAwMDAwMDB9fQ==",
          "create_before_destroy": true
        }
      ]
    },
    {
      "module": "module.networking",
      "mode": "managed",
      "type": "aws_eip",
      "name": "nat",
      "provider": "provider[\"registry.terraform.io/hashicorp/aws\"]",
      "instances": [
        {
          "schema_version": 0,
          "attributes": {
            "address": null,
            "allocation_id": "eipalloc-0b6b0beaa3078cb53",
            "arn": "arn:aws:ec2:eu-west-1:697863031884:elastic-ip/eipalloc-0b6b0beaa3078cb53",
            "associate_with_private_ip": null,
            "association_id": "eipassoc-0093d87ce21062da7",
            "carrier_ip": "",
            "customer_owned_ip": "",
            "customer_owned_ipv4_pool": "",
            "domain": "vpc",
            "id": "eipalloc-0b6b0beaa3078cb53",
            "instance": "",
            "ipam_pool_id": null,
            "network_border_group": "eu-west-1",
            "network_interface": "eni-0ad945d0146b491d7",
            "private_dns": "ip-10-0-1-96.eu-west-1.compute.internal",
            "private_ip": "10.0.1.96",
            "ptr_record": "",
            "public_dns": "ec2-54-75-22-117.eu-west-1.compute.amazonaws.com",
            "public_ip": "54.75.22.117",
            "public_ipv4_pool": "amazon",
            "region": "eu-west-1",
            "tags": {
              "Environment": "dev",
              "Name": "3tier-nat-eip",
              "Owner": "your_name",
              "Project": "3tier-iac"
            },
            "tags_all": {
              "Environment": "dev",
              "Name": "3tier-nat-eip",
              "Owner": "your_name",
              "Project": "3tier-iac"
            },
            "timeouts": null
          },
          "sensitive_attributes": [],
          "identity_schema_version": 0,
          "private": "eyJlMmJmYjczMC1lY2FhLTExZTYtOGY4OC0zNDM2M2JjN2M0YzAiOnsiZGVsZXRlIjoxODAwMDAwMDAwMDAsInJlYWQiOjkwMDAwMDAwMDAwMCwidXBkYXRlIjozMDAwMDAwMDAwMDB9fQ==",
          "create_before_destroy": true
        }
      ]
    },
    {
      "module": "module.networking",
      "mode": "managed",
      "type": "aws_internet_gateway",
      "name": "igw",
      "provider": "provider[\"registry.terraform.io/hashicorp/aws\"]",
      "instances": [
        {
          "schema_version": 0,
          "attributes": {
            "arn": "arn:aws:ec2:eu-west-1:697863031884:internet-gateway/igw-0fbc1d68bd848d244",
            "id": "igw-0fbc1d68bd848d244",
            "owner_id": "697863031884",
            "region": "eu-west-1",
            "tags": {
              "Environment": "dev",
              "Name": "3tier-igw",
              "Owner": "your_name",
              "Project": "3tier-iac"
            },
            "tags_all": {
              "Environment": "dev",
              "Name": "3tier-igw",
              "Owner": "your_name",
              "Project": "3tier-iac"
            },
            "timeouts": null,
            "vpc_id": "vpc-0cbb1477f21e048bc"
          },
          "sensitive_attributes": [],
          "identity_schema_version": 0,
          "private": "eyJlMmJmYjczMC1lY2FhLTExZTYtOGY4OC0zNDM2M2JjN2M0YzAiOnsiY3JlYXRlIjoxMjAwMDAwMDAwMDAwLCJkZWxldGUiOjEyMDAwMDAwMDAwMDAsInVwZGF0ZSI6MTIwMDAwMDAwMDAwMH19",
          "dependencies": [
            "module.networking.aws_vpc.main"
          ],
          "create_before_destroy": true
        }
      ]
    },
    {
      "module": "module.networking",
      "mode": "managed",
      "type": "aws_nat_gateway",
      "name": "nat",
      "provider": "provider[\"registry.terraform.io/hashicorp/aws\"]",
      "instances": [
        {
          "schema_version": 0,
          "attributes": {
            "allocation_id": "eipalloc-0b6b0beaa3078cb53",
            "association_id": "eipassoc-0093d87ce21062da7",
            "auto_provision_zones": null,
            "auto_scaling_ips": null,
            "availability_mode": "zonal",
            "availability_zone_address": [],
            "connectivity_type": "public",
            "id": "nat-0f233e351f3c4c744",
            "network_interface_id": "eni-0ad945d0146b491d7",
            "private_ip": "10.0.1.96",
            "public_ip": "54.75.22.117",
            "region": "eu-west-1",
            "regional_nat_gateway_address": [],
            "regional_nat_gateway_auto_mode": null,
            "route_table_id": null,
            "secondary_allocation_ids": [],
            "secondary_private_ip_address_count": 0,
            "secondary_private_ip_addresses": [],
            "subnet_id": "subnet-0576ee190e92a9535",
            "tags": {
              "Environment": "dev",
              "Name": "3tier-natgw",
              "Owner": "your_name",
              "Project": "3tier-iac"
            },
            "tags_all": {
              "Environment": "dev",
              "Name": "3tier-natgw",
              "Owner": "your_name",
              "Project": "3tier-iac"
            },
            "timeouts": null,
            "vpc_id": "vpc-0cbb1477f21e048bc"
          },
          "sensitive_attributes": [],
          "identity_schema_version": 0,
          "private": "eyJlMmJmYjczMC1lY2FhLTExZTYtOGY4OC0zNDM2M2JjN2M0YzAiOnsiY3JlYXRlIjo2MDAwMDAwMDAwMDAsImRlbGV0ZSI6MTgwMDAwMDAwMDAwMCwidXBkYXRlIjo2MDAwMDAwMDAwMDB9fQ==",
          "dependencies": [
            "module.networking.aws_eip.nat",
            "module.networking.aws_internet_gateway.igw",
            "module.networking.aws_subnet.public",
            "module.networking.aws_vpc.main"
          ],
          "create_before_destroy": true
        }
      ]
    },
    {
      "module": "module.networking",
      "mode": "managed",
      "type": "aws_route_table",
      "name": "app",
      "provider": "provider[\"registry.terraform.io/hashicorp/aws\"]",
      "instances": [
        {
          "index_key": 0,
          "schema_version": 0,
          "attributes": {
            "arn": "arn:aws:ec2:eu-west-1:697863031884:route-table/rtb-06dc05cc09d26895d",
            "id": "rtb-06dc05cc09d26895d",
            "owner_id": "697863031884",
            "propagating_vgws": [],
            "region": "eu-west-1",
            "route": [
              {
                "carrier_gateway_id": "",
                "cidr_block": "0.0.0.0/0",
                "core_network_arn": "",
                "destination_prefix_list_id": "",
                "egress_only_gateway_id": "",
                "gateway_id": "",
                "ipv6_cidr_block": "",
                "local_gateway_id": "",
                "nat_gateway_id": "nat-0f233e351f3c4c744",
                "network_interface_id": "",
                "transit_gateway_id": "",
                "vpc_endpoint_id": "",
                "vpc_peering_connection_id": ""
              }
            ],
            "tags": {
              "Environment": "dev",
              "Name": "3tier-app-rtb-1",
              "Owner": "your_name",
              "Project": "3tier-iac"
            },
            "tags_all": {
              "Environment": "dev",
              "Name": "3tier-app-rtb-1",
              "Owner": "your_name",
              "Project": "3tier-iac"
            },
            "timeouts": null,
            "vpc_id": "vpc-0cbb1477f21e048bc"
          },
          "sensitive_attributes": [],
          "identity_schema_version": 0,
          "identity": {
            "account_id": "697863031884",
            "id": "rtb-06dc05cc09d26895d",
            "region": "eu-west-1"
          },
          "private": "eyJlMmJmYjczMC1lY2FhLTExZTYtOGY4OC0zNDM2M2JjN2M0YzAiOnsiY3JlYXRlIjozMDAwMDAwMDAwMDAsImRlbGV0ZSI6MzAwMDAwMDAwMDAwLCJ1cGRhdGUiOjEyMDAwMDAwMDAwMH19",
          "dependencies": [
            "module.networking.aws_eip.nat",
            "module.networking.aws_internet_gateway.igw",
            "module.networking.aws_nat_gateway.nat",
            "module.networking.aws_subnet.public",
            "module.networking.aws_vpc.main"
          ],
          "create_before_destroy": true
        },
        {
          "index_key": 1,
          "schema_version": 0,
          "attributes": {
            "arn": "arn:aws:ec2:eu-west-1:697863031884:route-table/rtb-0e1417c92599b4020",
            "id": "rtb-0e1417c92599b4020",
            "owner_id": "697863031884",
            "propagating_vgws": [],
            "region": "eu-west-1",
            "route": [
              {
                "carrier_gateway_id": "",
                "cidr_block": "0.0.0.0/0",
                "core_network_arn": "",
                "destination_prefix_list_id": "",
                "egress_only_gateway_id": "",
                "gateway_id": "",
                "ipv6_cidr_block": "",
                "local_gateway_id": "",
                "nat_gateway_id": "nat-0f233e351f3c4c744",
                "network_interface_id": "",
                "transit_gateway_id": "",
                "vpc_endpoint_id": "",
                "vpc_peering_connection_id": ""
              }
            ],
            "tags": {
              "Environment": "dev",
              "Name": "3tier-app-rtb-2",
              "Owner": "your_name",
              "Project": "3tier-iac"
            },
            "tags_all": {
              "Environment": "dev",
              "Name": "3tier-app-rtb-2",
              "Owner": "your_name",
              "Project": "3tier-iac"
            },
            "timeouts": null,
            "vpc_id": "vpc-0cbb1477f21e048bc"
          },
          "sensitive_attributes": [],
          "identity_schema_version": 0,
          "identity": {
            "account_id": "697863031884",
            "id": "rtb-0e1417c92599b4020",
            "region": "eu-west-1"
          },
          "private": "eyJlMmJmYjczMC1lY2FhLTExZTYtOGY4OC0zNDM2M2JjN2M0YzAiOnsiY3JlYXRlIjozMDAwMDAwMDAwMDAsImRlbGV0ZSI6MzAwMDAwMDAwMDAwLCJ1cGRhdGUiOjEyMDAwMDAwMDAwMH19",
          "dependencies": [
            "module.networking.aws_eip.nat",
            "module.networking.aws_internet_gateway.igw",
            "module.networking.aws_nat_gateway.nat",
            "module.networking.aws_subnet.public",
            "module.networking.aws_vpc.main"
          ],
          "create_before_destroy": true
        }
      ]
    },
    {
      "module": "module.networking",
      "mode": "managed",
      "type": "aws_route_table",
      "name": "db",
      "provider": "provider[\"registry.terraform.io/hashicorp/aws\"]",
      "instances": [
        {
          "index_key": 0,
          "schema_version": 0,
          "attributes": {
            "arn": "arn:aws:ec2:eu-west-1:697863031884:route-table/rtb-07a05e73e04260d51",
            "id": "rtb-07a05e73e04260d51",
            "owner_id": "697863031884",
            "propagating_vgws": [],
            "region": "eu-west-1",
            "route": [],
            "tags": {
              "Environment": "dev",
              "Name": "3tier-db-rtb-1",
              "Owner": "your_name",
              "Project": "3tier-iac"
            },
            "tags_all": {
              "Environment": "dev",
              "Name": "3tier-db-rtb-1",
              "Owner": "your_name",
              "Project": "3tier-iac"
            },
            "timeouts": null,
            "vpc_id": "vpc-0cbb1477f21e048bc"
          },
          "sensitive_attributes": [],
          "identity_schema_version": 0,
          "identity": {
            "account_id": "697863031884",
            "id": "rtb-07a05e73e04260d51",
            "region": "eu-west-1"
          },
          "private": "eyJlMmJmYjczMC1lY2FhLTExZTYtOGY4OC0zNDM2M2JjN2M0YzAiOnsiY3JlYXRlIjozMDAwMDAwMDAwMDAsImRlbGV0ZSI6MzAwMDAwMDAwMDAwLCJ1cGRhdGUiOjEyMDAwMDAwMDAwMH19",
          "dependencies": [
            "module.networking.aws_vpc.main"
          ],
          "create_before_destroy": true
        },
        {
          "index_key": 1,
          "schema_version": 0,
          "attributes": {
            "arn": "arn:aws:ec2:eu-west-1:697863031884:route-table/rtb-05cb92e81c1266ce1",
            "id": "rtb-05cb92e81c1266ce1",
            "owner_id": "697863031884",
            "propagating_vgws": [],
            "region": "eu-west-1",
            "route": [],
            "tags": {
              "Environment": "dev",
              "Name": "3tier-db-rtb-2",
              "Owner": "your_name",
              "Project": "3tier-iac"
            },
            "tags_all": {
              "Environment": "dev",
              "Name": "3tier-db-rtb-2",
              "Owner": "your_name",
              "Project": "3tier-iac"
            },
            "timeouts": null,
            "vpc_id": "vpc-0cbb1477f21e048bc"
          },
          "sensitive_attributes": [],
          "identity_schema_version": 0,
          "identity": {
            "account_id": "697863031884",
            "id": "rtb-05cb92e81c1266ce1",
            "region": "eu-west-1"
          },
          "private": "eyJlMmJmYjczMC1lY2FhLTExZTYtOGY4OC0zNDM2M2JjN2M0YzAiOnsiY3JlYXRlIjozMDAwMDAwMDAwMDAsImRlbGV0ZSI6MzAwMDAwMDAwMDAwLCJ1cGRhdGUiOjEyMDAwMDAwMDAwMH19",
          "dependencies": [
            "module.networking.aws_vpc.main"
          ],
          "create_before_destroy": true
        }
      ]
    },
    {
      "module": "module.networking",
      "mode": "managed",
      "type": "aws_route_table",
      "name": "public",
      "provider": "provider[\"registry.terraform.io/hashicorp/aws\"]",
      "instances": [
        {
          "schema_version": 0,
          "attributes": {
            "arn": "arn:aws:ec2:eu-west-1:697863031884:route-table/rtb-02d14d2f0f2fbb19d",
            "id": "rtb-02d14d2f0f2fbb19d",
            "owner_id": "697863031884",
            "propagating_vgws": [],
            "region": "eu-west-1",
            "route": [
              {
                "carrier_gateway_id": "",
                "cidr_block": "0.0.0.0/0",
                "core_network_arn": "",
                "destination_prefix_list_id": "",
                "egress_only_gateway_id": "",
                "gateway_id": "igw-0fbc1d68bd848d244",
                "ipv6_cidr_block": "",
                "local_gateway_id": "",
                "nat_gateway_id": "",
                "network_interface_id": "",
                "transit_gateway_id": "",
                "vpc_endpoint_id": "",
                "vpc_peering_connection_id": ""
              }
            ],
            "tags": {
              "Environment": "dev",
              "Name": "3tier-public-rtb",
              "Owner": "your_name",
              "Project": "3tier-iac"
            },
            "tags_all": {
              "Environment": "dev",
              "Name": "3tier-public-rtb",
              "Owner": "your_name",
              "Project": "3tier-iac"
            },
            "timeouts": null,
            "vpc_id": "vpc-0cbb1477f21e048bc"
          },
          "sensitive_attributes": [],
          "identity_schema_version": 0,
          "identity": {
            "account_id": "697863031884",
            "id": "rtb-02d14d2f0f2fbb19d",
            "region": "eu-west-1"
          },
          "private": "eyJlMmJmYjczMC1lY2FhLTExZTYtOGY4OC0zNDM2M2JjN2M0YzAiOnsiY3JlYXRlIjozMDAwMDAwMDAwMDAsImRlbGV0ZSI6MzAwMDAwMDAwMDAwLCJ1cGRhdGUiOjEyMDAwMDAwMDAwMH19",
          "dependencies": [
            "module.networking.aws_internet_gateway.igw",
            "module.networking.aws_vpc.main"
          ],
          "create_before_destroy": true
        }
      ]
    },
    {
      "module": "module.networking",
      "mode": "managed",
      "type": "aws_route_table_association",
      "name": "app",
      "provider": "provider[\"registry.terraform.io/hashicorp/aws\"]",
      "instances": [
        {
          "index_key": 0,
          "schema_version": 0,
          "attributes": {
            "gateway_id": "",
            "id": "rtbassoc-0d6e56a767aecf049",
            "region": "eu-west-1",
            "route_table_id": "rtb-06dc05cc09d26895d",
            "subnet_id": "subnet-0c39f9f6d1faf1cfc",
            "timeouts": null
          },
          "sensitive_attributes": [],
          "identity_schema_version": 0,
          "private": "eyJlMmJmYjczMC1lY2FhLTExZTYtOGY4OC0zNDM2M2JjN2M0YzAiOnsiY3JlYXRlIjozMDAwMDAwMDAwMDAsImRlbGV0ZSI6MzAwMDAwMDAwMDAwLCJ1cGRhdGUiOjEyMDAwMDAwMDAwMH19",
          "dependencies": [
            "module.networking.aws_eip.nat",
            "module.networking.aws_internet_gateway.igw",
            "module.networking.aws_nat_gateway.nat",
            "module.networking.aws_route_table.app",
            "module.networking.aws_subnet.private_app",
            "module.networking.aws_subnet.public",
            "module.networking.aws_vpc.main"
          ],
          "create_before_destroy": true
        },
        {
          "index_key": 1,
          "schema_version": 0,
          "attributes": {
            "gateway_id": "",
            "id": "rtbassoc-0ff8bf400d7533b64",
            "region": "eu-west-1",
            "route_table_id": "rtb-0e1417c92599b4020",
            "subnet_id": "subnet-0b33b4b460a86833c",
            "timeouts": null
          },
          "sensitive_attributes": [],
          "identity_schema_version": 0,
          "private": "eyJlMmJmYjczMC1lY2FhLTExZTYtOGY4OC0zNDM2M2JjN2M0YzAiOnsiY3JlYXRlIjozMDAwMDAwMDAwMDAsImRlbGV0ZSI6MzAwMDAwMDAwMDAwLCJ1cGRhdGUiOjEyMDAwMDAwMDAwMH19",
          "dependencies": [
            "module.networking.aws_eip.nat",
            "module.networking.aws_internet_gateway.igw",
            "module.networking.aws_nat_gateway.nat",
            "module.networking.aws_route_table.app",
            "module.networking.aws_subnet.private_app",
            "module.networking.aws_subnet.public",
            "module.networking.aws_vpc.main"
          ],
          "create_before_destroy": true
        }
      ]
    },
    {
      "module": "module.networking",
      "mode": "managed",
      "type": "aws_route_table_association",
      "name": "db",
      "provider": "provider[\"registry.terraform.io/hashicorp/aws\"]",
      "instances": [
        {
          "index_key": 0,
          "schema_version": 0,
          "attributes": {
            "gateway_id": "",
            "id": "rtbassoc-0a49e50d636e96098",
            "region": "eu-west-1",
            "route_table_id": "rtb-07a05e73e04260d51",
            "subnet_id": "subnet-03d475ea283648d34",
            "timeouts": null
          },
          "sensitive_attributes": [],
          "identity_schema_version": 0,
          "private": "eyJlMmJmYjczMC1lY2FhLTExZTYtOGY4OC0zNDM2M2JjN2M0YzAiOnsiY3JlYXRlIjozMDAwMDAwMDAwMDAsImRlbGV0ZSI6MzAwMDAwMDAwMDAwLCJ1cGRhdGUiOjEyMDAwMDAwMDAwMH19",
          "dependencies": [
            "module.networking.aws_route_table.db",
            "module.networking.aws_subnet.private_db",
            "module.networking.aws_vpc.main"
          ],
          "create_before_destroy": true
        },
        {
          "index_key": 1,
          "schema_version": 0,
          "attributes": {
            "gateway_id": "",
            "id": "rtbassoc-040d781592f03648a",
            "region": "eu-west-1",
            "route_table_id": "rtb-05cb92e81c1266ce1",
            "subnet_id": "subnet-0f87fe80ce36b7c0d",
            "timeouts": null
          },
          "sensitive_attributes": [],
          "identity_schema_version": 0,
          "private": "eyJlMmJmYjczMC1lY2FhLTExZTYtOGY4OC0zNDM2M2JjN2M0YzAiOnsiY3JlYXRlIjozMDAwMDAwMDAwMDAsImRlbGV0ZSI6MzAwMDAwMDAwMDAwLCJ1cGRhdGUiOjEyMDAwMDAwMDAwMH19",
          "dependencies": [
            "module.networking.aws_route_table.db",
            "module.networking.aws_subnet.private_db",
            "module.networking.aws_vpc.main"
          ],
          "create_before_destroy": true
        }
      ]
    },
    {
      "module": "module.networking",
      "mode": "managed",
      "type": "aws_route_table_association",
      "name": "public",
      "provider": "provider[\"registry.terraform.io/hashicorp/aws\"]",
      "instances": [
        {
          "index_key": 0,
          "schema_version": 0,
          "attributes": {
            "gateway_id": "",
            "id": "rtbassoc-0061b0e8e9a5cb98f",
            "region": "eu-west-1",
            "route_table_id": "rtb-02d14d2f0f2fbb19d",
            "subnet_id": "subnet-0576ee190e92a9535",
            "timeouts": null
          },
          "sensitive_attributes": [],
          "identity_schema_version": 0,
          "private": "eyJlMmJmYjczMC1lY2FhLTExZTYtOGY4OC0zNDM2M2JjN2M0YzAiOnsiY3JlYXRlIjozMDAwMDAwMDAwMDAsImRlbGV0ZSI6MzAwMDAwMDAwMDAwLCJ1cGRhdGUiOjEyMDAwMDAwMDAwMH19",
          "dependencies": [
            "module.networking.aws_internet_gateway.igw",
            "module.networking.aws_route_table.public",
            "module.networking.aws_subnet.public",
            "module.networking.aws_vpc.main"
          ],
          "create_before_destroy": true
        },
        {
          "index_key": 1,
          "schema_version": 0,
          "attributes": {
            "gateway_id": "",
            "id": "rtbassoc-05dcb7adc83919f5e",
            "region": "eu-west-1",
            "route_table_id": "rtb-02d14d2f0f2fbb19d",
            "subnet_id": "subnet-04f991466b7ab3aad",
            "timeouts": null
          },
          "sensitive_attributes": [],
          "identity_schema_version": 0,
          "private": "eyJlMmJmYjczMC1lY2FhLTExZTYtOGY4OC0zNDM2M2JjN2M0YzAiOnsiY3JlYXRlIjozMDAwMDAwMDAwMDAsImRlbGV0ZSI6MzAwMDAwMDAwMDAwLCJ1cGRhdGUiOjEyMDAwMDAwMDAwMH19",
          "dependencies": [
            "module.networking.aws_internet_gateway.igw",
            "module.networking.aws_route_table.public",
            "module.networking.aws_subnet.public",
            "module.networking.aws_vpc.main"
          ],
          "create_before_destroy": true
        }
      ]
    },
    {
      "module": "module.networking",
      "mode": "managed",
      "type": "aws_subnet",
      "name": "private_app",
      "provider": "provider[\"registry.terraform.io/hashicorp/aws\"]",
      "instances": [
        {
          "index_key": 0,
          "schema_version": 1,
          "attributes": {
            "arn": "arn:aws:ec2:eu-west-1:697863031884:subnet/subnet-0c39f9f6d1faf1cfc",
            "assign_ipv6_address_on_creation": false,
            "availability_zone": "eu-west-1a",
            "availability_zone_id": "euw1-az3",
            "cidr_block": "10.0.11.0/24",
            "customer_owned_ipv4_pool": "",
            "enable_dns64": false,
            "enable_lni_at_device_index": 0,
            "enable_resource_name_dns_a_record_on_launch": false,
            "enable_resource_name_dns_aaaa_record_on_launch": false,
            "id": "subnet-0c39f9f6d1faf1cfc",
            "ipv6_cidr_block": "",
            "ipv6_cidr_block_association_id": "",
            "ipv6_native": false,
            "map_customer_owned_ip_on_launch": false,
            "map_public_ip_on_launch": false,
            "outpost_arn": "",
            "owner_id": "697863031884",
            "private_dns_hostname_type_on_launch": "ip-name",
            "region": "eu-west-1",
            "tags": {
              "Environment": "dev",
              "Name": "3tier-app-1",
              "Owner": "your_name",
              "Project": "3tier-iac",
              "Tier": "app"
            },
            "tags_all": {
              "Environment": "dev",
              "Name": "3tier-app-1",
              "Owner": "your_name",
              "Project": "3tier-iac",
              "Tier": "app"
            },
            "timeouts": null,
            "vpc_id": "vpc-0cbb1477f21e048bc"
          },
          "sensitive_attributes": [],
          "identity_schema_version": 0,
          "identity": {
            "account_id": "697863031884",
            "id": "subnet-0c39f9f6d1faf1cfc",
            "region": "eu-west-1"
          },
          "private": "eyJlMmJmYjczMC1lY2FhLTExZTYtOGY4OC0zNDM2M2JjN2M0YzAiOnsiY3JlYXRlIjo2MDAwMDAwMDAwMDAsImRlbGV0ZSI6MTIwMDAwMDAwMDAwMH0sInNjaGVtYV92ZXJzaW9uIjoiMSJ9",
          "dependencies": [
            "module.networking.aws_vpc.main"
          ],
          "create_before_destroy": true
        },
        {
          "index_key": 1,
          "schema_version": 1,
          "attributes": {
            "arn": "arn:aws:ec2:eu-west-1:697863031884:subnet/subnet-0b33b4b460a86833c",
            "assign_ipv6_address_on_creation": false,
            "availability_zone": "eu-west-1b",
            "availability_zone_id": "euw1-az1",
            "cidr_block": "10.0.12.0/24",
            "customer_owned_ipv4_pool": "",
            "enable_dns64": false,
            "enable_lni_at_device_index": 0,
            "enable_resource_name_dns_a_record_on_launch": false,
            "enable_resource_name_dns_aaaa_record_on_launch": false,
            "id": "subnet-0b33b4b460a86833c",
            "ipv6_cidr_block": "",
            "ipv6_cidr_block_association_id": "",
            "ipv6_native": false,
            "map_customer_owned_ip_on_launch": false,
            "map_public_ip_on_launch": false,
            "outpost_arn": "",
            "owner_id": "697863031884",
            "private_dns_hostname_type_on_launch": "ip-name",
            "region": "eu-west-1",
            "tags": {
              "Environment": "dev",
              "Name": "3tier-app-2",
              "Owner": "your_name",
              "Project": "3tier-iac",
              "Tier": "app"
            },
            "tags_all": {
              "Environment": "dev",
              "Name": "3tier-app-2",
              "Owner": "your_name",
              "Project": "3tier-iac",
              "Tier": "app"
            },
            "timeouts": null,
            "vpc_id": "vpc-0cbb1477f21e048bc"
          },
          "sensitive_attributes": [],
          "identity_schema_version": 0,
          "identity": {
            "account_id": "697863031884",
            "id": "subnet-0b33b4b460a86833c",
            "region": "eu-west-1"
          },
          "private": "eyJlMmJmYjczMC1lY2FhLTExZTYtOGY4OC0zNDM2M2JjN2M0YzAiOnsiY3JlYXRlIjo2MDAwMDAwMDAwMDAsImRlbGV0ZSI6MTIwMDAwMDAwMDAwMH0sInNjaGVtYV92ZXJzaW9uIjoiMSJ9",
          "dependencies": [
            "module.networking.aws_vpc.main"
          ],
          "create_before_destroy": true
        }
      ]
    },
    {
      "module": "module.networking",
      "mode": "managed",
      "type": "aws_subnet",
      "name": "private_db",
      "provider": "provider[\"registry.terraform.io/hashicorp/aws\"]",
      "instances": [
        {
          "index_key": 0,
          "schema_version": 1,
          "attributes": {
            "arn": "arn:aws:ec2:eu-west-1:697863031884:subnet/subnet-03d475ea283648d34",
            "assign_ipv6_address_on_creation": false,
            "availability_zone": "eu-west-1a",
            "availability_zone_id": "euw1-az3",
            "cidr_block": "10.0.21.0/24",
            "customer_owned_ipv4_pool": "",
            "enable_dns64": false,
            "enable_lni_at_device_index": 0,
            "enable_resource_name_dns_a_record_on_launch": false,
            "enable_resource_name_dns_aaaa_record_on_launch": false,
            "id": "subnet-03d475ea283648d34",
            "ipv6_cidr_block": "",
            "ipv6_cidr_block_association_id": "",
            "ipv6_native": false,
            "map_customer_owned_ip_on_launch": false,
            "map_public_ip_on_launch": false,
            "outpost_arn": "",
            "owner_id": "697863031884",
            "private_dns_hostname_type_on_launch": "ip-name",
            "region": "eu-west-1",
            "tags": {
              "Environment": "dev",
              "Name": "3tier-db-1",
              "Owner": "your_name",
              "Project": "3tier-iac",
              "Tier": "db"
            },
            "tags_all": {
              "Environment": "dev",
              "Name": "3tier-db-1",
              "Owner": "your_name",
              "Project": "3tier-iac",
              "Tier": "db"
            },
            "timeouts": null,
            "vpc_id": "vpc-0cbb1477f21e048bc"
          },
          "sensitive_attributes": [],
          "identity_schema_version": 0,
          "identity": {
            "account_id": "697863031884",
            "id": "subnet-03d475ea283648d34",
            "region": "eu-west-1"
          },
          "private": "eyJlMmJmYjczMC1lY2FhLTExZTYtOGY4OC0zNDM2M2JjN2M0YzAiOnsiY3JlYXRlIjo2MDAwMDAwMDAwMDAsImRlbGV0ZSI6MTIwMDAwMDAwMDAwMH0sInNjaGVtYV92ZXJzaW9uIjoiMSJ9",
          "dependencies": [
            "module.networking.aws_vpc.main"
          ],
          "create_before_destroy": true
        },
        {
          "index_key": 1,
          "schema_version": 1,
          "attributes": {
            "arn": "arn:aws:ec2:eu-west-1:697863031884:subnet/subnet-0f87fe80ce36b7c0d",
            "assign_ipv6_address_on_creation": false,
            "availability_zone": "eu-west-1b",
            "availability_zone_id": "euw1-az1",
            "cidr_block": "10.0.22.0/24",
            "customer_owned_ipv4_pool": "",
            "enable_dns64": false,
            "enable_lni_at_device_index": 0,
            "enable_resource_name_dns_a_record_on_launch": false,
            "enable_resource_name_dns_aaaa_record_on_launch": false,
            "id": "subnet-0f87fe80ce36b7c0d",
            "ipv6_cidr_block": "",
            "ipv6_cidr_block_association_id": "",
            "ipv6_native": false,
            "map_customer_owned_ip_on_launch": false,
            "map_public_ip_on_launch": false,
            "outpost_arn": "",
            "owner_id": "697863031884",
            "private_dns_hostname_type_on_launch": "ip-name",
            "region": "eu-west-1",
            "tags": {
              "Environment": "dev",
              "Name": "3tier-db-2",
              "Owner": "your_name",
              "Project": "3tier-iac",
              "Tier": "db"
            },
            "tags_all": {
              "Environment": "dev",
              "Name": "3tier-db-2",
              "Owner": "your_name",
              "Project": "3tier-iac",
              "Tier": "db"
            },
            "timeouts": null,
            "vpc_id": "vpc-0cbb1477f21e048bc"
          },
          "sensitive_attributes": [],
          "identity_schema_version": 0,
          "identity": {
            "account_id": "697863031884",
            "id": "subnet-0f87fe80ce36b7c0d",
            "region": "eu-west-1"
          },
          "private": "eyJlMmJmYjczMC1lY2FhLTExZTYtOGY4OC0zNDM2M2JjN2M0YzAiOnsiY3JlYXRlIjo2MDAwMDAwMDAwMDAsImRlbGV0ZSI6MTIwMDAwMDAwMDAwMH0sInNjaGVtYV92ZXJzaW9uIjoiMSJ9",
          "dependencies": [
            "module.networking.aws_vpc.main"
          ],
          "create_before_destroy": true
        }
      ]
    },
    {
      "module": "module.networking",
      "mode": "managed",
      "type": "aws_subnet",
      "name": "public",
      "provider": "provider[\"registry.terraform.io/hashicorp/aws\"]",
      "instances": [
        {
          "index_key": 0,
          "schema_version": 1,
          "attributes": {
            "arn": "arn:aws:ec2:eu-west-1:697863031884:subnet/subnet-0576ee190e92a9535",
            "assign_ipv6_address_on_creation": false,
            "availability_zone": "eu-west-1a",
            "availability_zone_id": "euw1-az3",
            "cidr_block": "10.0.1.0/24",
            "customer_owned_ipv4_pool": "",
            "enable_dns64": false,
            "enable_lni_at_device_index": 0,
            "enable_resource_name_dns_a_record_on_launch": false,
            "enable_resource_name_dns_aaaa_record_on_launch": false,
            "id": "subnet-0576ee190e92a9535",
            "ipv6_cidr_block": "",
            "ipv6_cidr_block_association_id": "",
            "ipv6_native": false,
            "map_customer_owned_ip_on_launch": false,
            "map_public_ip_on_launch": true,
            "outpost_arn": "",
            "owner_id": "697863031884",
            "private_dns_hostname_type_on_launch": "ip-name",
            "region": "eu-west-1",
            "tags": {
              "Environment": "dev",
              "Name": "3tier-public-1",
              "Owner": "your_name",
              "Project": "3tier-iac",
              "Tier": "public"
            },
            "tags_all": {
              "Environment": "dev",
              "Name": "3tier-public-1",
              "Owner": "your_name",
              "Project": "3tier-iac",
              "Tier": "public"
            },
            "timeouts": null,
            "vpc_id": "vpc-0cbb1477f21e048bc"
          },
          "sensitive_attributes": [],
          "identity_schema_version": 0,
          "identity": {
            "account_id": "697863031884",
            "id": "subnet-0576ee190e92a9535",
            "region": "eu-west-1"
          },
          "private": "eyJlMmJmYjczMC1lY2FhLTExZTYtOGY4OC0zNDM2M2JjN2M0YzAiOnsiY3JlYXRlIjo2MDAwMDAwMDAwMDAsImRlbGV0ZSI6MTIwMDAwMDAwMDAwMH0sInNjaGVtYV92ZXJzaW9uIjoiMSJ9",
          "dependencies": [
            "module.networking.aws_vpc.main"
          ],
          "create_before_destroy": true
        },
        {
          "index_key": 1,
          "schema_version": 1,
          "attributes": {
            "arn": "arn:aws:ec2:eu-west-1:697863031884:subnet/subnet-04f991466b7ab3aad",
            "assign_ipv6_address_on_creation": false,
            "availability_zone": "eu-west-1b",
            "availability_zone_id": "euw1-az1",
            "cidr_block": "10.0.2.0/24",
            "customer_owned_ipv4_pool": "",
            "enable_dns64": false,
            "enable_lni_at_device_index": 0,
            "enable_resource_name_dns_a_record_on_launch": false,
            "enable_resource_name_dns_aaaa_record_on_launch": false,
            "id": "subnet-04f991466b7ab3aad",
            "ipv6_cidr_block": "",
            "ipv6_cidr_block_association_id": "",
            "ipv6_native": false,
            "map_customer_owned_ip_on_launch": false,
            "map_public_ip_on_launch": true,
            "outpost_arn": "",
            "owner_id": "697863031884",
            "private_dns_hostname_type_on_launch": "ip-name",
            "region": "eu-west-1",
            "tags": {
              "Environment": "dev",
              "Name": "3tier-public-2",
              "Owner": "your_name",
              "Project": "3tier-iac",
              "Tier": "public"
            },
            "tags_all": {
              "Environment": "dev",
              "Name": "3tier-public-2",
              "Owner": "your_name",
              "Project": "3tier-iac",
              "Tier": "public"
            },
            "timeouts": null,
            "vpc_id": "vpc-0cbb1477f21e048bc"
          },
          "sensitive_attributes": [],
          "identity_schema_version": 0,
          "identity": {
            "account_id": "697863031884",
            "id": "subnet-04f991466b7ab3aad",
            "region": "eu-west-1"
          },
          "private": "eyJlMmJmYjczMC1lY2FhLTExZTYtOGY4OC0zNDM2M2JjN2M0YzAiOnsiY3JlYXRlIjo2MDAwMDAwMDAwMDAsImRlbGV0ZSI6MTIwMDAwMDAwMDAwMH0sInNjaGVtYV92ZXJzaW9uIjoiMSJ9",
          "dependencies": [
            "module.networking.aws_vpc.main"
          ],
          "create_before_destroy": true
        }
      ]
    },
    {
      "module": "module.networking",
      "mode": "managed",
      "type": "aws_vpc",
      "name": "main",
      "provider": "provider[\"registry.terraform.io/hashicorp/aws\"]",
      "instances": [
        {
          "schema_version": 1,
          "attributes": {
            "arn": "arn:aws:ec2:eu-west-1:697863031884:vpc/vpc-0cbb1477f21e048bc",
            "assign_generated_ipv6_cidr_block": false,
            "cidr_block": "10.0.0.0/16",
            "default_network_acl_id": "acl-057b0a86701330ecb",
            "default_route_table_id": "rtb-0d6cc0b3e096f6a54",
            "default_security_group_id": "sg-0c1fa4c322504eb9c",
            "dhcp_options_id": "dopt-0bd9485c093def268",
            "enable_dns_hostnames": true,
            "enable_dns_support": true,
            "enable_network_address_usage_metrics": false,
            "id": "vpc-0cbb1477f21e048bc",
            "instance_tenancy": "default",
            "ipv4_ipam_pool_id": null,
            "ipv4_netmask_length": null,
            "ipv6_association_id": "",
            "ipv6_cidr_block": "",
            "ipv6_cidr_block_network_border_group": "",
            "ipv6_ipam_pool_id": "",
            "ipv6_netmask_length": 0,
            "main_route_table_id": "rtb-0d6cc0b3e096f6a54",
            "owner_id": "697863031884",
            "region": "eu-west-1",
            "tags": {
              "Environment": "dev",
              "Name": "3tier-vpc",
              "Owner": "your_name",
              "Project": "3tier-iac"
            },
            "tags_all": {
              "Environment": "dev",
              "Name": "3tier-vpc",
              "Owner": "your_name",
              "Project": "3tier-iac"
            }
          },
          "sensitive_attributes": [],
          "identity_schema_version": 0,
          "identity": {
            "account_id": "697863031884",
            "id": "vpc-0cbb1477f21e048bc",
            "region": "eu-west-1"
          },
          "private": "eyJzY2hlbWFfdmVyc2lvbiI6IjEifQ==",
          "create_before_destroy": true
        }
      ]
    },
    {
      "module": "module.secrets",
      "mode": "managed",
      "type": "aws_secretsmanager_secret",
      "name": "db_credentials",
      "provider": "provider[\"registry.terraform.io/hashicorp/aws\"]",
      "instances": [
        {
          "schema_version": 0,
          "attributes": {
            "arn": "arn:aws:secretsmanager:eu-west-1:697863031884:secret:3tier-iac-credentials-KjaCWZ",
            "description": "Database master credentials for RDS MySQL",
            "force_overwrite_replica_secret": false,
            "id": "arn:aws:secretsmanager:eu-west-1:697863031884:secret:3tier-iac-credentials-KjaCWZ",
            "kms_key_id": "d9c7df23-02e6-47e0-b651-36338525b762",
            "name": "3tier-iac-credentials",
            "name_prefix": "",
            "policy": "",
            "recovery_window_in_days": 7,
            "region": "eu-west-1",
            "replica": [],
            "tags": {
              "Environment": "dev",
              "Name": "3tier-iac-db-credentials",
              "Owner": "your_name",
              "Project": "3tier-iac"
            },
            "tags_all": {
              "Environment": "dev",
              "Name": "3tier-iac-db-credentials",
              "Owner": "your_name",
              "Project": "3tier-iac"
            }
          },
          "sensitive_attributes": [],
          "identity_schema_version": 0,
          "identity": {
            "arn": "arn:aws:secretsmanager:eu-west-1:697863031884:secret:3tier-iac-credentials-KjaCWZ"
          },
          "private": "bnVsbA==",
          "dependencies": [
            "module.kms.aws_kms_alias.ebs",
            "module.kms.aws_kms_alias.rds",
            "module.kms.aws_kms_alias.secrets",
            "module.kms.aws_kms_key.ebs",
            "module.kms.aws_kms_key.rds",
            "module.kms.aws_kms_key.secrets"
          ],
          "create_before_destroy": true
        }
      ]
    },
    {
      "module": "module.secrets",
      "mode": "managed",
      "type": "aws_secretsmanager_secret_version",
      "name": "db_credentials",
      "provider": "provider[\"registry.terraform.io/hashicorp/aws\"]",
      "instances": [
        {
          "schema_version": 0,
          "attributes": {
            "arn": "arn:aws:secretsmanager:eu-west-1:697863031884:secret:3tier-iac-credentials-KjaCWZ",
            "has_secret_string_wo": null,
            "id": "arn:aws:secretsmanager:eu-west-1:697863031884:secret:3tier-iac-credentials-KjaCWZ|terraform-20260122163022888900000002",
            "region": "eu-west-1",
            "secret_binary": "",
            "secret_id": "arn:aws:secretsmanager:eu-west-1:697863031884:secret:3tier-iac-credentials-KjaCWZ",
            "secret_string": "{\"dbname\":\"mydb\",\"engine\":\"mysql\",\"host\":\"\",\"password\":\"i)RTc{0KyRxCY9nLL6wLqz=e\",\"port\":3306,\"username\":\"admin\"}",
            "secret_string_wo": null,
            "secret_string_wo_version": null,
            "version_id": "terraform-20260122163022888900000002",
            "version_stages": [
              "AWSCURRENT"
            ]
          },
          "sensitive_attributes": [
            [
              {
                "type": "get_attr",
                "value": "secret_binary"
              }
            ],
            [
              {
                "type": "get_attr",
                "value": "secret_string"
              }
            ],
            [
              {
                "type": "get_attr",
                "value": "secret_string_wo"
              }
            ]
          ],
          "identity_schema_version": 0,
          "identity": {
            "account_id": "697863031884",
            "region": "eu-west-1",
            "secret_id": "arn:aws:secretsmanager:eu-west-1:697863031884:secret:3tier-iac-credentials-KjaCWZ",
            "version_id": "terraform-20260122163022888900000002"
          },
          "private": "bnVsbA==",
          "dependencies": [
            "module.kms.aws_kms_alias.ebs",
            "module.kms.aws_kms_alias.rds",
            "module.kms.aws_kms_alias.secrets",
            "module.kms.aws_kms_key.ebs",
            "module.kms.aws_kms_key.rds",
            "module.kms.aws_kms_key.secrets",
            "module.secrets.aws_secretsmanager_secret.db_credentials",
            "module.secrets.random_password.db_password"
          ],
          "create_before_destroy": true
        }
      ]
    },
    {
      "module": "module.secrets",
      "mode": "managed",
      "type": "random_password",
      "name": "db_password",
      "provider": "provider[\"registry.terraform.io/hashicorp/random\"]",
      "instances": [
        {
          "schema_version": 3,
          "attributes": {
            "bcrypt_hash": "$2a$10$ufgj/BHWoANUATIH/lI10.EONerpQ60/oktayx32wLvvxWykhpj5.",
            "id": "none",
            "keepers": null,
            "length": 24,
            "lower": true,
            "min_lower": 0,
            "min_numeric": 0,
            "min_special": 0,
            "min_upper": 0,
            "number": true,
            "numeric": true,
            "override_special": "!#$%\u0026*()-_=+[]{}\u003c\u003e:?",
            "result": "i)RTc{0KyRxCY9nLL6wLqz=e",
            "special": true,
            "upper": true
          },
          "sensitive_attributes": [
            [
              {
                "type": "get_attr",
                "value": "bcrypt_hash"
              }
            ],
            [
              {
                "type": "get_attr",
                "value": "result"
              }
            ]
          ],
          "identity_schema_version": 0,
          "dependencies": [
            "module.kms.aws_kms_alias.ebs",
            "module.kms.aws_kms_alias.rds",
            "module.kms.aws_kms_alias.secrets",
            "module.kms.aws_kms_key.ebs",
            "module.kms.aws_kms_key.rds",
            "module.kms.aws_kms_key.secrets"
          ],
          "create_before_destroy": true
        }
      ]
    },
    {
      "module": "module.security",
      "mode": "managed",
      "type": "aws_security_group",
      "name": "app",
      "provider": "provider[\"registry.terraform.io/hashicorp/aws\"]",
      "instances": [
        {
          "schema_version": 1,
          "attributes": {
            "arn": "arn:aws:ec2:eu-west-1:697863031884:security-group/sg-03b7cdde9b61ad8bc",
            "description": "App SG: Allow HTTP from ALB/Web SG, ICMP from Web SG, all egress",
            "egress": [
              {
                "cidr_blocks": [
                  "0.0.0.0/0"
                ],
                "description": "",
                "from_port": 0,
                "ipv6_cidr_blocks": [],
                "prefix_list_ids": [],
                "protocol": "-1",
                "security_groups": [],
                "self": false,
                "to_port": 0
              }
            ],
            "id": "sg-03b7cdde9b61ad8bc",
            "ingress": [
              {
                "cidr_blocks": [],
                "description": "",
                "from_port": -1,
                "ipv6_cidr_blocks": [],
                "prefix_list_ids": [],
                "protocol": "icmp",
                "security_groups": [
                  "sg-0eab639fe9394b19a"
                ],
                "self": false,
                "to_port": -1
              },
              {
                "cidr_blocks": [],
                "description": "",
                "from_port": 80,
                "ipv6_cidr_blocks": [],
                "prefix_list_ids": [],
                "protocol": "tcp",
                "security_groups": [
                  "sg-0eab639fe9394b19a"
                ],
                "self": false,
                "to_port": 80
              }
            ],
            "name": "app-sg",
            "name_prefix": "",
            "owner_id": "697863031884",
            "region": "eu-west-1",
            "revoke_rules_on_delete": false,
            "tags": {
              "Environment": "dev",
              "Name": "app-sg",
              "Owner": "your_name",
              "Project": "3tier-iac",
              "Tier": "app"
            },
            "tags_all": {
              "Environment": "dev",
              "Name": "app-sg",
              "Owner": "your_name",
              "Project": "3tier-iac",
              "Tier": "app"
            },
            "timeouts": null,
            "vpc_id": "vpc-0cbb1477f21e048bc"
          },
          "sensitive_attributes": [],
          "identity_schema_version": 0,
          "identity": {
            "account_id": "697863031884",
            "id": "sg-03b7cdde9b61ad8bc",
            "region": "eu-west-1"
          },
          "private": "eyJlMmJmYjczMC1lY2FhLTExZTYtOGY4OC0zNDM2M2JjN2M0YzAiOnsiY3JlYXRlIjo2MDAwMDAwMDAwMDAsImRlbGV0ZSI6OTAwMDAwMDAwMDAwfSwic2NoZW1hX3ZlcnNpb24iOiIxIn0=",
          "dependencies": [
            "module.networking.aws_eip.nat",
            "module.networking.aws_internet_gateway.igw",
            "module.networking.aws_nat_gateway.nat",
            "module.networking.aws_route_table.app",
            "module.networking.aws_route_table.db",
            "module.networking.aws_route_table.public",
            "module.networking.aws_route_table_association.app",
            "module.networking.aws_route_table_association.db",
            "module.networking.aws_route_table_association.public",
            "module.networking.aws_subnet.private_app",
            "module.networking.aws_subnet.private_db",
            "module.networking.aws_subnet.public",
            "module.networking.aws_vpc.main"
          ],
          "create_before_destroy": true
        }
      ]
    },
    {
      "module": "module.security",
      "mode": "managed",
      "type": "aws_security_group",
      "name": "db",
      "provider": "provider[\"registry.terraform.io/hashicorp/aws\"]",
      "instances": [
        {
          "schema_version": 1,
          "attributes": {
            "arn": "arn:aws:ec2:eu-west-1:697863031884:security-group/sg-02661b133fb91ff9c",
            "description": "DB SG: Allow DB port from App SG, ICMP from App SG, all egress",
            "egress": [
              {
                "cidr_blocks": [
                  "0.0.0.0/0"
                ],
                "description": "",
                "from_port": 0,
                "ipv6_cidr_blocks": [],
                "prefix_list_ids": [],
                "protocol": "-1",
                "security_groups": [],
                "self": false,
                "to_port": 0
              }
            ],
            "id": "sg-02661b133fb91ff9c",
            "ingress": [
              {
                "cidr_blocks": [],
                "description": "",
                "from_port": -1,
                "ipv6_cidr_blocks": [],
                "prefix_list_ids": [],
                "protocol": "icmp",
                "security_groups": [
                  "sg-03b7cdde9b61ad8bc"
                ],
                "self": false,
                "to_port": -1
              },
              {
                "cidr_blocks": [],
                "description": "",
                "from_port": 3306,
                "ipv6_cidr_blocks": [],
                "prefix_list_ids": [],
                "protocol": "tcp",
                "security_groups": [
                  "sg-03b7cdde9b61ad8bc"
                ],
                "self": false,
                "to_port": 3306
              }
            ],
            "name": "db-sg",
            "name_prefix": "",
            "owner_id": "697863031884",
            "region": "eu-west-1",
            "revoke_rules_on_delete": false,
            "tags": {
              "Environment": "dev",
              "Name": "db-sg",
              "Owner": "your_name",
              "Project": "3tier-iac",
              "Tier": "db"
            },
            "tags_all": {
              "Environment": "dev",
              "Name": "db-sg",
              "Owner": "your_name",
              "Project": "3tier-iac",
              "Tier": "db"
            },
            "timeouts": null,
            "vpc_id": "vpc-0cbb1477f21e048bc"
          },
          "sensitive_attributes": [],
          "identity_schema_version": 0,
          "identity": {
            "account_id": "697863031884",
            "id": "sg-02661b133fb91ff9c",
            "region": "eu-west-1"
          },
          "private": "eyJlMmJmYjczMC1lY2FhLTExZTYtOGY4OC0zNDM2M2JjN2M0YzAiOnsiY3JlYXRlIjo2MDAwMDAwMDAwMDAsImRlbGV0ZSI6OTAwMDAwMDAwMDAwfSwic2NoZW1hX3ZlcnNpb24iOiIxIn0=",
          "dependencies": [
            "module.networking.aws_eip.nat",
            "module.networking.aws_internet_gateway.igw",
            "module.networking.aws_nat_gateway.nat",
            "module.networking.aws_route_table.app",
            "module.networking.aws_route_table.db",
            "module.networking.aws_route_table.public",
            "module.networking.aws_route_table_association.app",
            "module.networking.aws_route_table_association.db",
            "module.networking.aws_route_table_association.public",
            "module.networking.aws_subnet.private_app",
            "module.networking.aws_subnet.private_db",
            "module.networking.aws_subnet.public",
            "module.networking.aws_vpc.main"
          ],
          "create_before_destroy": true
        }
      ]
    },
    {
      "module": "module.security",
      "mode": "managed",
      "type": "aws_security_group",
      "name": "web",
      "provider": "provider[\"registry.terraform.io/hashicorp/aws\"]",
      "instances": [
        {
          "schema_version": 1,
          "attributes": {
            "arn": "arn:aws:ec2:eu-west-1:697863031884:security-group/sg-0eab639fe9394b19a",
            "description": "Web/ALB SG: Allow HTTP, ICMP, and health checks",
            "egress": [
              {
                "cidr_blocks": [
                  "0.0.0.0/0"
                ],
                "description": "",
                "from_port": 0,
                "ipv6_cidr_blocks": [],
                "prefix_list_ids": [],
                "protocol": "-1",
                "security_groups": [],
                "self": false,
                "to_port": 0
              }
            ],
            "id": "sg-0eab639fe9394b19a",
            "ingress": [
              {
                "cidr_blocks": [
                  "0.0.0.0/0"
                ],
                "description": "",
                "from_port": -1,
                "ipv6_cidr_blocks": [],
                "prefix_list_ids": [],
                "protocol": "icmp",
                "security_groups": [],
                "self": false,
                "to_port": -1
              },
              {
                "cidr_blocks": [
                  "0.0.0.0/0"
                ],
                "description": "",
                "from_port": 443,
                "ipv6_cidr_blocks": [],
                "prefix_list_ids": [],
                "protocol": "tcp",
                "security_groups": [],
                "self": false,
                "to_port": 443
              },
              {
                "cidr_blocks": [
                  "0.0.0.0/0"
                ],
                "description": "",
                "from_port": 80,
                "ipv6_cidr_blocks": [],
                "prefix_list_ids": [],
                "protocol": "tcp",
                "security_groups": [],
                "self": false,
                "to_port": 80
              }
            ],
            "name": "web-sg",
            "name_prefix": "",
            "owner_id": "697863031884",
            "region": "eu-west-1",
            "revoke_rules_on_delete": false,
            "tags": {
              "Environment": "dev",
              "Name": "web-sg",
              "Owner": "your_name",
              "Project": "3tier-iac",
              "Tier": "web"
            },
            "tags_all": {
              "Environment": "dev",
              "Name": "web-sg",
              "Owner": "your_name",
              "Project": "3tier-iac",
              "Tier": "web"
            },
            "timeouts": null,
            "vpc_id": "vpc-0cbb1477f21e048bc"
          },
          "sensitive_attributes": [],
          "identity_schema_version": 0,
          "identity": {
            "account_id": "697863031884",
            "id": "sg-0eab639fe9394b19a",
            "region": "eu-west-1"
          },
          "private": "eyJlMmJmYjczMC1lY2FhLTExZTYtOGY4OC0zNDM2M2JjN2M0YzAiOnsiY3JlYXRlIjo2MDAwMDAwMDAwMDAsImRlbGV0ZSI6OTAwMDAwMDAwMDAwfSwic2NoZW1hX3ZlcnNpb24iOiIxIn0=",
          "dependencies": [
            "module.networking.aws_eip.nat",
            "module.networking.aws_internet_gateway.igw",
            "module.networking.aws_nat_gateway.nat",
            "module.networking.aws_route_table.app",
            "module.networking.aws_route_table.db",
            "module.networking.aws_route_table.public",
            "module.networking.aws_route_table_association.app",
            "module.networking.aws_route_table_association.db",
            "module.networking.aws_route_table_association.public",
            "module.networking.aws_subnet.private_app",
            "module.networking.aws_subnet.private_db",
            "module.networking.aws_subnet.public",
            "module.networking.aws_vpc.main"
          ],
          "create_before_destroy": true
        }
      ]
    },
    {
      "module": "module.security",
      "mode": "managed",
      "type": "aws_vpc_security_group_egress_rule",
      "name": "app_all",
      "provider": "provider[\"registry.terraform.io/hashicorp/aws\"]",
      "instances": [
        {
          "schema_version": 0,
          "attributes": {
            "arn": "arn:aws:ec2:eu-west-1:697863031884:security-group-rule/sgr-03e3f5e4209a22598",
            "cidr_ipv4": "0.0.0.0/0",
            "cidr_ipv6": null,
            "description": null,
            "from_port": null,
            "id": "sgr-03e3f5e4209a22598",
            "ip_protocol": "-1",
            "prefix_list_id": null,
            "referenced_security_group_id": null,
            "region": "eu-west-1",
            "security_group_id": "sg-03b7cdde9b61ad8bc",
            "security_group_rule_id": "sgr-03e3f5e4209a22598",
            "tags": null,
            "tags_all": {},
            "to_port": null
          },
          "sensitive_attributes": [],
          "identity_schema_version": 0,
          "identity": {
            "account_id": "697863031884",
            "id": "sgr-03e3f5e4209a22598",
            "region": "eu-west-1"
          },
          "dependencies": [
            "module.networking.aws_eip.nat",
            "module.networking.aws_internet_gateway.igw",
            "module.networking.aws_nat_gateway.nat",
            "module.networking.aws_route_table.app",
            "module.networking.aws_route_table.db",
            "module.networking.aws_route_table.public",
            "module.networking.aws_route_table_association.app",
            "module.networking.aws_route_table_association.db",
            "module.networking.aws_route_table_association.public",
            "module.networking.aws_subnet.private_app",
            "module.networking.aws_subnet.private_db",
            "module.networking.aws_subnet.public",
            "module.networking.aws_vpc.main",
            "module.security.aws_security_group.app"
          ],
          "create_before_destroy": true
        }
      ]
    },
    {
      "module": "module.security",
      "mode": "managed",
      "type": "aws_vpc_security_group_egress_rule",
      "name": "db_all",
      "provider": "provider[\"registry.terraform.io/hashicorp/aws\"]",
      "instances": [
        {
          "schema_version": 0,
          "attributes": {
            "arn": "arn:aws:ec2:eu-west-1:697863031884:security-group-rule/sgr-017c578c14d20991c",
            "cidr_ipv4": "0.0.0.0/0",
            "cidr_ipv6": null,
            "description": null,
            "from_port": null,
            "id": "sgr-017c578c14d20991c",
            "ip_protocol": "-1",
            "prefix_list_id": null,
            "referenced_security_group_id": null,
            "region": "eu-west-1",
            "security_group_id": "sg-02661b133fb91ff9c",
            "security_group_rule_id": "sgr-017c578c14d20991c",
            "tags": null,
            "tags_all": {},
            "to_port": null
          },
          "sensitive_attributes": [],
          "identity_schema_version": 0,
          "identity": {
            "account_id": "697863031884",
            "id": "sgr-017c578c14d20991c",
            "region": "eu-west-1"
          },
          "dependencies": [
            "module.networking.aws_eip.nat",
            "module.networking.aws_internet_gateway.igw",
            "module.networking.aws_nat_gateway.nat",
            "module.networking.aws_route_table.app",
            "module.networking.aws_route_table.db",
            "module.networking.aws_route_table.public",
            "module.networking.aws_route_table_association.app",
            "module.networking.aws_route_table_association.db",
            "module.networking.aws_route_table_association.public",
            "module.networking.aws_subnet.private_app",
            "module.networking.aws_subnet.private_db",
            "module.networking.aws_subnet.public",
            "module.networking.aws_vpc.main",
            "module.security.aws_security_group.db"
          ],
          "create_before_destroy": true
        }
      ]
    },
    {
      "module": "module.security",
      "mode": "managed",
      "type": "aws_vpc_security_group_egress_rule",
      "name": "web_all",
      "provider": "provider[\"registry.terraform.io/hashicorp/aws\"]",
      "instances": [
        {
          "schema_version": 0,
          "attributes": {
            "arn": "arn:aws:ec2:eu-west-1:697863031884:security-group-rule/sgr-0a5b923a2cfec6a0d",
            "cidr_ipv4": "0.0.0.0/0",
            "cidr_ipv6": null,
            "description": null,
            "from_port": null,
            "id": "sgr-0a5b923a2cfec6a0d",
            "ip_protocol": "-1",
            "prefix_list_id": null,
            "referenced_security_group_id": null,
            "region": "eu-west-1",
            "security_group_id": "sg-0eab639fe9394b19a",
            "security_group_rule_id": "sgr-0a5b923a2cfec6a0d",
            "tags": null,
            "tags_all": {},
            "to_port": null
          },
          "sensitive_attributes": [],
          "identity_schema_version": 0,
          "identity": {
            "account_id": "697863031884",
            "id": "sgr-0a5b923a2cfec6a0d",
            "region": "eu-west-1"
          },
          "dependencies": [
            "module.networking.aws_eip.nat",
            "module.networking.aws_internet_gateway.igw",
            "module.networking.aws_nat_gateway.nat",
            "module.networking.aws_route_table.app",
            "module.networking.aws_route_table.db",
            "module.networking.aws_route_table.public",
            "module.networking.aws_route_table_association.app",
            "module.networking.aws_route_table_association.db",
            "module.networking.aws_route_table_association.public",
            "module.networking.aws_subnet.private_app",
            "module.networking.aws_subnet.private_db",
            "module.networking.aws_subnet.public",
            "module.networking.aws_vpc.main",
            "module.security.aws_security_group.web"
          ],
          "create_before_destroy": true
        }
      ]
    },
    {
      "module": "module.security",
      "mode": "managed",
      "type": "aws_vpc_security_group_ingress_rule",
      "name": "app_http",
      "provider": "provider[\"registry.terraform.io/hashicorp/aws\"]",
      "instances": [
        {
          "schema_version": 0,
          "attributes": {
            "arn": "arn:aws:ec2:eu-west-1:697863031884:security-group-rule/sgr-085ff6eb6d5fb3d4f",
            "cidr_ipv4": null,
            "cidr_ipv6": null,
            "description": null,
            "from_port": 80,
            "id": "sgr-085ff6eb6d5fb3d4f",
            "ip_protocol": "tcp",
            "prefix_list_id": null,
            "referenced_security_group_id": "sg-0eab639fe9394b19a",
            "region": "eu-west-1",
            "security_group_id": "sg-03b7cdde9b61ad8bc",
            "security_group_rule_id": "sgr-085ff6eb6d5fb3d4f",
            "tags": null,
            "tags_all": {},
            "to_port": 80
          },
          "sensitive_attributes": [],
          "identity_schema_version": 0,
          "identity": {
            "account_id": "697863031884",
            "id": "sgr-085ff6eb6d5fb3d4f",
            "region": "eu-west-1"
          },
          "dependencies": [
            "module.networking.aws_eip.nat",
            "module.networking.aws_internet_gateway.igw",
            "module.networking.aws_nat_gateway.nat",
            "module.networking.aws_route_table.app",
            "module.networking.aws_route_table.db",
            "module.networking.aws_route_table.public",
            "module.networking.aws_route_table_association.app",
            "module.networking.aws_route_table_association.db",
            "module.networking.aws_route_table_association.public",
            "module.networking.aws_subnet.private_app",
            "module.networking.aws_subnet.private_db",
            "module.networking.aws_subnet.public",
            "module.networking.aws_vpc.main",
            "module.security.aws_security_group.app",
            "module.security.aws_security_group.web"
          ],
          "create_before_destroy": true
        }
      ]
    },
    {
      "module": "module.security",
      "mode": "managed",
      "type": "aws_vpc_security_group_ingress_rule",
      "name": "app_icmp",
      "provider": "provider[\"registry.terraform.io/hashicorp/aws\"]",
      "instances": [
        {
          "schema_version": 0,
          "attributes": {
            "arn": "arn:aws:ec2:eu-west-1:697863031884:security-group-rule/sgr-057e801c19a0b0bcf",
            "cidr_ipv4": null,
            "cidr_ipv6": null,
            "description": null,
            "from_port": -1,
            "id": "sgr-057e801c19a0b0bcf",
            "ip_protocol": "icmp",
            "prefix_list_id": null,
            "referenced_security_group_id": "sg-0eab639fe9394b19a",
            "region": "eu-west-1",
            "security_group_id": "sg-03b7cdde9b61ad8bc",
            "security_group_rule_id": "sgr-057e801c19a0b0bcf",
            "tags": null,
            "tags_all": {},
            "to_port": -1
          },
          "sensitive_attributes": [],
          "identity_schema_version": 0,
          "identity": {
            "account_id": "697863031884",
            "id": "sgr-057e801c19a0b0bcf",
            "region": "eu-west-1"
          },
          "dependencies": [
            "module.networking.aws_eip.nat",
            "module.networking.aws_internet_gateway.igw",
            "module.networking.aws_nat_gateway.nat",
            "module.networking.aws_route_table.app",
            "module.networking.aws_route_table.db",
            "module.networking.aws_route_table.public",
            "module.networking.aws_route_table_association.app",
            "module.networking.aws_route_table_association.db",
            "module.networking.aws_route_table_association.public",
            "module.networking.aws_subnet.private_app",
            "module.networking.aws_subnet.private_db",
            "module.networking.aws_subnet.public",
            "module.networking.aws_vpc.main",
            "module.security.aws_security_group.app",
            "module.security.aws_security_group.web"
          ],
          "create_before_destroy": true
        }
      ]
    },
    {
      "module": "module.security",
      "mode": "managed",
      "type": "aws_vpc_security_group_ingress_rule",
      "name": "db_icmp",
      "provider": "provider[\"registry.terraform.io/hashicorp/aws\"]",
      "instances": [
        {
          "schema_version": 0,
          "attributes": {
            "arn": "arn:aws:ec2:eu-west-1:697863031884:security-group-rule/sgr-00c3039a77aef634d",
            "cidr_ipv4": null,
            "cidr_ipv6": null,
            "description": null,
            "from_port": -1,
            "id": "sgr-00c3039a77aef634d",
            "ip_protocol": "icmp",
            "prefix_list_id": null,
            "referenced_security_group_id": "sg-03b7cdde9b61ad8bc",
            "region": "eu-west-1",
            "security_group_id": "sg-02661b133fb91ff9c",
            "security_group_rule_id": "sgr-00c3039a77aef634d",
            "tags": null,
            "tags_all": {},
            "to_port": -1
          },
          "sensitive_attributes": [],
          "identity_schema_version": 0,
          "identity": {
            "account_id": "697863031884",
            "id": "sgr-00c3039a77aef634d",
            "region": "eu-west-1"
          },
          "dependencies": [
            "module.networking.aws_eip.nat",
            "module.networking.aws_internet_gateway.igw",
            "module.networking.aws_nat_gateway.nat",
            "module.networking.aws_route_table.app",
            "module.networking.aws_route_table.db",
            "module.networking.aws_route_table.public",
            "module.networking.aws_route_table_association.app",
            "module.networking.aws_route_table_association.db",
            "module.networking.aws_route_table_association.public",
            "module.networking.aws_subnet.private_app",
            "module.networking.aws_subnet.private_db",
            "module.networking.aws_subnet.public",
            "module.networking.aws_vpc.main",
            "module.security.aws_security_group.app",
            "module.security.aws_security_group.db"
          ],
          "create_before_destroy": true
        }
      ]
    },
    {
      "module": "module.security",
      "mode": "managed",
      "type": "aws_vpc_security_group_ingress_rule",
      "name": "db_mysql",
      "provider": "provider[\"registry.terraform.io/hashicorp/aws\"]",
      "instances": [
        {
          "schema_version": 0,
          "attributes": {
            "arn": "arn:aws:ec2:eu-west-1:697863031884:security-group-rule/sgr-084f5f5272ae9222a",
            "cidr_ipv4": null,
            "cidr_ipv6": null,
            "description": null,
            "from_port": 3306,
            "id": "sgr-084f5f5272ae9222a",
            "ip_protocol": "tcp",
            "prefix_list_id": null,
            "referenced_security_group_id": "sg-03b7cdde9b61ad8bc",
            "region": "eu-west-1",
            "security_group_id": "sg-02661b133fb91ff9c",
            "security_group_rule_id": "sgr-084f5f5272ae9222a",
            "tags": null,
            "tags_all": {},
            "to_port": 3306
          },
          "sensitive_attributes": [],
          "identity_schema_version": 0,
          "identity": {
            "account_id": "697863031884",
            "id": "sgr-084f5f5272ae9222a",
            "region": "eu-west-1"
          },
          "dependencies": [
            "module.networking.aws_eip.nat",
            "module.networking.aws_internet_gateway.igw",
            "module.networking.aws_nat_gateway.nat",
            "module.networking.aws_route_table.app",
            "module.networking.aws_route_table.db",
            "module.networking.aws_route_table.public",
            "module.networking.aws_route_table_association.app",
            "module.networking.aws_route_table_association.db",
            "module.networking.aws_route_table_association.public",
            "module.networking.aws_subnet.private_app",
            "module.networking.aws_subnet.private_db",
            "module.networking.aws_subnet.public",
            "module.networking.aws_vpc.main",
            "module.security.aws_security_group.app",
            "module.security.aws_security_group.db"
          ],
          "create_before_destroy": true
        }
      ]
    },
    {
      "module": "module.security",
      "mode": "managed",
      "type": "aws_vpc_security_group_ingress_rule",
      "name": "web_http",
      "provider": "provider[\"registry.terraform.io/hashicorp/aws\"]",
      "instances": [
        {
          "schema_version": 0,
          "attributes": {
            "arn": "arn:aws:ec2:eu-west-1:697863031884:security-group-rule/sgr-04cd3ee495e30e5ef",
            "cidr_ipv4": "0.0.0.0/0",
            "cidr_ipv6": null,
            "description": null,
            "from_port": 80,
            "id": "sgr-04cd3ee495e30e5ef",
            "ip_protocol": "tcp",
            "prefix_list_id": null,
            "referenced_security_group_id": null,
            "region": "eu-west-1",
            "security_group_id": "sg-0eab639fe9394b19a",
            "security_group_rule_id": "sgr-04cd3ee495e30e5ef",
            "tags": null,
            "tags_all": {},
            "to_port": 80
          },
          "sensitive_attributes": [],
          "identity_schema_version": 0,
          "identity": {
            "account_id": "697863031884",
            "id": "sgr-04cd3ee495e30e5ef",
            "region": "eu-west-1"
          },
          "dependencies": [
            "module.networking.aws_eip.nat",
            "module.networking.aws_internet_gateway.igw",
            "module.networking.aws_nat_gateway.nat",
            "module.networking.aws_route_table.app",
            "module.networking.aws_route_table.db",
            "module.networking.aws_route_table.public",
            "module.networking.aws_route_table_association.app",
            "module.networking.aws_route_table_association.db",
            "module.networking.aws_route_table_association.public",
            "module.networking.aws_subnet.private_app",
            "module.networking.aws_subnet.private_db",
            "module.networking.aws_subnet.public",
            "module.networking.aws_vpc.main",
            "module.security.aws_security_group.web"
          ],
          "create_before_destroy": true
        }
      ]
    },
    {
      "module": "module.security",
      "mode": "managed",
      "type": "aws_vpc_security_group_ingress_rule",
      "name": "web_https",
      "provider": "provider[\"registry.terraform.io/hashicorp/aws\"]",
      "instances": [
        {
          "schema_version": 0,
          "attributes": {
            "arn": "arn:aws:ec2:eu-west-1:697863031884:security-group-rule/sgr-00e913179ef744a3c",
            "cidr_ipv4": "0.0.0.0/0",
            "cidr_ipv6": null,
            "description": null,
            "from_port": 443,
            "id": "sgr-00e913179ef744a3c",
            "ip_protocol": "tcp",
            "prefix_list_id": null,
            "referenced_security_group_id": null,
            "region": "eu-west-1",
            "security_group_id": "sg-0eab639fe9394b19a",
            "security_group_rule_id": "sgr-00e913179ef744a3c",
            "tags": null,
            "tags_all": {},
            "to_port": 443
          },
          "sensitive_attributes": [],
          "identity_schema_version": 0,
          "identity": {
            "account_id": "697863031884",
            "id": "sgr-00e913179ef744a3c",
            "region": "eu-west-1"
          },
          "dependencies": [
            "module.networking.aws_eip.nat",
            "module.networking.aws_internet_gateway.igw",
            "module.networking.aws_nat_gateway.nat",
            "module.networking.aws_route_table.app",
            "module.networking.aws_route_table.db",
            "module.networking.aws_route_table.public",
            "module.networking.aws_route_table_association.app",
            "module.networking.aws_route_table_association.db",
            "module.networking.aws_route_table_association.public",
            "module.networking.aws_subnet.private_app",
            "module.networking.aws_subnet.private_db",
            "module.networking.aws_subnet.public",
            "module.networking.aws_vpc.main",
            "module.security.aws_security_group.web"
          ],
          "create_before_destroy": true
        }
      ]
    },
    {
      "module": "module.security",
      "mode": "managed",
      "type": "aws_vpc_security_group_ingress_rule",
      "name": "web_icmp",
      "provider": "provider[\"registry.terraform.io/hashicorp/aws\"]",
      "instances": [
        {
          "schema_version": 0,
          "attributes": {
            "arn": "arn:aws:ec2:eu-west-1:697863031884:security-group-rule/sgr-0c2d1ca15ac6f3da5",
            "cidr_ipv4": "0.0.0.0/0",
            "cidr_ipv6": null,
            "description": null,
            "from_port": -1,
            "id": "sgr-0c2d1ca15ac6f3da5",
            "ip_protocol": "icmp",
            "prefix_list_id": null,
            "referenced_security_group_id": null,
            "region": "eu-west-1",
            "security_group_id": "sg-0eab639fe9394b19a",
            "security_group_rule_id": "sgr-0c2d1ca15ac6f3da5",
            "tags": null,
            "tags_all": {},
            "to_port": -1
          },
          "sensitive_attributes": [],
          "identity_schema_version": 0,
          "identity": {
            "account_id": "697863031884",
            "id": "sgr-0c2d1ca15ac6f3da5",
            "region": "eu-west-1"
          },
          "dependencies": [
            "module.networking.aws_eip.nat",
            "module.networking.aws_internet_gateway.igw",
            "module.networking.aws_nat_gateway.nat",
            "module.networking.aws_route_table.app",
            "module.networking.aws_route_table.db",
            "module.networking.aws_route_table.public",
            "module.networking.aws_route_table_association.app",
            "module.networking.aws_route_table_association.db",
            "module.networking.aws_route_table_association.public",
            "module.networking.aws_subnet.private_app",
            "module.networking.aws_subnet.private_db",
            "module.networking.aws_subnet.public",
            "module.networking.aws_vpc.main",
            "module.security.aws_security_group.web"
          ],
          "create_before_destroy": true
        }
      ]
    }
  ],
  "check_results": [
    {
      "object_kind": "var",
      "config_addr": "var.aws_region",
      "status": "pass",
      "objects": [
        {
          "object_addr": "var.aws_region",
          "status": "pass"
        }
      ]
    }
  ]
}
